<?xml version="1.0" encoding="utf-8"?>
<Project ToolsVersion="4.0" xmlns="http://schemas.microsoft.com/developer/msbuild/2003">
  <ItemGroup>
    <Filter Include="Source Files">
      <UniqueIdentifier>{6a6404cf-2f41-46e2-b03b-4f23f473c1b6}</UniqueIdentifier>
    </Filter>
    <Filter Include="Header Files">
      <UniqueIdentifier>{c8f73060-cf82-4119-9b3b-e0570bf76122}</UniqueIdentifier>
    </Filter>
    <Filter Include="Source Files\OpenJPEG">
      <UniqueIdentifier>{4639f7e6-cec7-4971-a148-5ecf3b7505b0}</UniqueIdentifier>
    </Filter>
    <Filter Include="Header Files\OpenJPEG">
      <UniqueIdentifier>{948e659c-2b28-487f-897b-dde6d6a6b820}</UniqueIdentifier>
    </Filter>
    <Filter Include="Header Files\CharLS">
      <UniqueIdentifier>{f46ec9c6-df02-4989-99af-e533de5310a5}</UniqueIdentifier>
    </Filter>
    <Filter Include="Source Files\CharLS">
      <UniqueIdentifier>{17b4dfe5-94fd-4686-98ed-d753ab25b4b5}</UniqueIdentifier>
    </Filter>
  </ItemGroup>
  <ItemGroup>
    <ClCompile Include="..\Dicom.Imaging.Codec.Jpeg2000.cpp">
      <Filter>Source Files</Filter>
    </ClCompile>
    <ClCompile Include="..\OpenJPEG\bio.c">
      <Filter>Source Files\OpenJPEG</Filter>
    </ClCompile>
    <ClCompile Include="..\OpenJPEG\cio.c">
      <Filter>Source Files\OpenJPEG</Filter>
    </ClCompile>
    <ClCompile Include="..\OpenJPEG\dwt.c">
      <Filter>Source Files\OpenJPEG</Filter>
    </ClCompile>
    <ClCompile Include="..\OpenJPEG\event.c">
      <Filter>Source Files\OpenJPEG</Filter>
    </ClCompile>
    <ClCompile Include="..\OpenJPEG\image.c">
      <Filter>Source Files\OpenJPEG</Filter>
    </ClCompile>
    <ClCompile Include="..\OpenJPEG\j2k.c">
      <Filter>Source Files\OpenJPEG</Filter>
    </ClCompile>
    <ClCompile Include="..\OpenJPEG\j2k_lib.c">
      <Filter>Source Files\OpenJPEG</Filter>
    </ClCompile>
    <ClCompile Include="..\OpenJPEG\jp2.c">
      <Filter>Source Files\OpenJPEG</Filter>
    </ClCompile>
    <ClCompile Include="..\OpenJPEG\jpt.c">
      <Filter>Source Files\OpenJPEG</Filter>
    </ClCompile>
    <ClCompile Include="..\OpenJPEG\mct.c">
      <Filter>Source Files\OpenJPEG</Filter>
    </ClCompile>
    <ClCompile Include="..\OpenJPEG\mqc.c">
      <Filter>Source Files\OpenJPEG</Filter>
    </ClCompile>
    <ClCompile Include="..\OpenJPEG\openjpeg.c">
      <Filter>Source Files\OpenJPEG</Filter>
    </ClCompile>
    <ClCompile Include="..\OpenJPEG\pi.c">
      <Filter>Source Files\OpenJPEG</Filter>
    </ClCompile>
    <ClCompile Include="..\OpenJPEG\raw.c">
      <Filter>Source Files\OpenJPEG</Filter>
    </ClCompile>
    <ClCompile Include="..\OpenJPEG\t1.c">
      <Filter>Source Files\OpenJPEG</Filter>
    </ClCompile>
    <ClCompile Include="..\OpenJPEG\t2.c">
      <Filter>Source Files\OpenJPEG</Filter>
    </ClCompile>
    <ClCompile Include="..\OpenJPEG\tcd.c">
      <Filter>Source Files\OpenJPEG</Filter>
    </ClCompile>
    <ClCompile Include="..\OpenJPEG\tgt.c">
      <Filter>Source Files\OpenJPEG</Filter>
    </ClCompile>
    <ClCompile Include="..\CharLS\header.cpp">
      <Filter>Source Files\CharLS</Filter>
    </ClCompile>
    <ClCompile Include="..\CharLS\interface.cpp">
      <Filter>Source Files\CharLS</Filter>
    </ClCompile>
    <ClCompile Include="..\CharLS\jpegls.cpp">
      <Filter>Source Files\CharLS</Filter>
    </ClCompile>
    <ClCompile Include="..\CharLS\stdafx.cpp">
      <Filter>Source Files\CharLS</Filter>
    </ClCompile>
    <ClCompile Include="..\Dicom.Imaging.Codec.Jpeg.cpp">
      <Filter>Source Files</Filter>
    </ClCompile>
    <ClCompile Include="..\Dicom.Imaging.Codec.JpegLS.cpp">
      <Filter>Source Files</Filter>
    </ClCompile>
    <ClCompile Include="..\DicomNativeExt.cpp">
      <Filter>Source Files</Filter>
    </ClCompile>
    <ClCompile Include="..\Dicom.Imaging.Codec.Jpeg_8.cpp">
      <Filter>Source Files</Filter>
    </ClCompile>
    <ClCompile Include="..\Dicom.Imaging.Codec.Jpeg_12.cpp">
      <Filter>Source Files</Filter>
    </ClCompile>
    <ClCompile Include="..\Dicom.Imaging.Codec.Jpeg_16.cpp">
      <Filter>Source Files</Filter>
    </ClCompile>
    <ClCompile Include="..\Dicom.Imaging.Codec.Rle.cpp">
      <Filter>Source Files</Filter>
    </ClCompile>
    <ClCompile Include="..\OpenJPEG\cidx_manager.c">
      <Filter>Source Files\OpenJPEG</Filter>
    </ClCompile>
    <ClCompile Include="..\OpenJPEG\phix_manager.c">
      <Filter>Source Files\OpenJPEG</Filter>
    </ClCompile>
    <ClCompile Include="..\OpenJPEG\ppix_manager.c">
      <Filter>Source Files\OpenJPEG</Filter>
    </ClCompile>
    <ClCompile Include="..\OpenJPEG\thix_manager.c">
      <Filter>Source Files\OpenJPEG</Filter>
    </ClCompile>
    <ClCompile Include="..\OpenJPEG\tpix_manager.c">
      <Filter>Source Files\OpenJPEG</Filter>
    </ClCompile>
    <ClCompile Include="..\AssemblyInfo.cpp">
      <Filter>Source Files</Filter>
    </ClCompile>
  </ItemGroup>
  <ItemGroup>
    <ClInclude Include="..\Dicom.Imaging.Codec.Jpeg2000.h">
      <Filter>Header Files</Filter>
    </ClInclude>
    <ClInclude Include="..\OpenJPEG\bio.h">
      <Filter>Header Files\OpenJPEG</Filter>
    </ClInclude>
    <ClInclude Include="..\OpenJPEG\cio.h">
      <Filter>Header Files\OpenJPEG</Filter>
    </ClInclude>
    <ClInclude Include="..\OpenJPEG\dwt.h">
      <Filter>Header Files\OpenJPEG</Filter>
    </ClInclude>
    <ClInclude Include="..\OpenJPEG\event.h">
      <Filter>Header Files\OpenJPEG</Filter>
    </ClInclude>
    <ClInclude Include="..\OpenJPEG\fix.h">
      <Filter>Header Files\OpenJPEG</Filter>
    </ClInclude>
    <ClInclude Include="..\OpenJPEG\image.h">
      <Filter>Header Files\OpenJPEG</Filter>
    </ClInclude>
    <ClInclude Include="..\OpenJPEG\int.h">
      <Filter>Header Files\OpenJPEG</Filter>
    </ClInclude>
    <ClInclude Include="..\OpenJPEG\j2k.h">
      <Filter>Header Files\OpenJPEG</Filter>
    </ClInclude>
    <ClInclude Include="..\OpenJPEG\j2k_lib.h">
      <Filter>Header Files\OpenJPEG</Filter>
    </ClInclude>
    <ClInclude Include="..\OpenJPEG\jp2.h">
      <Filter>Header Files\OpenJPEG</Filter>
    </ClInclude>
    <ClInclude Include="..\OpenJPEG\jpt.h">
      <Filter>Header Files\OpenJPEG</Filter>
    </ClInclude>
    <ClInclude Include="..\OpenJPEG\mct.h">
      <Filter>Header Files\OpenJPEG</Filter>
    </ClInclude>
    <ClInclude Include="..\OpenJPEG\mqc.h">
      <Filter>Header Files\OpenJPEG</Filter>
    </ClInclude>
    <ClInclude Include="..\OpenJPEG\openjpeg.h">
      <Filter>Header Files\OpenJPEG</Filter>
    </ClInclude>
    <ClInclude Include="..\OpenJPEG\opj_includes.h">
      <Filter>Header Files\OpenJPEG</Filter>
    </ClInclude>
    <ClInclude Include="..\OpenJPEG\opj_malloc.h">
      <Filter>Header Files\OpenJPEG</Filter>
    </ClInclude>
    <ClInclude Include="..\OpenJPEG\pi.h">
      <Filter>Header Files\OpenJPEG</Filter>
    </ClInclude>
    <ClInclude Include="..\OpenJPEG\raw.h">
      <Filter>Header Files\OpenJPEG</Filter>
    </ClInclude>
    <ClInclude Include="..\OpenJPEG\t1.h">
      <Filter>Header Files\OpenJPEG</Filter>
    </ClInclude>
    <ClInclude Include="..\OpenJPEG\t1_luts.h">
      <Filter>Header Files\OpenJPEG</Filter>
    </ClInclude>
    <ClInclude Include="..\OpenJPEG\t2.h">
      <Filter>Header Files\OpenJPEG</Filter>
    </ClInclude>
    <ClInclude Include="..\OpenJPEG\tcd.h">
      <Filter>Header Files\OpenJPEG</Filter>
    </ClInclude>
    <ClInclude Include="..\OpenJPEG\tgt.h">
      <Filter>Header Files\OpenJPEG</Filter>
    </ClInclude>
    <ClInclude Include="..\CharLS\colortransform.h">
      <Filter>Header Files\CharLS</Filter>
    </ClInclude>
    <ClInclude Include="..\CharLS\config.h">
      <Filter>Header Files\CharLS</Filter>
    </ClInclude>
    <ClInclude Include="..\CharLS\context.h">
      <Filter>Header Files\CharLS</Filter>
    </ClInclude>
    <ClInclude Include="..\CharLS\contextrunmode.h">
      <Filter>Header Files\CharLS</Filter>
    </ClInclude>
    <ClInclude Include="..\CharLS\decoderstrategy.h">
      <Filter>Header Files\CharLS</Filter>
    </ClInclude>
    <ClInclude Include="..\CharLS\defaulttraits.h">
      <Filter>Header Files\CharLS</Filter>
    </ClInclude>
    <ClInclude Include="..\CharLS\encoderstrategy.h">
      <Filter>Header Files\CharLS</Filter>
    </ClInclude>
    <ClInclude Include="..\CharLS\header.h">
      <Filter>Header Files\CharLS</Filter>
    </ClInclude>
    <ClInclude Include="..\CharLS\interface.h">
      <Filter>Header Files\CharLS</Filter>
    </ClInclude>
    <ClInclude Include="..\CharLS\lookuptable.h">
      <Filter>Header Files\CharLS</Filter>
    </ClInclude>
    <ClInclude Include="..\CharLS\losslesstraits.h">
      <Filter>Header Files\CharLS</Filter>
    </ClInclude>
    <ClInclude Include="..\CharLS\processline.h">
      <Filter>Header Files\CharLS</Filter>
    </ClInclude>
    <ClInclude Include="..\CharLS\scan.h">
      <Filter>Header Files\CharLS</Filter>
    </ClInclude>
    <ClInclude Include="..\CharLS\util.h">
      <Filter>Header Files\CharLS</Filter>
    </ClInclude>
    <ClInclude Include="..\Dicom.Imaging.Codec.Jpeg.h">
      <Filter>Header Files</Filter>
    </ClInclude>
    <ClInclude Include="..\Dicom.Imaging.Codec.JpegLS.h">
      <Filter>Header Files</Filter>
    </ClInclude>
    <ClInclude Include="..\Dicom.Imaging.Codec.Rle.h">
      <Filter>Header Files</Filter>
    </ClInclude>
    <ClInclude Include="..\OpenJPEG\opj_config.h">
      <Filter>Header Files\OpenJPEG</Filter>
    </ClInclude>
    <ClInclude Include="..\OpenJPEG\cidx_manager.h">
      <Filter>Header Files\OpenJPEG</Filter>
    </ClInclude>
    <ClInclude Include="..\OpenJPEG\indexbox_manager.h">
      <Filter>Header Files</Filter>
    </ClInclude>
  </ItemGroup>
  <ItemGroup>
    <None Include="..\Dicom.Imaging.Codec.Jpeg.i">
      <Filter>Header Files</Filter>
    </None>
  </ItemGroup>
</Project>