
Microsoft Visual Studio Solution File, Format Version 12.00
# Visual Studio 2012
Project("{2150E333-8FDC-42A3-9474-1A3956D46DE8}") = "Tools", "Tools", "{74725961-1E98-4B51-B097-B025A288643A}"
EndProject
Project("{FAE04EC0-301F-11D3-BF4B-00C04F79EFBC}") = "DICOM Dump.Mono", "Tools\DICOM Dump\DICOM Dump.Mono.csproj", "{8C433ABF-AFE5-4A76-BEBC-74116EC3460E}"
EndProject
Project("{2150E333-8FDC-42A3-9474-1A3956D46DE8}") = "Examples", "Examples", "{95147E99-8756-4028-B97B-BF768D1B2F1A}"
EndProject
Project("{FAE04EC0-301F-11D3-BF4B-00C04F79EFBC}") = "C-Store SCP.Mono", "Examples\C-Store SCP\C-Store SCP.Mono.csproj", "{D9AF008C-EE25-49B3-96F6-E81B8A59D017}"
EndProject
Project("{FAE04EC0-301F-11D3-BF4B-00C04F79EFBC}") = "DICOM.Core", "DICOM\DICOM.Core.csproj", "{A661D347-CF7D-4F36-8101-0544AE85EEEC}"
EndProject
Global
	GlobalSection(SolutionConfigurationPlatforms) = preSolution
		Debug|Any CPU = Debug|Any CPU
		Release|Any CPU = Release|Any CPU
	EndGlobalSection
	GlobalSection(ProjectConfigurationPlatforms) = postSolution
		{8C433ABF-AFE5-4A76-BEBC-74116EC3460E}.Debug|Any CPU.ActiveCfg = Debug|Any CPU
		{8C433ABF-AFE5-4A76-BEBC-74116EC3460E}.Debug|Any CPU.Build.0 = Debug|Any CPU
		{8C433ABF-AFE5-4A76-BEBC-74116EC3460E}.Release|Any CPU.ActiveCfg = Release|Any CPU
		{8C433ABF-AFE5-4A76-BEBC-74116EC3460E}.Release|Any CPU.Build.0 = Release|Any CPU
		{A661D347-CF7D-4F36-8101-0544AE85EEEC}.Debug|Any CPU.ActiveCfg = Debug|Any CPU
		{A661D347-CF7D-4F36-8101-0544AE85EEEC}.Debug|Any CPU.Build.0 = Debug|Any CPU
		{A661D347-CF7D-4F36-8101-0544AE85EEEC}.Release|Any CPU.ActiveCfg = Release|Any CPU
		{A661D347-CF7D-4F36-8101-0544AE85EEEC}.Release|Any CPU.Build.0 = Release|Any CPU
		{D9AF008C-EE25-49B3-96F6-E81B8A59D017}.Debug|Any CPU.ActiveCfg = Debug|Any CPU
		{D9AF008C-EE25-49B3-96F6-E81B8A59D017}.Debug|Any CPU.Build.0 = Debug|Any CPU
		{D9AF008C-EE25-49B3-96F6-E81B8A59D017}.Release|Any CPU.ActiveCfg = Release|Any CPU
		{D9AF008C-EE25-49B3-96F6-E81B8A59D017}.Release|Any CPU.Build.0 = Release|Any CPU
	EndGlobalSection
	GlobalSection(NestedProjects) = preSolution
		{8C433ABF-AFE5-4A76-BEBC-74116EC3460E} = {74725961-1E98-4B51-B097-B025A288643A}
		{D9AF008C-EE25-49B3-96F6-E81B8A59D017} = {95147E99-8756-4028-B97B-BF768D1B2F1A}
	EndGlobalSection
EndGlobal
