
Microsoft Visual Studio Solution File, Format Version 12.00
# Visual Studio 15
VisualStudioVersion = 15.0.28307.757
MinimumVisualStudioVersion = 10.0.40219.1
Project("{2150E333-8FDC-42A3-9474-1A3956D46DE8}") = "Tools", "Tools", "{74725961-1E98-4B51-B097-B025A288643A}"
EndProject
Project("{FAE04EC0-301F-11D3-BF4B-00C04F79EFBC}") = "DICOM Dump.Mono", "Tools\DICOM Dump\DICOM Dump.Mono.csproj", "{8C433ABF-AFE5-4A76-BEBC-74116EC3460E}"
EndProject
Project("{FAE04EC0-301F-11D3-BF4B-00C04F79EFBC}") = "DICOM.Mono", "Platform\Mono\DICOM.Mono.csproj", "{0E451E9D-3F37-46C1-98D3-3090743061CF}"
EndProject
Project("{D954291E-2A0B-460D-934E-DC6B0785DB48}") = "DICOM.Shared", "DICOM\DICOM.Shared.shproj", "{F9539369-1AD0-43B0-A35C-B82F6755C247}"
EndProject
Global
	GlobalSection(SharedMSBuildProjectFiles) = preSolution
		DICOM\DICOM.Shared.projitems*{0e451e9d-3f37-46c1-98d3-3090743061cf}*SharedItemsImports = 4
		DICOM\DICOM.Shared.projitems*{f9539369-1ad0-43b0-a35c-b82f6755c247}*SharedItemsImports = 13
	EndGlobalSection
	GlobalSection(SolutionConfigurationPlatforms) = preSolution
		Debug|Any CPU = Debug|Any CPU
		Release|Any CPU = Release|Any CPU
	EndGlobalSection
	GlobalSection(ProjectConfigurationPlatforms) = postSolution
		{8C433ABF-AFE5-4A76-BEBC-74116EC3460E}.Debug|Any CPU.ActiveCfg = Debug|Any CPU
		{8C433ABF-AFE5-4A76-BEBC-74116EC3460E}.Debug|Any CPU.Build.0 = Debug|Any CPU
		{8C433ABF-AFE5-4A76-BEBC-74116EC3460E}.Release|Any CPU.ActiveCfg = Release|Any CPU
		{8C433ABF-AFE5-4A76-BEBC-74116EC3460E}.Release|Any CPU.Build.0 = Release|Any CPU
		{0E451E9D-3F37-46C1-98D3-3090743061CF}.Debug|Any CPU.ActiveCfg = Debug|Any CPU
		{0E451E9D-3F37-46C1-98D3-3090743061CF}.Debug|Any CPU.Build.0 = Debug|Any CPU
		{0E451E9D-3F37-46C1-98D3-3090743061CF}.Release|Any CPU.ActiveCfg = Release|Any CPU
		{0E451E9D-3F37-46C1-98D3-3090743061CF}.Release|Any CPU.Build.0 = Release|Any CPU
	EndGlobalSection
	GlobalSection(SolutionProperties) = preSolution
		HideSolutionNode = FALSE
	EndGlobalSection
	GlobalSection(NestedProjects) = preSolution
		{8C433ABF-AFE5-4A76-BEBC-74116EC3460E} = {74725961-1E98-4B51-B097-B025A288643A}
	EndGlobalSection
	GlobalSection(ExtensibilityGlobals) = postSolution
		SolutionGuid = {47167778-3BC9-445F-A739-B3C549831FD8}
	EndGlobalSection
EndGlobal
