
Microsoft Visual Studio Solution File, Format Version 12.00
# Visual Studio 15
VisualStudioVersion = 15.0.26228.4
MinimumVisualStudioVersion = 10.0.40219.1
Project("{2150E333-8FDC-42A3-9474-1A3956D46DE8}") = "Native", "Native", "{A1D10E37-DC32-4A8E-ABFF-5E5FB3A9687C}"
EndProject
Project("{2150E333-8FDC-42A3-9474-1A3956D46DE8}") = "Documentation", "Documentation", "{733FD5EE-8360-4AA1-8821-80D3D87DEBDA}"
EndProject
Project("{2150E333-8FDC-42A3-9474-1A3956D46DE8}") = "Solution Items", "Solution Items", "{1E86A172-B9C5-4BBF-BD0F-22507432C8A5}"
	ProjectSection(SolutionItems) = preProject
		ChangeLog.md = ChangeLog.md
		Contributors.md = Contributors.md
		License.txt = License.txt
		README.md = README.md
		SharedAssemblyInfo.cs = SharedAssemblyInfo.cs
	EndProjectSection
EndProject
Project("{2150E333-8FDC-42A3-9474-1A3956D46DE8}") = "Tools", "Tools", "{C5DA6B80-6F59-4893-9ED1-D78E82BBC98B}"
EndProject
Project("{FAE04EC0-301F-11D3-BF4B-00C04F79EFBC}") = "DICOM Dump", "Tools\DICOM Dump\DICOM Dump.csproj", "{8C433ABF-AFE5-4A76-BEBC-74116EC3460E}"
EndProject
Project("{2150E333-8FDC-42A3-9474-1A3956D46DE8}") = ".nuget", ".nuget", "{7FF8F81D-C181-485E-9093-81CAF3C2A2A4}"
	ProjectSection(SolutionItems) = preProject
		.nuget\NuGet.Config = .nuget\NuGet.Config
		.nuget\NuGet.exe = .nuget\NuGet.exe
		.nuget\NuGet.targets = .nuget\NuGet.targets
	EndProjectSection
EndProject
Project("{2150E333-8FDC-42A3-9474-1A3956D46DE8}") = "Logging", "Logging", "{479C8BA1-3659-4EBD-AB6B-651FC1CF43FA}"
EndProject
Project("{2150E333-8FDC-42A3-9474-1A3956D46DE8}") = "Unit Tests", "Unit Tests", "{01F74C31-F62B-46F0-9F64-0AA83D14FA21}"
EndProject
Project("{2150E333-8FDC-42A3-9474-1A3956D46DE8}") = "Platform", "Platform", "{97271825-84EF-4DD0-922F-9B84E629C388}"
EndProject
Project("{2150E333-8FDC-42A3-9474-1A3956D46DE8}") = "Desktop", "Desktop", "{CBB213AA-1E21-4188-A252-42503B13EBD9}"
EndProject
Project("{2150E333-8FDC-42A3-9474-1A3956D46DE8}") = "Universal", "Universal", "{0E32FA8B-EE70-47A0-9782-C419C72FC8EB}"
EndProject
Project("{2150E333-8FDC-42A3-9474-1A3956D46DE8}") = "Serialization", "Serialization", "{A3F3827E-70AB-4683-BE7E-6B90931FE835}"
EndProject
Project("{D954291E-2A0B-460D-934E-DC6B0785DB48}") = "DICOM.Shared", "DICOM\DICOM.Shared.shproj", "{F9539369-1AD0-43B0-A35C-B82F6755C247}"
EndProject
Project("{FAE04EC0-301F-11D3-BF4B-00C04F79EFBC}") = "DICOM.Tests.Universal", "Tests\Universal\DICOM.Tests.Universal.csproj", "{8C004E70-F0EE-4D7D-A0EA-A5BEED61567A}"
EndProject
Project("{FAE04EC0-301F-11D3-BF4B-00C04F79EFBC}") = "DICOM.Json", "Serialization\Json\DICOM.Json.csproj", "{849A140B-EF3E-4367-90BC-9F9383DC1481}"
EndProject
Project("{2150E333-8FDC-42A3-9474-1A3956D46DE8}") = "Drawing", "Drawing", "{620C62DE-243D-4FDC-B856-FE9C486C7712}"
EndProject
Project("{FAE04EC0-301F-11D3-BF4B-00C04F79EFBC}") = "DICOM.Tests.Desktop", "Tests\Desktop\DICOM.Tests.Desktop.csproj", "{6D0CE6E2-BC02-4E83-8697-18B47CBEF842}"
EndProject
Project("{7CF6DF6D-3B04-46F8-A40B-537D21BCA0B4}") = "DICOM.Docs", "Documentation\DICOM.Docs.shfbproj", "{26921D94-A5E4-4301-83F1-AC79494EE96D}"
EndProject
Project("{FAE04EC0-301F-11D3-BF4B-00C04F79EFBC}") = "DICOM.Log4Net.Desktop", "Logging\Log4Net.Desktop\DICOM.Log4Net.Desktop.csproj", "{B815FCAE-63D5-4F14-9C36-ED8E19D4640B}"
EndProject
Project("{FAE04EC0-301F-11D3-BF4B-00C04F79EFBC}") = "DICOM.MetroLog", "Logging\MetroLog\DICOM.MetroLog.csproj", "{7806FDF8-7246-4D98-B47A-D18C2B40CE23}"
EndProject
Project("{FAE04EC0-301F-11D3-BF4B-00C04F79EFBC}") = "DICOM.NLog.Desktop", "Logging\NLog.Desktop\DICOM.NLog.Desktop.csproj", "{89075100-3F00-44FB-A1CC-F77C10A59667}"
EndProject
Project("{FAE04EC0-301F-11D3-BF4B-00C04F79EFBC}") = "DICOM.Serilog.Desktop", "Logging\Serilog.Desktop\DICOM.Serilog.Desktop.csproj", "{E3C3DF86-3B14-4E9E-8572-F3B6E147CF77}"
EndProject
Project("{FAE04EC0-301F-11D3-BF4B-00C04F79EFBC}") = "DICOM.Universal", "Platform\Universal\DICOM.Universal.csproj", "{F3120AC1-B538-4A30-B4A8-835376737EF5}"
EndProject
Project("{8BC9CEB8-8B4A-11D0-8D11-00A0C91BC942}") = "libijg8.Universal", "Native\Universal\libijg8.Universal.vcxproj", "{449AEB93-1265-4EAE-A3CD-F7ABD3749D3B}"
EndProject
Project("{8BC9CEB8-8B4A-11D0-8D11-00A0C91BC942}") = "libijg12.Universal", "Native\Universal\libijg12.Universal.vcxproj", "{DE60759C-0E41-4723-A608-F57661677166}"
EndProject
Project("{8BC9CEB8-8B4A-11D0-8D11-00A0C91BC942}") = "libijg16.Universal", "Native\Universal\libijg16.Universal.vcxproj", "{3025F55B-3AED-43B0-889C-F7C5FE5B8ABA}"
EndProject
Project("{8BC9CEB8-8B4A-11D0-8D11-00A0C91BC942}") = "DICOM.Native.Universal", "Native\Universal\DICOM.Native.Universal.vcxproj", "{0A648368-9B9A-49BF-8C11-EBA79F241B94}"
EndProject
Project("{9A19103F-16F7-4668-BE54-9A1E7A4F7556}") = "DICOM.NetCore", "Platform\NetCore\DICOM.NetCore.csproj", "{BBDC8264-1E12-4EE0-9C23-4ED6243BD06D}"
EndProject
Project("{9A19103F-16F7-4668-BE54-9A1E7A4F7556}") = "DICOM.Tests.NetCore", "Tests\NetCore\DICOM.Tests.NetCore.csproj", "{5F3B2995-B244-4046-B724-D232D5265292}"
EndProject
Project("{9A19103F-16F7-4668-BE54-9A1E7A4F7556}") = "DICOM.Drawing.NetCore", "Drawing\NetCore\DICOM.Drawing.NetCore.csproj", "{A228D38A-5BE0-471F-8FB2-2ED1E711F29C}"
EndProject
Project("{8BC9CEB8-8B4A-11D0-8D11-00A0C91BC942}") = "libijg8.x64", "Native\Desktop\libijg8.x64.vcxproj", "{808528F3-15DC-4CC6-A15A-0F91CBDB54E6}"
EndProject
Project("{8BC9CEB8-8B4A-11D0-8D11-00A0C91BC942}") = "libijg8.x86", "Native\Desktop\libijg8.x86.vcxproj", "{8DC28743-3826-453A-B400-B0AE7B2C04E7}"
EndProject
Project("{8BC9CEB8-8B4A-11D0-8D11-00A0C91BC942}") = "libijg12.x64", "Native\Desktop\libijg12.x64.vcxproj", "{1B3557D4-1146-428A-AEC9-12CADF994527}"
EndProject
Project("{8BC9CEB8-8B4A-11D0-8D11-00A0C91BC942}") = "libijg12.x86", "Native\Desktop\libijg12.x86.vcxproj", "{0331D451-7C7A-4DB7-A11D-61708F2E8D05}"
EndProject
Project("{8BC9CEB8-8B4A-11D0-8D11-00A0C91BC942}") = "libijg16.x64", "Native\Desktop\libijg16.x64.vcxproj", "{DD846D57-B93B-46C8-BFFF-AE4C11E408B3}"
EndProject
Project("{8BC9CEB8-8B4A-11D0-8D11-00A0C91BC942}") = "libijg16.x86", "Native\Desktop\libijg16.x86.vcxproj", "{63088DEC-9F99-404C-B4E8-D823D2A0018F}"
EndProject
Project("{FAE04EC0-301F-11D3-BF4B-00C04F79EFBC}") = "DICOM.Desktop", "Platform\Desktop\DICOM.Desktop.csproj", "{59B38770-D2E7-40B9-8D27-A20691F1CAA9}"
EndProject
Project("{8BC9CEB8-8B4A-11D0-8D11-00A0C91BC942}") = "DICOM.Native", "Native\Desktop\DICOM.Native.vcxproj", "{C6148839-334D-4894-BDB9-E2D57438CF8A}"
EndProject
Project("{8BC9CEB8-8B4A-11D0-8D11-00A0C91BC942}") = "DICOM.Native64", "Native\Desktop\DICOM.Native64.vcxproj", "{FA9C7678-B9D9-46BC-8921-8152FD6787CA}"
EndProject
Project("{FAE04EC0-301F-11D3-BF4B-00C04F79EFBC}") = "DICOM.Android", "Platform\Android\DICOM.Android.csproj", "{A0EDD6F1-A4B7-41D1-B609-B050F0A7B40D}"
EndProject
Project("{FAE04EC0-301F-11D3-BF4B-00C04F79EFBC}") = "DICOM.iOS", "Platform\iOS\DICOM.iOS.csproj", "{322DD2FF-C0B7-4CBF-BE95-F0032FD94E02}"
EndProject
Project("{FAE04EC0-301F-11D3-BF4B-00C04F79EFBC}") = "DICOM.Portable", "Platform\Portable\DICOM.Portable.csproj", "{A661D347-CF7D-4F36-8101-0544AE85EEEC}"
EndProject
Global
	GlobalSection(SharedMSBuildProjectFiles) = preSolution
		DICOM\DICOM.Shared.projitems*{322dd2ff-c0b7-4cbf-be95-f0032fd94e02}*SharedItemsImports = 4
		DICOM\DICOM.Shared.projitems*{59b38770-d2e7-40b9-8d27-a20691f1caa9}*SharedItemsImports = 4
		DICOM\DICOM.Shared.projitems*{a0edd6f1-a4b7-41d1-b609-b050f0a7b40d}*SharedItemsImports = 4
		DICOM\DICOM.Shared.projitems*{a661d347-cf7d-4f36-8101-0544ae85eeec}*SharedItemsImports = 4
		DICOM\DICOM.Shared.projitems*{f3120ac1-b538-4a30-b4a8-835376737ef5}*SharedItemsImports = 4
		DICOM\DICOM.Shared.projitems*{f9539369-1ad0-43b0-a35c-b82f6755c247}*SharedItemsImports = 13
	EndGlobalSection
	GlobalSection(SolutionConfigurationPlatforms) = preSolution
		Debug|Any CPU = Debug|Any CPU
		Debug|ARM = Debug|ARM
		Debug|x64 = Debug|x64
		Debug|x86 = Debug|x86
		Release|Any CPU = Release|Any CPU
		Release|ARM = Release|ARM
		Release|x64 = Release|x64
		Release|x86 = Release|x86
	EndGlobalSection
	GlobalSection(ProjectConfigurationPlatforms) = postSolution
		{8C433ABF-AFE5-4A76-BEBC-74116EC3460E}.Debug|Any CPU.ActiveCfg = Debug|Any CPU
		{8C433ABF-AFE5-4A76-BEBC-74116EC3460E}.Debug|Any CPU.Build.0 = Debug|Any CPU
		{8C433ABF-AFE5-4A76-BEBC-74116EC3460E}.Debug|ARM.ActiveCfg = Debug|Any CPU
		{8C433ABF-AFE5-4A76-BEBC-74116EC3460E}.Debug|x64.ActiveCfg = Debug|Any CPU
		{8C433ABF-AFE5-4A76-BEBC-74116EC3460E}.Debug|x86.ActiveCfg = Debug|Any CPU
		{8C433ABF-AFE5-4A76-BEBC-74116EC3460E}.Release|Any CPU.ActiveCfg = Release|Any CPU
		{8C433ABF-AFE5-4A76-BEBC-74116EC3460E}.Release|Any CPU.Build.0 = Release|Any CPU
		{8C433ABF-AFE5-4A76-BEBC-74116EC3460E}.Release|ARM.ActiveCfg = Release|Any CPU
		{8C433ABF-AFE5-4A76-BEBC-74116EC3460E}.Release|x64.ActiveCfg = Release|Any CPU
		{8C433ABF-AFE5-4A76-BEBC-74116EC3460E}.Release|x86.ActiveCfg = Release|Any CPU
		{8C004E70-F0EE-4D7D-A0EA-A5BEED61567A}.Debug|Any CPU.ActiveCfg = Debug|x86
		{8C004E70-F0EE-4D7D-A0EA-A5BEED61567A}.Debug|Any CPU.Build.0 = Debug|x86
		{8C004E70-F0EE-4D7D-A0EA-A5BEED61567A}.Debug|ARM.ActiveCfg = Debug|ARM
		{8C004E70-F0EE-4D7D-A0EA-A5BEED61567A}.Debug|ARM.Build.0 = Debug|ARM
		{8C004E70-F0EE-4D7D-A0EA-A5BEED61567A}.Debug|ARM.Deploy.0 = Debug|ARM
		{8C004E70-F0EE-4D7D-A0EA-A5BEED61567A}.Debug|x64.ActiveCfg = Debug|x64
		{8C004E70-F0EE-4D7D-A0EA-A5BEED61567A}.Debug|x64.Build.0 = Debug|x64
		{8C004E70-F0EE-4D7D-A0EA-A5BEED61567A}.Debug|x64.Deploy.0 = Debug|x64
		{8C004E70-F0EE-4D7D-A0EA-A5BEED61567A}.Debug|x86.ActiveCfg = Debug|x86
		{8C004E70-F0EE-4D7D-A0EA-A5BEED61567A}.Debug|x86.Build.0 = Debug|x86
		{8C004E70-F0EE-4D7D-A0EA-A5BEED61567A}.Debug|x86.Deploy.0 = Debug|x86
		{8C004E70-F0EE-4D7D-A0EA-A5BEED61567A}.Release|Any CPU.ActiveCfg = Release|x86
		{8C004E70-F0EE-4D7D-A0EA-A5BEED61567A}.Release|ARM.ActiveCfg = Release|ARM
		{8C004E70-F0EE-4D7D-A0EA-A5BEED61567A}.Release|ARM.Build.0 = Release|ARM
		{8C004E70-F0EE-4D7D-A0EA-A5BEED61567A}.Release|ARM.Deploy.0 = Release|ARM
		{8C004E70-F0EE-4D7D-A0EA-A5BEED61567A}.Release|x64.ActiveCfg = Release|x64
		{8C004E70-F0EE-4D7D-A0EA-A5BEED61567A}.Release|x64.Build.0 = Release|x64
		{8C004E70-F0EE-4D7D-A0EA-A5BEED61567A}.Release|x64.Deploy.0 = Release|x64
		{8C004E70-F0EE-4D7D-A0EA-A5BEED61567A}.Release|x86.ActiveCfg = Release|x86
		{8C004E70-F0EE-4D7D-A0EA-A5BEED61567A}.Release|x86.Build.0 = Release|x86
		{8C004E70-F0EE-4D7D-A0EA-A5BEED61567A}.Release|x86.Deploy.0 = Release|x86
		{849A140B-EF3E-4367-90BC-9F9383DC1481}.Debug|Any CPU.ActiveCfg = Debug|Any CPU
		{849A140B-EF3E-4367-90BC-9F9383DC1481}.Debug|Any CPU.Build.0 = Debug|Any CPU
		{849A140B-EF3E-4367-90BC-9F9383DC1481}.Debug|ARM.ActiveCfg = Debug|Any CPU
		{849A140B-EF3E-4367-90BC-9F9383DC1481}.Debug|x64.ActiveCfg = Debug|Any CPU
		{849A140B-EF3E-4367-90BC-9F9383DC1481}.Debug|x86.ActiveCfg = Debug|Any CPU
		{849A140B-EF3E-4367-90BC-9F9383DC1481}.Release|Any CPU.ActiveCfg = Release|Any CPU
		{849A140B-EF3E-4367-90BC-9F9383DC1481}.Release|Any CPU.Build.0 = Release|Any CPU
		{849A140B-EF3E-4367-90BC-9F9383DC1481}.Release|ARM.ActiveCfg = Release|Any CPU
		{849A140B-EF3E-4367-90BC-9F9383DC1481}.Release|x64.ActiveCfg = Release|Any CPU
		{849A140B-EF3E-4367-90BC-9F9383DC1481}.Release|x86.ActiveCfg = Release|Any CPU
		{6D0CE6E2-BC02-4E83-8697-18B47CBEF842}.Debug|Any CPU.ActiveCfg = Debug|Any CPU
		{6D0CE6E2-BC02-4E83-8697-18B47CBEF842}.Debug|Any CPU.Build.0 = Debug|Any CPU
		{6D0CE6E2-BC02-4E83-8697-18B47CBEF842}.Debug|ARM.ActiveCfg = Debug|Any CPU
		{6D0CE6E2-BC02-4E83-8697-18B47CBEF842}.Debug|x64.ActiveCfg = Debug|Any CPU
		{6D0CE6E2-BC02-4E83-8697-18B47CBEF842}.Debug|x86.ActiveCfg = Debug|Any CPU
		{6D0CE6E2-BC02-4E83-8697-18B47CBEF842}.Release|Any CPU.ActiveCfg = Release|Any CPU
		{6D0CE6E2-BC02-4E83-8697-18B47CBEF842}.Release|Any CPU.Build.0 = Release|Any CPU
		{6D0CE6E2-BC02-4E83-8697-18B47CBEF842}.Release|ARM.ActiveCfg = Release|Any CPU
		{6D0CE6E2-BC02-4E83-8697-18B47CBEF842}.Release|x64.ActiveCfg = Release|Any CPU
		{6D0CE6E2-BC02-4E83-8697-18B47CBEF842}.Release|x86.ActiveCfg = Release|Any CPU
		{26921D94-A5E4-4301-83F1-AC79494EE96D}.Debug|Any CPU.ActiveCfg = Debug|Any CPU
		{26921D94-A5E4-4301-83F1-AC79494EE96D}.Debug|ARM.ActiveCfg = Debug|Any CPU
		{26921D94-A5E4-4301-83F1-AC79494EE96D}.Debug|x64.ActiveCfg = Debug|Any CPU
		{26921D94-A5E4-4301-83F1-AC79494EE96D}.Debug|x86.ActiveCfg = Debug|Any CPU
		{26921D94-A5E4-4301-83F1-AC79494EE96D}.Release|Any CPU.ActiveCfg = Release|Any CPU
		{26921D94-A5E4-4301-83F1-AC79494EE96D}.Release|ARM.ActiveCfg = Release|Any CPU
		{26921D94-A5E4-4301-83F1-AC79494EE96D}.Release|x64.ActiveCfg = Release|Any CPU
		{26921D94-A5E4-4301-83F1-AC79494EE96D}.Release|x86.ActiveCfg = Release|Any CPU
		{B815FCAE-63D5-4F14-9C36-ED8E19D4640B}.Debug|Any CPU.ActiveCfg = Debug|Any CPU
		{B815FCAE-63D5-4F14-9C36-ED8E19D4640B}.Debug|Any CPU.Build.0 = Debug|Any CPU
		{B815FCAE-63D5-4F14-9C36-ED8E19D4640B}.Debug|ARM.ActiveCfg = Debug|Any CPU
		{B815FCAE-63D5-4F14-9C36-ED8E19D4640B}.Debug|x64.ActiveCfg = Debug|Any CPU
		{B815FCAE-63D5-4F14-9C36-ED8E19D4640B}.Debug|x86.ActiveCfg = Debug|Any CPU
		{B815FCAE-63D5-4F14-9C36-ED8E19D4640B}.Release|Any CPU.ActiveCfg = Release|Any CPU
		{B815FCAE-63D5-4F14-9C36-ED8E19D4640B}.Release|Any CPU.Build.0 = Release|Any CPU
		{B815FCAE-63D5-4F14-9C36-ED8E19D4640B}.Release|ARM.ActiveCfg = Release|Any CPU
		{B815FCAE-63D5-4F14-9C36-ED8E19D4640B}.Release|x64.ActiveCfg = Release|Any CPU
		{B815FCAE-63D5-4F14-9C36-ED8E19D4640B}.Release|x86.ActiveCfg = Release|Any CPU
		{7806FDF8-7246-4D98-B47A-D18C2B40CE23}.Debug|Any CPU.ActiveCfg = Debug|Any CPU
		{7806FDF8-7246-4D98-B47A-D18C2B40CE23}.Debug|Any CPU.Build.0 = Debug|Any CPU
		{7806FDF8-7246-4D98-B47A-D18C2B40CE23}.Debug|ARM.ActiveCfg = Debug|Any CPU
		{7806FDF8-7246-4D98-B47A-D18C2B40CE23}.Debug|x64.ActiveCfg = Debug|Any CPU
		{7806FDF8-7246-4D98-B47A-D18C2B40CE23}.Debug|x86.ActiveCfg = Debug|Any CPU
		{7806FDF8-7246-4D98-B47A-D18C2B40CE23}.Release|Any CPU.ActiveCfg = Release|Any CPU
		{7806FDF8-7246-4D98-B47A-D18C2B40CE23}.Release|Any CPU.Build.0 = Release|Any CPU
		{7806FDF8-7246-4D98-B47A-D18C2B40CE23}.Release|ARM.ActiveCfg = Release|Any CPU
		{7806FDF8-7246-4D98-B47A-D18C2B40CE23}.Release|x64.ActiveCfg = Release|Any CPU
		{7806FDF8-7246-4D98-B47A-D18C2B40CE23}.Release|x86.ActiveCfg = Release|Any CPU
		{89075100-3F00-44FB-A1CC-F77C10A59667}.Debug|Any CPU.ActiveCfg = Debug|Any CPU
		{89075100-3F00-44FB-A1CC-F77C10A59667}.Debug|Any CPU.Build.0 = Debug|Any CPU
		{89075100-3F00-44FB-A1CC-F77C10A59667}.Debug|ARM.ActiveCfg = Debug|Any CPU
		{89075100-3F00-44FB-A1CC-F77C10A59667}.Debug|x64.ActiveCfg = Debug|Any CPU
		{89075100-3F00-44FB-A1CC-F77C10A59667}.Debug|x86.ActiveCfg = Debug|Any CPU
		{89075100-3F00-44FB-A1CC-F77C10A59667}.Release|Any CPU.ActiveCfg = Release|Any CPU
		{89075100-3F00-44FB-A1CC-F77C10A59667}.Release|Any CPU.Build.0 = Release|Any CPU
		{89075100-3F00-44FB-A1CC-F77C10A59667}.Release|ARM.ActiveCfg = Release|Any CPU
		{89075100-3F00-44FB-A1CC-F77C10A59667}.Release|x64.ActiveCfg = Release|Any CPU
		{89075100-3F00-44FB-A1CC-F77C10A59667}.Release|x86.ActiveCfg = Release|Any CPU
		{E3C3DF86-3B14-4E9E-8572-F3B6E147CF77}.Debug|Any CPU.ActiveCfg = Debug|Any CPU
		{E3C3DF86-3B14-4E9E-8572-F3B6E147CF77}.Debug|Any CPU.Build.0 = Debug|Any CPU
		{E3C3DF86-3B14-4E9E-8572-F3B6E147CF77}.Debug|ARM.ActiveCfg = Debug|Any CPU
		{E3C3DF86-3B14-4E9E-8572-F3B6E147CF77}.Debug|x64.ActiveCfg = Debug|Any CPU
		{E3C3DF86-3B14-4E9E-8572-F3B6E147CF77}.Debug|x86.ActiveCfg = Debug|Any CPU
		{E3C3DF86-3B14-4E9E-8572-F3B6E147CF77}.Release|Any CPU.ActiveCfg = Release|Any CPU
		{E3C3DF86-3B14-4E9E-8572-F3B6E147CF77}.Release|Any CPU.Build.0 = Release|Any CPU
		{E3C3DF86-3B14-4E9E-8572-F3B6E147CF77}.Release|ARM.ActiveCfg = Release|Any CPU
		{E3C3DF86-3B14-4E9E-8572-F3B6E147CF77}.Release|x64.ActiveCfg = Release|Any CPU
		{E3C3DF86-3B14-4E9E-8572-F3B6E147CF77}.Release|x86.ActiveCfg = Release|Any CPU
		{F3120AC1-B538-4A30-B4A8-835376737EF5}.Debug|Any CPU.ActiveCfg = Debug|x86
		{F3120AC1-B538-4A30-B4A8-835376737EF5}.Debug|Any CPU.Build.0 = Debug|x86
		{F3120AC1-B538-4A30-B4A8-835376737EF5}.Debug|ARM.ActiveCfg = Debug|ARM
		{F3120AC1-B538-4A30-B4A8-835376737EF5}.Debug|ARM.Build.0 = Debug|ARM
		{F3120AC1-B538-4A30-B4A8-835376737EF5}.Debug|x64.ActiveCfg = Debug|x64
		{F3120AC1-B538-4A30-B4A8-835376737EF5}.Debug|x64.Build.0 = Debug|x64
		{F3120AC1-B538-4A30-B4A8-835376737EF5}.Debug|x86.ActiveCfg = Debug|x86
		{F3120AC1-B538-4A30-B4A8-835376737EF5}.Debug|x86.Build.0 = Debug|x86
		{F3120AC1-B538-4A30-B4A8-835376737EF5}.Release|Any CPU.ActiveCfg = Release|x86
		{F3120AC1-B538-4A30-B4A8-835376737EF5}.Release|ARM.ActiveCfg = Release|ARM
		{F3120AC1-B538-4A30-B4A8-835376737EF5}.Release|ARM.Build.0 = Release|ARM
		{F3120AC1-B538-4A30-B4A8-835376737EF5}.Release|x64.ActiveCfg = Release|x64
		{F3120AC1-B538-4A30-B4A8-835376737EF5}.Release|x64.Build.0 = Release|x64
		{F3120AC1-B538-4A30-B4A8-835376737EF5}.Release|x86.ActiveCfg = Release|x86
		{F3120AC1-B538-4A30-B4A8-835376737EF5}.Release|x86.Build.0 = Release|x86
		{449AEB93-1265-4EAE-A3CD-F7ABD3749D3B}.Debug|Any CPU.ActiveCfg = Debug|Win32
		{449AEB93-1265-4EAE-A3CD-F7ABD3749D3B}.Debug|Any CPU.Build.0 = Debug|Win32
		{449AEB93-1265-4EAE-A3CD-F7ABD3749D3B}.Debug|ARM.ActiveCfg = Debug|ARM
		{449AEB93-1265-4EAE-A3CD-F7ABD3749D3B}.Debug|ARM.Build.0 = Debug|ARM
		{449AEB93-1265-4EAE-A3CD-F7ABD3749D3B}.Debug|x64.ActiveCfg = Debug|x64
		{449AEB93-1265-4EAE-A3CD-F7ABD3749D3B}.Debug|x64.Build.0 = Debug|x64
		{449AEB93-1265-4EAE-A3CD-F7ABD3749D3B}.Debug|x86.ActiveCfg = Debug|Win32
		{449AEB93-1265-4EAE-A3CD-F7ABD3749D3B}.Debug|x86.Build.0 = Debug|Win32
		{449AEB93-1265-4EAE-A3CD-F7ABD3749D3B}.Release|Any CPU.ActiveCfg = Release|Win32
		{449AEB93-1265-4EAE-A3CD-F7ABD3749D3B}.Release|ARM.ActiveCfg = Release|ARM
		{449AEB93-1265-4EAE-A3CD-F7ABD3749D3B}.Release|ARM.Build.0 = Release|ARM
		{449AEB93-1265-4EAE-A3CD-F7ABD3749D3B}.Release|x64.ActiveCfg = Release|x64
		{449AEB93-1265-4EAE-A3CD-F7ABD3749D3B}.Release|x64.Build.0 = Release|x64
		{449AEB93-1265-4EAE-A3CD-F7ABD3749D3B}.Release|x86.ActiveCfg = Release|Win32
		{449AEB93-1265-4EAE-A3CD-F7ABD3749D3B}.Release|x86.Build.0 = Release|Win32
		{DE60759C-0E41-4723-A608-F57661677166}.Debug|Any CPU.ActiveCfg = Debug|Win32
		{DE60759C-0E41-4723-A608-F57661677166}.Debug|Any CPU.Build.0 = Debug|Win32
		{DE60759C-0E41-4723-A608-F57661677166}.Debug|ARM.ActiveCfg = Debug|ARM
		{DE60759C-0E41-4723-A608-F57661677166}.Debug|ARM.Build.0 = Debug|ARM
		{DE60759C-0E41-4723-A608-F57661677166}.Debug|x64.ActiveCfg = Debug|x64
		{DE60759C-0E41-4723-A608-F57661677166}.Debug|x64.Build.0 = Debug|x64
		{DE60759C-0E41-4723-A608-F57661677166}.Debug|x86.ActiveCfg = Debug|Win32
		{DE60759C-0E41-4723-A608-F57661677166}.Debug|x86.Build.0 = Debug|Win32
		{DE60759C-0E41-4723-A608-F57661677166}.Release|Any CPU.ActiveCfg = Release|Win32
		{DE60759C-0E41-4723-A608-F57661677166}.Release|ARM.ActiveCfg = Release|ARM
		{DE60759C-0E41-4723-A608-F57661677166}.Release|ARM.Build.0 = Release|ARM
		{DE60759C-0E41-4723-A608-F57661677166}.Release|x64.ActiveCfg = Release|x64
		{DE60759C-0E41-4723-A608-F57661677166}.Release|x64.Build.0 = Release|x64
		{DE60759C-0E41-4723-A608-F57661677166}.Release|x86.ActiveCfg = Release|Win32
		{DE60759C-0E41-4723-A608-F57661677166}.Release|x86.Build.0 = Release|Win32
		{3025F55B-3AED-43B0-889C-F7C5FE5B8ABA}.Debug|Any CPU.ActiveCfg = Debug|Win32
		{3025F55B-3AED-43B0-889C-F7C5FE5B8ABA}.Debug|Any CPU.Build.0 = Debug|Win32
		{3025F55B-3AED-43B0-889C-F7C5FE5B8ABA}.Debug|ARM.ActiveCfg = Debug|ARM
		{3025F55B-3AED-43B0-889C-F7C5FE5B8ABA}.Debug|ARM.Build.0 = Debug|ARM
		{3025F55B-3AED-43B0-889C-F7C5FE5B8ABA}.Debug|x64.ActiveCfg = Debug|x64
		{3025F55B-3AED-43B0-889C-F7C5FE5B8ABA}.Debug|x64.Build.0 = Debug|x64
		{3025F55B-3AED-43B0-889C-F7C5FE5B8ABA}.Debug|x86.ActiveCfg = Debug|Win32
		{3025F55B-3AED-43B0-889C-F7C5FE5B8ABA}.Debug|x86.Build.0 = Debug|Win32
		{3025F55B-3AED-43B0-889C-F7C5FE5B8ABA}.Release|Any CPU.ActiveCfg = Release|Win32
		{3025F55B-3AED-43B0-889C-F7C5FE5B8ABA}.Release|ARM.ActiveCfg = Release|ARM
		{3025F55B-3AED-43B0-889C-F7C5FE5B8ABA}.Release|ARM.Build.0 = Release|ARM
		{3025F55B-3AED-43B0-889C-F7C5FE5B8ABA}.Release|x64.ActiveCfg = Release|x64
		{3025F55B-3AED-43B0-889C-F7C5FE5B8ABA}.Release|x64.Build.0 = Release|x64
		{3025F55B-3AED-43B0-889C-F7C5FE5B8ABA}.Release|x86.ActiveCfg = Release|Win32
		{3025F55B-3AED-43B0-889C-F7C5FE5B8ABA}.Release|x86.Build.0 = Release|Win32
		{0A648368-9B9A-49BF-8C11-EBA79F241B94}.Debug|Any CPU.ActiveCfg = Debug|Win32
		{0A648368-9B9A-49BF-8C11-EBA79F241B94}.Debug|Any CPU.Build.0 = Debug|Win32
		{0A648368-9B9A-49BF-8C11-EBA79F241B94}.Debug|ARM.ActiveCfg = Debug|ARM
		{0A648368-9B9A-49BF-8C11-EBA79F241B94}.Debug|ARM.Build.0 = Debug|ARM
		{0A648368-9B9A-49BF-8C11-EBA79F241B94}.Debug|x64.ActiveCfg = Debug|x64
		{0A648368-9B9A-49BF-8C11-EBA79F241B94}.Debug|x64.Build.0 = Debug|x64
		{0A648368-9B9A-49BF-8C11-EBA79F241B94}.Debug|x86.ActiveCfg = Debug|Win32
		{0A648368-9B9A-49BF-8C11-EBA79F241B94}.Debug|x86.Build.0 = Debug|Win32
		{0A648368-9B9A-49BF-8C11-EBA79F241B94}.Release|Any CPU.ActiveCfg = Release|Win32
		{0A648368-9B9A-49BF-8C11-EBA79F241B94}.Release|ARM.ActiveCfg = Release|ARM
		{0A648368-9B9A-49BF-8C11-EBA79F241B94}.Release|ARM.Build.0 = Release|ARM
		{0A648368-9B9A-49BF-8C11-EBA79F241B94}.Release|x64.ActiveCfg = Release|x64
		{0A648368-9B9A-49BF-8C11-EBA79F241B94}.Release|x64.Build.0 = Release|x64
		{0A648368-9B9A-49BF-8C11-EBA79F241B94}.Release|x86.ActiveCfg = Release|Win32
		{0A648368-9B9A-49BF-8C11-EBA79F241B94}.Release|x86.Build.0 = Release|Win32
		{BBDC8264-1E12-4EE0-9C23-4ED6243BD06D}.Debug|Any CPU.ActiveCfg = Debug|Any CPU
		{BBDC8264-1E12-4EE0-9C23-4ED6243BD06D}.Debug|Any CPU.Build.0 = Debug|Any CPU
		{BBDC8264-1E12-4EE0-9C23-4ED6243BD06D}.Debug|ARM.ActiveCfg = Debug|Any CPU
		{BBDC8264-1E12-4EE0-9C23-4ED6243BD06D}.Debug|x64.ActiveCfg = Debug|Any CPU
		{BBDC8264-1E12-4EE0-9C23-4ED6243BD06D}.Debug|x86.ActiveCfg = Debug|Any CPU
		{BBDC8264-1E12-4EE0-9C23-4ED6243BD06D}.Release|Any CPU.ActiveCfg = Release|Any CPU
		{BBDC8264-1E12-4EE0-9C23-4ED6243BD06D}.Release|Any CPU.Build.0 = Release|Any CPU
		{BBDC8264-1E12-4EE0-9C23-4ED6243BD06D}.Release|ARM.ActiveCfg = Release|Any CPU
		{BBDC8264-1E12-4EE0-9C23-4ED6243BD06D}.Release|x64.ActiveCfg = Release|Any CPU
		{BBDC8264-1E12-4EE0-9C23-4ED6243BD06D}.Release|x86.ActiveCfg = Release|Any CPU
		{5F3B2995-B244-4046-B724-D232D5265292}.Debug|Any CPU.ActiveCfg = Debug|Any CPU
		{5F3B2995-B244-4046-B724-D232D5265292}.Debug|Any CPU.Build.0 = Debug|Any CPU
		{5F3B2995-B244-4046-B724-D232D5265292}.Debug|ARM.ActiveCfg = Debug|Any CPU
		{5F3B2995-B244-4046-B724-D232D5265292}.Debug|x64.ActiveCfg = Debug|Any CPU
		{5F3B2995-B244-4046-B724-D232D5265292}.Debug|x86.ActiveCfg = Debug|Any CPU
		{5F3B2995-B244-4046-B724-D232D5265292}.Release|Any CPU.ActiveCfg = Release|Any CPU
		{5F3B2995-B244-4046-B724-D232D5265292}.Release|Any CPU.Build.0 = Release|Any CPU
		{5F3B2995-B244-4046-B724-D232D5265292}.Release|ARM.ActiveCfg = Release|Any CPU
		{5F3B2995-B244-4046-B724-D232D5265292}.Release|x64.ActiveCfg = Release|Any CPU
		{5F3B2995-B244-4046-B724-D232D5265292}.Release|x86.ActiveCfg = Release|Any CPU
		{A228D38A-5BE0-471F-8FB2-2ED1E711F29C}.Debug|Any CPU.ActiveCfg = Debug|Any CPU
		{A228D38A-5BE0-471F-8FB2-2ED1E711F29C}.Debug|Any CPU.Build.0 = Debug|Any CPU
		{A228D38A-5BE0-471F-8FB2-2ED1E711F29C}.Debug|ARM.ActiveCfg = Debug|Any CPU
		{A228D38A-5BE0-471F-8FB2-2ED1E711F29C}.Debug|x64.ActiveCfg = Debug|Any CPU
		{A228D38A-5BE0-471F-8FB2-2ED1E711F29C}.Debug|x86.ActiveCfg = Debug|Any CPU
		{A228D38A-5BE0-471F-8FB2-2ED1E711F29C}.Release|Any CPU.ActiveCfg = Release|Any CPU
		{A228D38A-5BE0-471F-8FB2-2ED1E711F29C}.Release|Any CPU.Build.0 = Release|Any CPU
		{A228D38A-5BE0-471F-8FB2-2ED1E711F29C}.Release|ARM.ActiveCfg = Release|Any CPU
		{A228D38A-5BE0-471F-8FB2-2ED1E711F29C}.Release|x64.ActiveCfg = Release|Any CPU
		{A228D38A-5BE0-471F-8FB2-2ED1E711F29C}.Release|x86.ActiveCfg = Release|Any CPU
		{808528F3-15DC-4CC6-A15A-0F91CBDB54E6}.Debug|Any CPU.ActiveCfg = Debug|x64
		{808528F3-15DC-4CC6-A15A-0F91CBDB54E6}.Debug|Any CPU.Build.0 = Debug|x64
		{808528F3-15DC-4CC6-A15A-0F91CBDB54E6}.Debug|ARM.ActiveCfg = Debug|x64
		{808528F3-15DC-4CC6-A15A-0F91CBDB54E6}.Debug|x64.ActiveCfg = Debug|x64
		{808528F3-15DC-4CC6-A15A-0F91CBDB54E6}.Debug|x86.ActiveCfg = Debug|x64
		{808528F3-15DC-4CC6-A15A-0F91CBDB54E6}.Release|Any CPU.ActiveCfg = Release|x64
		{808528F3-15DC-4CC6-A15A-0F91CBDB54E6}.Release|Any CPU.Build.0 = Release|x64
		{808528F3-15DC-4CC6-A15A-0F91CBDB54E6}.Release|ARM.ActiveCfg = Release|x64
		{808528F3-15DC-4CC6-A15A-0F91CBDB54E6}.Release|x64.ActiveCfg = Release|x64
		{808528F3-15DC-4CC6-A15A-0F91CBDB54E6}.Release|x86.ActiveCfg = Release|x64
		{8DC28743-3826-453A-B400-B0AE7B2C04E7}.Debug|Any CPU.ActiveCfg = Debug|Win32
		{8DC28743-3826-453A-B400-B0AE7B2C04E7}.Debug|Any CPU.Build.0 = Debug|Win32
		{8DC28743-3826-453A-B400-B0AE7B2C04E7}.Debug|ARM.ActiveCfg = Debug|Win32
		{8DC28743-3826-453A-B400-B0AE7B2C04E7}.Debug|x64.ActiveCfg = Debug|Win32
		{8DC28743-3826-453A-B400-B0AE7B2C04E7}.Debug|x86.ActiveCfg = Debug|Win32
		{8DC28743-3826-453A-B400-B0AE7B2C04E7}.Release|Any CPU.ActiveCfg = Release|Win32
		{8DC28743-3826-453A-B400-B0AE7B2C04E7}.Release|Any CPU.Build.0 = Release|Win32
		{8DC28743-3826-453A-B400-B0AE7B2C04E7}.Release|ARM.ActiveCfg = Release|Win32
		{8DC28743-3826-453A-B400-B0AE7B2C04E7}.Release|x64.ActiveCfg = Release|Win32
		{8DC28743-3826-453A-B400-B0AE7B2C04E7}.Release|x86.ActiveCfg = Release|Win32
		{1B3557D4-1146-428A-AEC9-12CADF994527}.Debug|Any CPU.ActiveCfg = Debug|x64
		{1B3557D4-1146-428A-AEC9-12CADF994527}.Debug|Any CPU.Build.0 = Debug|x64
		{1B3557D4-1146-428A-AEC9-12CADF994527}.Debug|ARM.ActiveCfg = Debug|x64
		{1B3557D4-1146-428A-AEC9-12CADF994527}.Debug|x64.ActiveCfg = Debug|x64
		{1B3557D4-1146-428A-AEC9-12CADF994527}.Debug|x86.ActiveCfg = Debug|x64
		{1B3557D4-1146-428A-AEC9-12CADF994527}.Release|Any CPU.ActiveCfg = Release|x64
		{1B3557D4-1146-428A-AEC9-12CADF994527}.Release|Any CPU.Build.0 = Release|x64
		{1B3557D4-1146-428A-AEC9-12CADF994527}.Release|ARM.ActiveCfg = Release|x64
		{1B3557D4-1146-428A-AEC9-12CADF994527}.Release|x64.ActiveCfg = Release|x64
		{1B3557D4-1146-428A-AEC9-12CADF994527}.Release|x86.ActiveCfg = Release|x64
		{0331D451-7C7A-4DB7-A11D-61708F2E8D05}.Debug|Any CPU.ActiveCfg = Debug|Win32
		{0331D451-7C7A-4DB7-A11D-61708F2E8D05}.Debug|Any CPU.Build.0 = Debug|Win32
		{0331D451-7C7A-4DB7-A11D-61708F2E8D05}.Debug|ARM.ActiveCfg = Debug|Win32
		{0331D451-7C7A-4DB7-A11D-61708F2E8D05}.Debug|x64.ActiveCfg = Debug|Win32
		{0331D451-7C7A-4DB7-A11D-61708F2E8D05}.Debug|x86.ActiveCfg = Debug|Win32
		{0331D451-7C7A-4DB7-A11D-61708F2E8D05}.Release|Any CPU.ActiveCfg = Release|Win32
		{0331D451-7C7A-4DB7-A11D-61708F2E8D05}.Release|Any CPU.Build.0 = Release|Win32
		{0331D451-7C7A-4DB7-A11D-61708F2E8D05}.Release|ARM.ActiveCfg = Release|Win32
		{0331D451-7C7A-4DB7-A11D-61708F2E8D05}.Release|x64.ActiveCfg = Release|Win32
		{0331D451-7C7A-4DB7-A11D-61708F2E8D05}.Release|x86.ActiveCfg = Release|Win32
		{DD846D57-B93B-46C8-BFFF-AE4C11E408B3}.Debug|Any CPU.ActiveCfg = Debug|x64
		{DD846D57-B93B-46C8-BFFF-AE4C11E408B3}.Debug|Any CPU.Build.0 = Debug|x64
		{DD846D57-B93B-46C8-BFFF-AE4C11E408B3}.Debug|ARM.ActiveCfg = Debug|x64
		{DD846D57-B93B-46C8-BFFF-AE4C11E408B3}.Debug|x64.ActiveCfg = Debug|x64
		{DD846D57-B93B-46C8-BFFF-AE4C11E408B3}.Debug|x86.ActiveCfg = Debug|x64
		{DD846D57-B93B-46C8-BFFF-AE4C11E408B3}.Release|Any CPU.ActiveCfg = Release|x64
		{DD846D57-B93B-46C8-BFFF-AE4C11E408B3}.Release|Any CPU.Build.0 = Release|x64
		{DD846D57-B93B-46C8-BFFF-AE4C11E408B3}.Release|ARM.ActiveCfg = Release|x64
		{DD846D57-B93B-46C8-BFFF-AE4C11E408B3}.Release|x64.ActiveCfg = Release|x64
		{DD846D57-B93B-46C8-BFFF-AE4C11E408B3}.Release|x86.ActiveCfg = Release|x64
		{63088DEC-9F99-404C-B4E8-D823D2A0018F}.Debug|Any CPU.ActiveCfg = Debug|Win32
		{63088DEC-9F99-404C-B4E8-D823D2A0018F}.Debug|Any CPU.Build.0 = Debug|Win32
		{63088DEC-9F99-404C-B4E8-D823D2A0018F}.Debug|ARM.ActiveCfg = Debug|Win32
		{63088DEC-9F99-404C-B4E8-D823D2A0018F}.Debug|x64.ActiveCfg = Debug|Win32
		{63088DEC-9F99-404C-B4E8-D823D2A0018F}.Debug|x86.ActiveCfg = Debug|Win32
		{63088DEC-9F99-404C-B4E8-D823D2A0018F}.Release|Any CPU.ActiveCfg = Release|Win32
		{63088DEC-9F99-404C-B4E8-D823D2A0018F}.Release|Any CPU.Build.0 = Release|Win32
		{63088DEC-9F99-404C-B4E8-D823D2A0018F}.Release|ARM.ActiveCfg = Release|Win32
		{63088DEC-9F99-404C-B4E8-D823D2A0018F}.Release|x64.ActiveCfg = Release|Win32
		{63088DEC-9F99-404C-B4E8-D823D2A0018F}.Release|x86.ActiveCfg = Release|Win32
		{59B38770-D2E7-40B9-8D27-A20691F1CAA9}.Debug|Any CPU.ActiveCfg = Debug|Any CPU
		{59B38770-D2E7-40B9-8D27-A20691F1CAA9}.Debug|Any CPU.Build.0 = Debug|Any CPU
		{59B38770-D2E7-40B9-8D27-A20691F1CAA9}.Debug|ARM.ActiveCfg = Debug|Any CPU
		{59B38770-D2E7-40B9-8D27-A20691F1CAA9}.Debug|x64.ActiveCfg = Debug|Any CPU
		{59B38770-D2E7-40B9-8D27-A20691F1CAA9}.Debug|x86.ActiveCfg = Debug|Any CPU
		{59B38770-D2E7-40B9-8D27-A20691F1CAA9}.Release|Any CPU.ActiveCfg = Release|Any CPU
		{59B38770-D2E7-40B9-8D27-A20691F1CAA9}.Release|Any CPU.Build.0 = Release|Any CPU
		{59B38770-D2E7-40B9-8D27-A20691F1CAA9}.Release|ARM.ActiveCfg = Release|Any CPU
		{59B38770-D2E7-40B9-8D27-A20691F1CAA9}.Release|x64.ActiveCfg = Release|Any CPU
		{59B38770-D2E7-40B9-8D27-A20691F1CAA9}.Release|x86.ActiveCfg = Release|Any CPU
		{C6148839-334D-4894-BDB9-E2D57438CF8A}.Debug|Any CPU.ActiveCfg = Debug|Win32
		{C6148839-334D-4894-BDB9-E2D57438CF8A}.Debug|Any CPU.Build.0 = Debug|Win32
		{C6148839-334D-4894-BDB9-E2D57438CF8A}.Debug|ARM.ActiveCfg = Debug|Win32
		{C6148839-334D-4894-BDB9-E2D57438CF8A}.Debug|x64.ActiveCfg = Debug|Win32
		{C6148839-334D-4894-BDB9-E2D57438CF8A}.Debug|x86.ActiveCfg = Debug|Win32
		{C6148839-334D-4894-BDB9-E2D57438CF8A}.Release|Any CPU.ActiveCfg = Release|Win32
		{C6148839-334D-4894-BDB9-E2D57438CF8A}.Release|Any CPU.Build.0 = Release|Win32
		{C6148839-334D-4894-BDB9-E2D57438CF8A}.Release|ARM.ActiveCfg = Release|Win32
		{C6148839-334D-4894-BDB9-E2D57438CF8A}.Release|x64.ActiveCfg = Release|Win32
		{C6148839-334D-4894-BDB9-E2D57438CF8A}.Release|x86.ActiveCfg = Release|Win32
		{FA9C7678-B9D9-46BC-8921-8152FD6787CA}.Debug|Any CPU.ActiveCfg = Debug|x64
		{FA9C7678-B9D9-46BC-8921-8152FD6787CA}.Debug|Any CPU.Build.0 = Debug|x64
		{FA9C7678-B9D9-46BC-8921-8152FD6787CA}.Debug|ARM.ActiveCfg = Debug|x64
		{FA9C7678-B9D9-46BC-8921-8152FD6787CA}.Debug|x64.ActiveCfg = Debug|x64
		{FA9C7678-B9D9-46BC-8921-8152FD6787CA}.Debug|x86.ActiveCfg = Debug|x64
		{FA9C7678-B9D9-46BC-8921-8152FD6787CA}.Release|Any CPU.ActiveCfg = Release|x64
		{FA9C7678-B9D9-46BC-8921-8152FD6787CA}.Release|Any CPU.Build.0 = Release|x64
		{FA9C7678-B9D9-46BC-8921-8152FD6787CA}.Release|ARM.ActiveCfg = Release|x64
		{FA9C7678-B9D9-46BC-8921-8152FD6787CA}.Release|x64.ActiveCfg = Release|x64
		{FA9C7678-B9D9-46BC-8921-8152FD6787CA}.Release|x86.ActiveCfg = Release|x64
		{A0EDD6F1-A4B7-41D1-B609-B050F0A7B40D}.Debug|Any CPU.ActiveCfg = Debug|Any CPU
		{A0EDD6F1-A4B7-41D1-B609-B050F0A7B40D}.Debug|ARM.ActiveCfg = Debug|Any CPU
		{A0EDD6F1-A4B7-41D1-B609-B050F0A7B40D}.Debug|x64.ActiveCfg = Debug|Any CPU
		{A0EDD6F1-A4B7-41D1-B609-B050F0A7B40D}.Debug|x86.ActiveCfg = Debug|Any CPU
		{A0EDD6F1-A4B7-41D1-B609-B050F0A7B40D}.Release|Any CPU.ActiveCfg = Release|Any CPU
		{A0EDD6F1-A4B7-41D1-B609-B050F0A7B40D}.Release|Any CPU.Build.0 = Release|Any CPU
		{A0EDD6F1-A4B7-41D1-B609-B050F0A7B40D}.Release|ARM.ActiveCfg = Release|Any CPU
		{A0EDD6F1-A4B7-41D1-B609-B050F0A7B40D}.Release|x64.ActiveCfg = Release|Any CPU
		{A0EDD6F1-A4B7-41D1-B609-B050F0A7B40D}.Release|x86.ActiveCfg = Release|Any CPU
		{322DD2FF-C0B7-4CBF-BE95-F0032FD94E02}.Debug|Any CPU.ActiveCfg = Debug|Any CPU
		{322DD2FF-C0B7-4CBF-BE95-F0032FD94E02}.Debug|Any CPU.Build.0 = Debug|Any CPU
		{322DD2FF-C0B7-4CBF-BE95-F0032FD94E02}.Debug|ARM.ActiveCfg = Debug|Any CPU
		{322DD2FF-C0B7-4CBF-BE95-F0032FD94E02}.Debug|x64.ActiveCfg = Debug|Any CPU
		{322DD2FF-C0B7-4CBF-BE95-F0032FD94E02}.Debug|x86.ActiveCfg = Debug|Any CPU
		{322DD2FF-C0B7-4CBF-BE95-F0032FD94E02}.Release|Any CPU.ActiveCfg = Release|Any CPU
		{322DD2FF-C0B7-4CBF-BE95-F0032FD94E02}.Release|Any CPU.Build.0 = Release|Any CPU
		{322DD2FF-C0B7-4CBF-BE95-F0032FD94E02}.Release|ARM.ActiveCfg = Release|Any CPU
		{322DD2FF-C0B7-4CBF-BE95-F0032FD94E02}.Release|x64.ActiveCfg = Release|Any CPU
		{322DD2FF-C0B7-4CBF-BE95-F0032FD94E02}.Release|x86.ActiveCfg = Release|Any CPU
		{A661D347-CF7D-4F36-8101-0544AE85EEEC}.Debug|Any CPU.ActiveCfg = Debug|Any CPU
		{A661D347-CF7D-4F36-8101-0544AE85EEEC}.Debug|Any CPU.Build.0 = Debug|Any CPU
		{A661D347-CF7D-4F36-8101-0544AE85EEEC}.Debug|ARM.ActiveCfg = Debug|Any CPU
		{A661D347-CF7D-4F36-8101-0544AE85EEEC}.Debug|x64.ActiveCfg = Debug|Any CPU
		{A661D347-CF7D-4F36-8101-0544AE85EEEC}.Debug|x86.ActiveCfg = Debug|Any CPU
		{A661D347-CF7D-4F36-8101-0544AE85EEEC}.Release|Any CPU.ActiveCfg = Release|Any CPU
		{A661D347-CF7D-4F36-8101-0544AE85EEEC}.Release|Any CPU.Build.0 = Release|Any CPU
		{A661D347-CF7D-4F36-8101-0544AE85EEEC}.Release|ARM.ActiveCfg = Release|Any CPU
		{A661D347-CF7D-4F36-8101-0544AE85EEEC}.Release|x64.ActiveCfg = Release|Any CPU
		{A661D347-CF7D-4F36-8101-0544AE85EEEC}.Release|x86.ActiveCfg = Release|Any CPU
	EndGlobalSection
	GlobalSection(SolutionProperties) = preSolution
		HideSolutionNode = FALSE
	EndGlobalSection
	GlobalSection(NestedProjects) = preSolution
		{8C433ABF-AFE5-4A76-BEBC-74116EC3460E} = {C5DA6B80-6F59-4893-9ED1-D78E82BBC98B}
		{CBB213AA-1E21-4188-A252-42503B13EBD9} = {A1D10E37-DC32-4A8E-ABFF-5E5FB3A9687C}
		{0E32FA8B-EE70-47A0-9782-C419C72FC8EB} = {A1D10E37-DC32-4A8E-ABFF-5E5FB3A9687C}
		{8C004E70-F0EE-4D7D-A0EA-A5BEED61567A} = {01F74C31-F62B-46F0-9F64-0AA83D14FA21}
		{849A140B-EF3E-4367-90BC-9F9383DC1481} = {A3F3827E-70AB-4683-BE7E-6B90931FE835}
		{6D0CE6E2-BC02-4E83-8697-18B47CBEF842} = {01F74C31-F62B-46F0-9F64-0AA83D14FA21}
		{26921D94-A5E4-4301-83F1-AC79494EE96D} = {733FD5EE-8360-4AA1-8821-80D3D87DEBDA}
		{B815FCAE-63D5-4F14-9C36-ED8E19D4640B} = {479C8BA1-3659-4EBD-AB6B-651FC1CF43FA}
		{7806FDF8-7246-4D98-B47A-D18C2B40CE23} = {479C8BA1-3659-4EBD-AB6B-651FC1CF43FA}
		{89075100-3F00-44FB-A1CC-F77C10A59667} = {479C8BA1-3659-4EBD-AB6B-651FC1CF43FA}
		{E3C3DF86-3B14-4E9E-8572-F3B6E147CF77} = {479C8BA1-3659-4EBD-AB6B-651FC1CF43FA}
		{F3120AC1-B538-4A30-B4A8-835376737EF5} = {97271825-84EF-4DD0-922F-9B84E629C388}
		{449AEB93-1265-4EAE-A3CD-F7ABD3749D3B} = {0E32FA8B-EE70-47A0-9782-C419C72FC8EB}
		{DE60759C-0E41-4723-A608-F57661677166} = {0E32FA8B-EE70-47A0-9782-C419C72FC8EB}
		{3025F55B-3AED-43B0-889C-F7C5FE5B8ABA} = {0E32FA8B-EE70-47A0-9782-C419C72FC8EB}
		{0A648368-9B9A-49BF-8C11-EBA79F241B94} = {0E32FA8B-EE70-47A0-9782-C419C72FC8EB}
		{BBDC8264-1E12-4EE0-9C23-4ED6243BD06D} = {97271825-84EF-4DD0-922F-9B84E629C388}
		{5F3B2995-B244-4046-B724-D232D5265292} = {01F74C31-F62B-46F0-9F64-0AA83D14FA21}
		{A228D38A-5BE0-471F-8FB2-2ED1E711F29C} = {620C62DE-243D-4FDC-B856-FE9C486C7712}
		{808528F3-15DC-4CC6-A15A-0F91CBDB54E6} = {CBB213AA-1E21-4188-A252-42503B13EBD9}
		{8DC28743-3826-453A-B400-B0AE7B2C04E7} = {CBB213AA-1E21-4188-A252-42503B13EBD9}
		{1B3557D4-1146-428A-AEC9-12CADF994527} = {CBB213AA-1E21-4188-A252-42503B13EBD9}
		{0331D451-7C7A-4DB7-A11D-61708F2E8D05} = {CBB213AA-1E21-4188-A252-42503B13EBD9}
		{DD846D57-B93B-46C8-BFFF-AE4C11E408B3} = {CBB213AA-1E21-4188-A252-42503B13EBD9}
		{63088DEC-9F99-404C-B4E8-D823D2A0018F} = {CBB213AA-1E21-4188-A252-42503B13EBD9}
		{59B38770-D2E7-40B9-8D27-A20691F1CAA9} = {97271825-84EF-4DD0-922F-9B84E629C388}
		{C6148839-334D-4894-BDB9-E2D57438CF8A} = {CBB213AA-1E21-4188-A252-42503B13EBD9}
		{FA9C7678-B9D9-46BC-8921-8152FD6787CA} = {CBB213AA-1E21-4188-A252-42503B13EBD9}
		{A0EDD6F1-A4B7-41D1-B609-B050F0A7B40D} = {97271825-84EF-4DD0-922F-9B84E629C388}
		{322DD2FF-C0B7-4CBF-BE95-F0032FD94E02} = {97271825-84EF-4DD0-922F-9B84E629C388}
		{A661D347-CF7D-4F36-8101-0544AE85EEEC} = {97271825-84EF-4DD0-922F-9B84E629C388}
	EndGlobalSection
	GlobalSection(ExtensibilityGlobals) = postSolution
		BuildVersion_UseGlobalSettings = True
		SolutionGuid = {67DE7737-8A68-479C-870E-B5B5B87291CF}
	EndGlobalSection
	GlobalSection(TestCaseManagementSettings) = postSolution
		CategoryFile = DICOM.vsmdi
	EndGlobalSection
EndGlobal
