
Microsoft Visual Studio Solution File, Format Version 12.00
# Visual Studio Version 16
VisualStudioVersion = 16.0.29306.81
MinimumVisualStudioVersion = 10.0.40219.1
Project("{9A19103F-16F7-4668-BE54-9A1E7A4F7556}") = "FO-DICOM.Core", "fo-dicom.core\FO-DICOM.Core.csproj", "{823BE9FE-62BB-43E6-A920-9ADC09F7F836}"
EndProject
Project("{2150E333-8FDC-42A3-9474-1A3956D46DE8}") = "Tests", "Tests", "{43ED1185-9895-4B31-8889-7C0477591BF1}"
EndProject
Project("{9A19103F-16F7-4668-BE54-9A1E7A4F7556}") = "FO-DICOM.Tests.NetCore", "Tests\FO-DICOM.Tests.NetCore\FO-DICOM.Tests.NetCore.csproj", "{FB7608E8-FA90-4445-A7F2-430E6A518798}"
EndProject
Project("{2150E333-8FDC-42A3-9474-1A3956D46DE8}") = "Serialization", "Serialization", "{3CAE7F87-9013-49B0-96B7-8C96055B8380}"
EndProject
Project("{9A19103F-16F7-4668-BE54-9A1E7A4F7556}") = "FO-DICOM.Json", "Serialization\FO-DICOM.Json\FO-DICOM.Json.csproj", "{50FAD02E-6763-47A4-8592-A8BEC8658948}"
EndProject
Project("{2150E333-8FDC-42A3-9474-1A3956D46DE8}") = "Logging", "Logging", "{D0E1FAE5-EA1F-46EC-B1B0-7FE05C09BF98}"
EndProject
Project("{9A19103F-16F7-4668-BE54-9A1E7A4F7556}") = "FO-DICOM.NLog", "Logging\FO-DICOM.NLog\FO-DICOM.NLog.csproj", "{C8E554D2-A63B-405E-A047-E792A7AC42AD}"
EndProject
Project("{FAE04EC0-301F-11D3-BF4B-00C04F79EFBC}") = "FO-DICOM.Tests.Desktop", "Tests\FO-DICOM.Tests.Desktop\FO-DICOM.Tests.Desktop.csproj", "{BF12C2F6-5AE4-4D05-9DA5-D6C3C34228D8}"
EndProject
Project("{2150E333-8FDC-42A3-9474-1A3956D46DE8}") = "Platform", "Platform", "{CFA78DF7-BD2F-449E-8666-2FFE4358A789}"
EndProject
Project("{2150E333-8FDC-42A3-9474-1A3956D46DE8}") = "Native", "Native", "{943D00FB-3DF2-46DD-A7CD-DC0F25CF2EF3}"
EndProject
Project("{8BC9CEB8-8B4A-11D0-8D11-00A0C91BC942}") = "libijg8.x64", "Native\Desktop\libijg8.x64.vcxproj", "{808528F3-15DC-4CC6-A15A-0F91CBDB54E6}"
EndProject
Project("{8BC9CEB8-8B4A-11D0-8D11-00A0C91BC942}") = "libijg8.x86", "Native\Desktop\libijg8.x86.vcxproj", "{8DC28743-3826-453A-B400-B0AE7B2C04E7}"
EndProject
Project("{8BC9CEB8-8B4A-11D0-8D11-00A0C91BC942}") = "libijg12.x64", "Native\Desktop\libijg12.x64.vcxproj", "{1B3557D4-1146-428A-AEC9-12CADF994527}"
EndProject
Project("{8BC9CEB8-8B4A-11D0-8D11-00A0C91BC942}") = "libijg12.x86", "Native\Desktop\libijg12.x86.vcxproj", "{0331D451-7C7A-4DB7-A11D-61708F2E8D05}"
EndProject
Project("{8BC9CEB8-8B4A-11D0-8D11-00A0C91BC942}") = "libijg16.x64", "Native\Desktop\libijg16.x64.vcxproj", "{DD846D57-B93B-46C8-BFFF-AE4C11E408B3}"
EndProject
Project("{8BC9CEB8-8B4A-11D0-8D11-00A0C91BC942}") = "libijg16.x86", "Native\Desktop\libijg16.x86.vcxproj", "{63088DEC-9F99-404C-B4E8-D823D2A0018F}"
EndProject
Project("{8BC9CEB8-8B4A-11D0-8D11-00A0C91BC942}") = "DICOM.Native", "Native\Desktop\DICOM.Native.vcxproj", "{C6148839-334D-4894-BDB9-E2D57438CF8A}"
EndProject
Project("{8BC9CEB8-8B4A-11D0-8D11-00A0C91BC942}") = "DICOM.Native64", "Native\Desktop\DICOM.Native64.vcxproj", "{FA9C7678-B9D9-46BC-8921-8152FD6787CA}"
EndProject
Project("{FAE04EC0-301F-11D3-BF4B-00C04F79EFBC}") = "FO-DICOM.Codec.Desktop", "Platform\FO-DICOM.Codec.Desktop\FO-DICOM.Codec.Desktop.csproj", "{D31231FA-69F7-4935-8D30-60267A95203B}"
EndProject
Project("{FAE04EC0-301F-11D3-BF4B-00C04F79EFBC}") = "FO-DICOM.Imaging.Desktop", "Platform\FO-DICOM.Imaging.Desktop\FO-DICOM.Imaging.Desktop.csproj", "{F0617C96-0CED-4215-99CA-BBF278D6F1AA}"
EndProject
Global
	GlobalSection(SolutionConfigurationPlatforms) = preSolution
		Debug|Any CPU = Debug|Any CPU
		Debug|x64 = Debug|x64
		Debug|x86 = Debug|x86
		Release|Any CPU = Release|Any CPU
		Release|x64 = Release|x64
		Release|x86 = Release|x86
	EndGlobalSection
	GlobalSection(ProjectConfigurationPlatforms) = postSolution
		{823BE9FE-62BB-43E6-A920-9ADC09F7F836}.Debug|Any CPU.ActiveCfg = Debug|Any CPU
		{823BE9FE-62BB-43E6-A920-9ADC09F7F836}.Debug|Any CPU.Build.0 = Debug|Any CPU
		{823BE9FE-62BB-43E6-A920-9ADC09F7F836}.Debug|x64.ActiveCfg = Debug|Any CPU
		{823BE9FE-62BB-43E6-A920-9ADC09F7F836}.Debug|x64.Build.0 = Debug|Any CPU
		{823BE9FE-62BB-43E6-A920-9ADC09F7F836}.Debug|x86.ActiveCfg = Debug|Any CPU
		{823BE9FE-62BB-43E6-A920-9ADC09F7F836}.Debug|x86.Build.0 = Debug|Any CPU
		{823BE9FE-62BB-43E6-A920-9ADC09F7F836}.Release|Any CPU.ActiveCfg = Release|Any CPU
		{823BE9FE-62BB-43E6-A920-9ADC09F7F836}.Release|Any CPU.Build.0 = Release|Any CPU
		{823BE9FE-62BB-43E6-A920-9ADC09F7F836}.Release|x64.ActiveCfg = Release|Any CPU
		{823BE9FE-62BB-43E6-A920-9ADC09F7F836}.Release|x64.Build.0 = Release|Any CPU
		{823BE9FE-62BB-43E6-A920-9ADC09F7F836}.Release|x86.ActiveCfg = Release|Any CPU
		{823BE9FE-62BB-43E6-A920-9ADC09F7F836}.Release|x86.Build.0 = Release|Any CPU
		{FB7608E8-FA90-4445-A7F2-430E6A518798}.Debug|Any CPU.ActiveCfg = Debug|Any CPU
		{FB7608E8-FA90-4445-A7F2-430E6A518798}.Debug|Any CPU.Build.0 = Debug|Any CPU
		{FB7608E8-FA90-4445-A7F2-430E6A518798}.Debug|x64.ActiveCfg = Debug|Any CPU
		{FB7608E8-FA90-4445-A7F2-430E6A518798}.Debug|x64.Build.0 = Debug|Any CPU
		{FB7608E8-FA90-4445-A7F2-430E6A518798}.Debug|x86.ActiveCfg = Debug|Any CPU
		{FB7608E8-FA90-4445-A7F2-430E6A518798}.Debug|x86.Build.0 = Debug|Any CPU
		{FB7608E8-FA90-4445-A7F2-430E6A518798}.Release|Any CPU.ActiveCfg = Release|Any CPU
		{FB7608E8-FA90-4445-A7F2-430E6A518798}.Release|Any CPU.Build.0 = Release|Any CPU
		{FB7608E8-FA90-4445-A7F2-430E6A518798}.Release|x64.ActiveCfg = Release|Any CPU
		{FB7608E8-FA90-4445-A7F2-430E6A518798}.Release|x64.Build.0 = Release|Any CPU
		{FB7608E8-FA90-4445-A7F2-430E6A518798}.Release|x86.ActiveCfg = Release|Any CPU
		{FB7608E8-FA90-4445-A7F2-430E6A518798}.Release|x86.Build.0 = Release|Any CPU
		{50FAD02E-6763-47A4-8592-A8BEC8658948}.Debug|Any CPU.ActiveCfg = Debug|Any CPU
		{50FAD02E-6763-47A4-8592-A8BEC8658948}.Debug|Any CPU.Build.0 = Debug|Any CPU
		{50FAD02E-6763-47A4-8592-A8BEC8658948}.Debug|x64.ActiveCfg = Debug|Any CPU
		{50FAD02E-6763-47A4-8592-A8BEC8658948}.Debug|x64.Build.0 = Debug|Any CPU
		{50FAD02E-6763-47A4-8592-A8BEC8658948}.Debug|x86.ActiveCfg = Debug|Any CPU
		{50FAD02E-6763-47A4-8592-A8BEC8658948}.Debug|x86.Build.0 = Debug|Any CPU
		{50FAD02E-6763-47A4-8592-A8BEC8658948}.Release|Any CPU.ActiveCfg = Release|Any CPU
		{50FAD02E-6763-47A4-8592-A8BEC8658948}.Release|Any CPU.Build.0 = Release|Any CPU
		{50FAD02E-6763-47A4-8592-A8BEC8658948}.Release|x64.ActiveCfg = Release|Any CPU
		{50FAD02E-6763-47A4-8592-A8BEC8658948}.Release|x64.Build.0 = Release|Any CPU
		{50FAD02E-6763-47A4-8592-A8BEC8658948}.Release|x86.ActiveCfg = Release|Any CPU
		{50FAD02E-6763-47A4-8592-A8BEC8658948}.Release|x86.Build.0 = Release|Any CPU
		{C8E554D2-A63B-405E-A047-E792A7AC42AD}.Debug|Any CPU.ActiveCfg = Debug|Any CPU
		{C8E554D2-A63B-405E-A047-E792A7AC42AD}.Debug|Any CPU.Build.0 = Debug|Any CPU
		{C8E554D2-A63B-405E-A047-E792A7AC42AD}.Debug|x64.ActiveCfg = Debug|Any CPU
		{C8E554D2-A63B-405E-A047-E792A7AC42AD}.Debug|x64.Build.0 = Debug|Any CPU
		{C8E554D2-A63B-405E-A047-E792A7AC42AD}.Debug|x86.ActiveCfg = Debug|Any CPU
		{C8E554D2-A63B-405E-A047-E792A7AC42AD}.Debug|x86.Build.0 = Debug|Any CPU
		{C8E554D2-A63B-405E-A047-E792A7AC42AD}.Release|Any CPU.ActiveCfg = Release|Any CPU
		{C8E554D2-A63B-405E-A047-E792A7AC42AD}.Release|Any CPU.Build.0 = Release|Any CPU
		{C8E554D2-A63B-405E-A047-E792A7AC42AD}.Release|x64.ActiveCfg = Release|Any CPU
		{C8E554D2-A63B-405E-A047-E792A7AC42AD}.Release|x64.Build.0 = Release|Any CPU
		{C8E554D2-A63B-405E-A047-E792A7AC42AD}.Release|x86.ActiveCfg = Release|Any CPU
		{C8E554D2-A63B-405E-A047-E792A7AC42AD}.Release|x86.Build.0 = Release|Any CPU
		{BF12C2F6-5AE4-4D05-9DA5-D6C3C34228D8}.Debug|Any CPU.ActiveCfg = Debug|Any CPU
		{BF12C2F6-5AE4-4D05-9DA5-D6C3C34228D8}.Debug|Any CPU.Build.0 = Debug|Any CPU
		{BF12C2F6-5AE4-4D05-9DA5-D6C3C34228D8}.Debug|x64.ActiveCfg = Debug|Any CPU
		{BF12C2F6-5AE4-4D05-9DA5-D6C3C34228D8}.Debug|x64.Build.0 = Debug|Any CPU
		{BF12C2F6-5AE4-4D05-9DA5-D6C3C34228D8}.Debug|x86.ActiveCfg = Debug|Any CPU
		{BF12C2F6-5AE4-4D05-9DA5-D6C3C34228D8}.Debug|x86.Build.0 = Debug|Any CPU
		{BF12C2F6-5AE4-4D05-9DA5-D6C3C34228D8}.Release|Any CPU.ActiveCfg = Release|Any CPU
		{BF12C2F6-5AE4-4D05-9DA5-D6C3C34228D8}.Release|Any CPU.Build.0 = Release|Any CPU
		{BF12C2F6-5AE4-4D05-9DA5-D6C3C34228D8}.Release|x64.ActiveCfg = Release|Any CPU
		{BF12C2F6-5AE4-4D05-9DA5-D6C3C34228D8}.Release|x64.Build.0 = Release|Any CPU
		{BF12C2F6-5AE4-4D05-9DA5-D6C3C34228D8}.Release|x86.ActiveCfg = Release|Any CPU
		{BF12C2F6-5AE4-4D05-9DA5-D6C3C34228D8}.Release|x86.Build.0 = Release|Any CPU
		{808528F3-15DC-4CC6-A15A-0F91CBDB54E6}.Debug|Any CPU.ActiveCfg = Debug|x64
		{808528F3-15DC-4CC6-A15A-0F91CBDB54E6}.Debug|x64.ActiveCfg = Debug|x64
		{808528F3-15DC-4CC6-A15A-0F91CBDB54E6}.Debug|x64.Build.0 = Debug|x64
		{808528F3-15DC-4CC6-A15A-0F91CBDB54E6}.Debug|x86.ActiveCfg = Debug|x64
		{808528F3-15DC-4CC6-A15A-0F91CBDB54E6}.Release|Any CPU.ActiveCfg = Release|x64
		{808528F3-15DC-4CC6-A15A-0F91CBDB54E6}.Release|x64.ActiveCfg = Release|x64
		{808528F3-15DC-4CC6-A15A-0F91CBDB54E6}.Release|x64.Build.0 = Release|x64
		{808528F3-15DC-4CC6-A15A-0F91CBDB54E6}.Release|x86.ActiveCfg = Release|x64
		{8DC28743-3826-453A-B400-B0AE7B2C04E7}.Debug|Any CPU.ActiveCfg = Debug|Win32
		{8DC28743-3826-453A-B400-B0AE7B2C04E7}.Debug|x64.ActiveCfg = Debug|Win32
		{8DC28743-3826-453A-B400-B0AE7B2C04E7}.Debug|x86.ActiveCfg = Debug|Win32
		{8DC28743-3826-453A-B400-B0AE7B2C04E7}.Debug|x86.Build.0 = Debug|Win32
		{8DC28743-3826-453A-B400-B0AE7B2C04E7}.Release|Any CPU.ActiveCfg = Release|Win32
		{8DC28743-3826-453A-B400-B0AE7B2C04E7}.Release|x64.ActiveCfg = Release|Win32
		{8DC28743-3826-453A-B400-B0AE7B2C04E7}.Release|x86.ActiveCfg = Release|Win32
		{8DC28743-3826-453A-B400-B0AE7B2C04E7}.Release|x86.Build.0 = Release|Win32
		{1B3557D4-1146-428A-AEC9-12CADF994527}.Debug|Any CPU.ActiveCfg = Debug|x64
		{1B3557D4-1146-428A-AEC9-12CADF994527}.Debug|x64.ActiveCfg = Debug|x64
		{1B3557D4-1146-428A-AEC9-12CADF994527}.Debug|x64.Build.0 = Debug|x64
		{1B3557D4-1146-428A-AEC9-12CADF994527}.Debug|x86.ActiveCfg = Debug|x64
		{1B3557D4-1146-428A-AEC9-12CADF994527}.Release|Any CPU.ActiveCfg = Release|x64
		{1B3557D4-1146-428A-AEC9-12CADF994527}.Release|x64.ActiveCfg = Release|x64
		{1B3557D4-1146-428A-AEC9-12CADF994527}.Release|x64.Build.0 = Release|x64
		{1B3557D4-1146-428A-AEC9-12CADF994527}.Release|x86.ActiveCfg = Release|x64
		{0331D451-7C7A-4DB7-A11D-61708F2E8D05}.Debug|Any CPU.ActiveCfg = Debug|Win32
		{0331D451-7C7A-4DB7-A11D-61708F2E8D05}.Debug|x64.ActiveCfg = Debug|Win32
		{0331D451-7C7A-4DB7-A11D-61708F2E8D05}.Debug|x86.ActiveCfg = Debug|Win32
		{0331D451-7C7A-4DB7-A11D-61708F2E8D05}.Debug|x86.Build.0 = Debug|Win32
		{0331D451-7C7A-4DB7-A11D-61708F2E8D05}.Release|Any CPU.ActiveCfg = Release|Win32
		{0331D451-7C7A-4DB7-A11D-61708F2E8D05}.Release|x64.ActiveCfg = Release|Win32
		{0331D451-7C7A-4DB7-A11D-61708F2E8D05}.Release|x86.ActiveCfg = Release|Win32
		{0331D451-7C7A-4DB7-A11D-61708F2E8D05}.Release|x86.Build.0 = Release|Win32
		{DD846D57-B93B-46C8-BFFF-AE4C11E408B3}.Debug|Any CPU.ActiveCfg = Debug|x64
		{DD846D57-B93B-46C8-BFFF-AE4C11E408B3}.Debug|x64.ActiveCfg = Debug|x64
		{DD846D57-B93B-46C8-BFFF-AE4C11E408B3}.Debug|x64.Build.0 = Debug|x64
		{DD846D57-B93B-46C8-BFFF-AE4C11E408B3}.Debug|x86.ActiveCfg = Debug|x64
		{DD846D57-B93B-46C8-BFFF-AE4C11E408B3}.Release|Any CPU.ActiveCfg = Release|x64
		{DD846D57-B93B-46C8-BFFF-AE4C11E408B3}.Release|x64.ActiveCfg = Release|x64
		{DD846D57-B93B-46C8-BFFF-AE4C11E408B3}.Release|x64.Build.0 = Release|x64
		{DD846D57-B93B-46C8-BFFF-AE4C11E408B3}.Release|x86.ActiveCfg = Release|x64
		{63088DEC-9F99-404C-B4E8-D823D2A0018F}.Debug|Any CPU.ActiveCfg = Debug|Win32
		{63088DEC-9F99-404C-B4E8-D823D2A0018F}.Debug|x64.ActiveCfg = Debug|Win32
		{63088DEC-9F99-404C-B4E8-D823D2A0018F}.Debug|x86.ActiveCfg = Debug|Win32
		{63088DEC-9F99-404C-B4E8-D823D2A0018F}.Debug|x86.Build.0 = Debug|Win32
		{63088DEC-9F99-404C-B4E8-D823D2A0018F}.Release|Any CPU.ActiveCfg = Release|Win32
		{63088DEC-9F99-404C-B4E8-D823D2A0018F}.Release|x64.ActiveCfg = Release|Win32
		{63088DEC-9F99-404C-B4E8-D823D2A0018F}.Release|x86.ActiveCfg = Release|Win32
		{63088DEC-9F99-404C-B4E8-D823D2A0018F}.Release|x86.Build.0 = Release|Win32
		{C6148839-334D-4894-BDB9-E2D57438CF8A}.Debug|Any CPU.ActiveCfg = Debug|Win32
		{C6148839-334D-4894-BDB9-E2D57438CF8A}.Debug|x64.ActiveCfg = Debug|Win32
		{C6148839-334D-4894-BDB9-E2D57438CF8A}.Debug|x86.ActiveCfg = Debug|Win32
		{C6148839-334D-4894-BDB9-E2D57438CF8A}.Debug|x86.Build.0 = Debug|Win32
		{C6148839-334D-4894-BDB9-E2D57438CF8A}.Release|Any CPU.ActiveCfg = Release|Win32
		{C6148839-334D-4894-BDB9-E2D57438CF8A}.Release|x64.ActiveCfg = Release|Win32
		{C6148839-334D-4894-BDB9-E2D57438CF8A}.Release|x86.ActiveCfg = Release|Win32
		{C6148839-334D-4894-BDB9-E2D57438CF8A}.Release|x86.Build.0 = Release|Win32
		{FA9C7678-B9D9-46BC-8921-8152FD6787CA}.Debug|Any CPU.ActiveCfg = Debug|x64
		{FA9C7678-B9D9-46BC-8921-8152FD6787CA}.Debug|x64.ActiveCfg = Debug|x64
		{FA9C7678-B9D9-46BC-8921-8152FD6787CA}.Debug|x64.Build.0 = Debug|x64
		{FA9C7678-B9D9-46BC-8921-8152FD6787CA}.Debug|x86.ActiveCfg = Debug|x64
		{FA9C7678-B9D9-46BC-8921-8152FD6787CA}.Release|Any CPU.ActiveCfg = Release|x64
		{FA9C7678-B9D9-46BC-8921-8152FD6787CA}.Release|x64.ActiveCfg = Release|x64
		{FA9C7678-B9D9-46BC-8921-8152FD6787CA}.Release|x64.Build.0 = Release|x64
		{FA9C7678-B9D9-46BC-8921-8152FD6787CA}.Release|x86.ActiveCfg = Release|x64
		{D31231FA-69F7-4935-8D30-60267A95203B}.Debug|Any CPU.ActiveCfg = Debug|Any CPU
		{D31231FA-69F7-4935-8D30-60267A95203B}.Debug|Any CPU.Build.0 = Debug|Any CPU
		{D31231FA-69F7-4935-8D30-60267A95203B}.Debug|x64.ActiveCfg = Debug|Any CPU
		{D31231FA-69F7-4935-8D30-60267A95203B}.Debug|x64.Build.0 = Debug|Any CPU
		{D31231FA-69F7-4935-8D30-60267A95203B}.Debug|x86.ActiveCfg = Debug|Any CPU
		{D31231FA-69F7-4935-8D30-60267A95203B}.Debug|x86.Build.0 = Debug|Any CPU
		{D31231FA-69F7-4935-8D30-60267A95203B}.Release|Any CPU.ActiveCfg = Release|Any CPU
		{D31231FA-69F7-4935-8D30-60267A95203B}.Release|Any CPU.Build.0 = Release|Any CPU
		{D31231FA-69F7-4935-8D30-60267A95203B}.Release|x64.ActiveCfg = Release|Any CPU
		{D31231FA-69F7-4935-8D30-60267A95203B}.Release|x64.Build.0 = Release|Any CPU
		{D31231FA-69F7-4935-8D30-60267A95203B}.Release|x86.ActiveCfg = Release|Any CPU
		{D31231FA-69F7-4935-8D30-60267A95203B}.Release|x86.Build.0 = Release|Any CPU
		{F0617C96-0CED-4215-99CA-BBF278D6F1AA}.Debug|Any CPU.ActiveCfg = Debug|Any CPU
		{F0617C96-0CED-4215-99CA-BBF278D6F1AA}.Debug|Any CPU.Build.0 = Debug|Any CPU
		{F0617C96-0CED-4215-99CA-BBF278D6F1AA}.Debug|x64.ActiveCfg = Debug|Any CPU
		{F0617C96-0CED-4215-99CA-BBF278D6F1AA}.Debug|x64.Build.0 = Debug|Any CPU
		{F0617C96-0CED-4215-99CA-BBF278D6F1AA}.Debug|x86.ActiveCfg = Debug|Any CPU
		{F0617C96-0CED-4215-99CA-BBF278D6F1AA}.Debug|x86.Build.0 = Debug|Any CPU
		{F0617C96-0CED-4215-99CA-BBF278D6F1AA}.Release|Any CPU.ActiveCfg = Release|Any CPU
		{F0617C96-0CED-4215-99CA-BBF278D6F1AA}.Release|Any CPU.Build.0 = Release|Any CPU
		{F0617C96-0CED-4215-99CA-BBF278D6F1AA}.Release|x64.ActiveCfg = Release|Any CPU
		{F0617C96-0CED-4215-99CA-BBF278D6F1AA}.Release|x64.Build.0 = Release|Any CPU
		{F0617C96-0CED-4215-99CA-BBF278D6F1AA}.Release|x86.ActiveCfg = Release|Any CPU
		{F0617C96-0CED-4215-99CA-BBF278D6F1AA}.Release|x86.Build.0 = Release|Any CPU
	EndGlobalSection
	GlobalSection(SolutionProperties) = preSolution
		HideSolutionNode = FALSE
	EndGlobalSection
	GlobalSection(NestedProjects) = preSolution
		{FB7608E8-FA90-4445-A7F2-430E6A518798} = {43ED1185-9895-4B31-8889-7C0477591BF1}
		{50FAD02E-6763-47A4-8592-A8BEC8658948} = {3CAE7F87-9013-49B0-96B7-8C96055B8380}
		{C8E554D2-A63B-405E-A047-E792A7AC42AD} = {D0E1FAE5-EA1F-46EC-B1B0-7FE05C09BF98}
		{BF12C2F6-5AE4-4D05-9DA5-D6C3C34228D8} = {43ED1185-9895-4B31-8889-7C0477591BF1}
		{808528F3-15DC-4CC6-A15A-0F91CBDB54E6} = {943D00FB-3DF2-46DD-A7CD-DC0F25CF2EF3}
		{8DC28743-3826-453A-B400-B0AE7B2C04E7} = {943D00FB-3DF2-46DD-A7CD-DC0F25CF2EF3}
		{1B3557D4-1146-428A-AEC9-12CADF994527} = {943D00FB-3DF2-46DD-A7CD-DC0F25CF2EF3}
		{0331D451-7C7A-4DB7-A11D-61708F2E8D05} = {943D00FB-3DF2-46DD-A7CD-DC0F25CF2EF3}
		{DD846D57-B93B-46C8-BFFF-AE4C11E408B3} = {943D00FB-3DF2-46DD-A7CD-DC0F25CF2EF3}
		{63088DEC-9F99-404C-B4E8-D823D2A0018F} = {943D00FB-3DF2-46DD-A7CD-DC0F25CF2EF3}
		{C6148839-334D-4894-BDB9-E2D57438CF8A} = {943D00FB-3DF2-46DD-A7CD-DC0F25CF2EF3}
		{FA9C7678-B9D9-46BC-8921-8152FD6787CA} = {943D00FB-3DF2-46DD-A7CD-DC0F25CF2EF3}
		{D31231FA-69F7-4935-8D30-60267A95203B} = {CFA78DF7-BD2F-449E-8666-2FFE4358A789}
		{F0617C96-0CED-4215-99CA-BBF278D6F1AA} = {CFA78DF7-BD2F-449E-8666-2FFE4358A789}
	EndGlobalSection
	GlobalSection(ExtensibilityGlobals) = postSolution
		SolutionGuid = {4A7E4FCE-FCEB-485B-AE5F-ECF6918D5DA7}
	EndGlobalSection
EndGlobal
