
Microsoft Visual Studio Solution File, Format Version 12.00
# Visual Studio 2012
Project("{FAE04EC0-301F-11D3-BF4B-00C04F79EFBC}") = "DICOM", "DICOM\DICOM.csproj", "{D6E309B0-4837-459E-8C85-ABC268440D62}"
EndProject
Project("{8BC9CEB8-8B4A-11D0-8D11-00A0C91BC942}") = "libijg8.x86", "DICOM [Native]\x86\libijg8.x86.vcxproj", "{8DC28743-3826-453A-B400-B0AE7B2C04E7}"
EndProject
Project("{8BC9CEB8-8B4A-11D0-8D11-00A0C91BC942}") = "libijg12.x86", "DICOM [Native]\x86\libijg12.x86.vcxproj", "{0331D451-7C7A-4DB7-A11D-61708F2E8D05}"
EndProject
Project("{8BC9CEB8-8B4A-11D0-8D11-00A0C91BC942}") = "libijg16.x86", "DICOM [Native]\x86\libijg16.x86.vcxproj", "{63088DEC-9F99-404C-B4E8-D823D2A0018F}"
EndProject
Project("{8BC9CEB8-8B4A-11D0-8D11-00A0C91BC942}") = "libijg8.x64", "DICOM [Native]\x64\libijg8.x64.vcxproj", "{808528F3-15DC-4CC6-A15A-0F91CBDB54E6}"
EndProject
Project("{8BC9CEB8-8B4A-11D0-8D11-00A0C91BC942}") = "libijg12.x64", "DICOM [Native]\x64\libijg12.x64.vcxproj", "{1B3557D4-1146-428A-AEC9-12CADF994527}"
EndProject
Project("{8BC9CEB8-8B4A-11D0-8D11-00A0C91BC942}") = "libijg16.x64", "DICOM [Native]\x64\libijg16.x64.vcxproj", "{DD846D57-B93B-46C8-BFFF-AE4C11E408B3}"
EndProject
Project("{2150E333-8FDC-42A3-9474-1A3956D46DE8}") = "Native Dependencies", "Native Dependencies", "{A1D10E37-DC32-4A8E-ABFF-5E5FB3A9687C}"
EndProject
Project("{8BC9CEB8-8B4A-11D0-8D11-00A0C91BC942}") = "DICOM [Native64]", "DICOM [Native]\x64\DICOM [Native64].vcxproj", "{FA9C7678-B9D9-46BC-8921-8152FD6787CA}"
EndProject
Project("{8BC9CEB8-8B4A-11D0-8D11-00A0C91BC942}") = "DICOM [Native]", "DICOM [Native]\x86\DICOM [Native].vcxproj", "{C6148839-334D-4894-BDB9-E2D57438CF8A}"
EndProject
Project("{2150E333-8FDC-42A3-9474-1A3956D46DE8}") = "Documents", "Documents", "{733FD5EE-8360-4AA1-8821-80D3D87DEBDA}"
	ProjectSection(SolutionItems) = preProject
		ChangeLog.md = ChangeLog.md
		License.txt = License.txt
		README.md = README.md
		Todo.md = Todo.md
	EndProjectSection
EndProject
Project("{2150E333-8FDC-42A3-9474-1A3956D46DE8}") = "Solution Items", "Solution Items", "{1E86A172-B9C5-4BBF-BD0F-22507432C8A5}"
	ProjectSection(SolutionItems) = preProject
		fo-dicom.nuspec = fo-dicom.nuspec
		Local.testsettings = Local.testsettings
		TraceAndTestImpact.testsettings = TraceAndTestImpact.testsettings
	EndProjectSection
EndProject
Project("{FAE04EC0-301F-11D3-BF4B-00C04F79EFBC}") = "DICOM [Unit Tests]", "DICOM [Unit Tests]\DICOM [Unit Tests].csproj", "{6D0CE6E2-BC02-4E83-8697-18B47CBEF842}"
EndProject
Project("{FAE04EC0-301F-11D3-BF4B-00C04F79EFBC}") = "Store.DICOM", "DICOM\Store.DICOM.csproj", "{03FE7C6B-BE2C-4138-BE6A-EBA951122EC8}"
EndProject
Project("{FAE04EC0-301F-11D3-BF4B-00C04F79EFBC}") = "Store.DICOM [Unit Tests]", "Store.DICOM [Unit Tests]\Store.DICOM [Unit Tests].csproj", "{45CCAA4D-0A17-413A-AD37-B334CEE74207}"
EndProject
Project("{FAE04EC0-301F-11D3-BF4B-00C04F79EFBC}") = "Store.DICOM.Dump", "Store.DICOM.Dump\Store.DICOM.Dump.csproj", "{3EBDF8A1-5C43-4A82-A402-1406BF3CE83D}"
EndProject
Global
	GlobalSection(TestCaseManagementSettings) = postSolution
		CategoryFile = DICOM.vsmdi
	EndGlobalSection
	GlobalSection(SolutionConfigurationPlatforms) = preSolution
		Debug|Any CPU = Debug|Any CPU
		Debug|ARM = Debug|ARM
		Debug|Mixed Platforms = Debug|Mixed Platforms
		Debug|x64 = Debug|x64
		Debug|x86 = Debug|x86
		Release|Any CPU = Release|Any CPU
		Release|ARM = Release|ARM
		Release|Mixed Platforms = Release|Mixed Platforms
		Release|x64 = Release|x64
		Release|x86 = Release|x86
	EndGlobalSection
	GlobalSection(ProjectConfigurationPlatforms) = postSolution
		{D6E309B0-4837-459E-8C85-ABC268440D62}.Debug|Any CPU.ActiveCfg = Debug|Any CPU
		{D6E309B0-4837-459E-8C85-ABC268440D62}.Debug|Any CPU.Build.0 = Debug|Any CPU
		{D6E309B0-4837-459E-8C85-ABC268440D62}.Debug|ARM.ActiveCfg = Debug|Any CPU
		{D6E309B0-4837-459E-8C85-ABC268440D62}.Debug|Mixed Platforms.ActiveCfg = Debug|Any CPU
		{D6E309B0-4837-459E-8C85-ABC268440D62}.Debug|Mixed Platforms.Build.0 = Debug|Any CPU
		{D6E309B0-4837-459E-8C85-ABC268440D62}.Debug|x64.ActiveCfg = Debug|Any CPU
		{D6E309B0-4837-459E-8C85-ABC268440D62}.Debug|x86.ActiveCfg = Debug|Any CPU
		{D6E309B0-4837-459E-8C85-ABC268440D62}.Release|Any CPU.ActiveCfg = Release|Any CPU
		{D6E309B0-4837-459E-8C85-ABC268440D62}.Release|Any CPU.Build.0 = Release|Any CPU
		{D6E309B0-4837-459E-8C85-ABC268440D62}.Release|ARM.ActiveCfg = Release|Any CPU
		{D6E309B0-4837-459E-8C85-ABC268440D62}.Release|Mixed Platforms.ActiveCfg = Release|Any CPU
		{D6E309B0-4837-459E-8C85-ABC268440D62}.Release|Mixed Platforms.Build.0 = Release|Any CPU
		{D6E309B0-4837-459E-8C85-ABC268440D62}.Release|x64.ActiveCfg = Release|Any CPU
		{D6E309B0-4837-459E-8C85-ABC268440D62}.Release|x86.ActiveCfg = Release|Any CPU
		{8DC28743-3826-453A-B400-B0AE7B2C04E7}.Debug|Any CPU.ActiveCfg = Debug|Win32
		{8DC28743-3826-453A-B400-B0AE7B2C04E7}.Debug|Any CPU.Build.0 = Debug|Win32
		{8DC28743-3826-453A-B400-B0AE7B2C04E7}.Debug|ARM.ActiveCfg = Debug|Win32
		{8DC28743-3826-453A-B400-B0AE7B2C04E7}.Debug|Mixed Platforms.ActiveCfg = Debug|Win32
		{8DC28743-3826-453A-B400-B0AE7B2C04E7}.Debug|Mixed Platforms.Build.0 = Debug|Win32
		{8DC28743-3826-453A-B400-B0AE7B2C04E7}.Debug|x64.ActiveCfg = Debug|Win32
		{8DC28743-3826-453A-B400-B0AE7B2C04E7}.Debug|x86.ActiveCfg = Debug|Win32
		{8DC28743-3826-453A-B400-B0AE7B2C04E7}.Debug|x86.Build.0 = Debug|Win32
		{8DC28743-3826-453A-B400-B0AE7B2C04E7}.Release|Any CPU.ActiveCfg = Release|Win32
		{8DC28743-3826-453A-B400-B0AE7B2C04E7}.Release|Any CPU.Build.0 = Release|Win32
		{8DC28743-3826-453A-B400-B0AE7B2C04E7}.Release|ARM.ActiveCfg = Release|Win32
		{8DC28743-3826-453A-B400-B0AE7B2C04E7}.Release|Mixed Platforms.ActiveCfg = Release|Win32
		{8DC28743-3826-453A-B400-B0AE7B2C04E7}.Release|Mixed Platforms.Build.0 = Release|Win32
		{8DC28743-3826-453A-B400-B0AE7B2C04E7}.Release|x64.ActiveCfg = Release|Win32
		{8DC28743-3826-453A-B400-B0AE7B2C04E7}.Release|x86.ActiveCfg = Release|Win32
		{8DC28743-3826-453A-B400-B0AE7B2C04E7}.Release|x86.Build.0 = Release|Win32
		{0331D451-7C7A-4DB7-A11D-61708F2E8D05}.Debug|Any CPU.ActiveCfg = Debug|Win32
		{0331D451-7C7A-4DB7-A11D-61708F2E8D05}.Debug|Any CPU.Build.0 = Debug|Win32
		{0331D451-7C7A-4DB7-A11D-61708F2E8D05}.Debug|ARM.ActiveCfg = Debug|Win32
		{0331D451-7C7A-4DB7-A11D-61708F2E8D05}.Debug|Mixed Platforms.ActiveCfg = Debug|Win32
		{0331D451-7C7A-4DB7-A11D-61708F2E8D05}.Debug|Mixed Platforms.Build.0 = Debug|Win32
		{0331D451-7C7A-4DB7-A11D-61708F2E8D05}.Debug|x64.ActiveCfg = Debug|Win32
		{0331D451-7C7A-4DB7-A11D-61708F2E8D05}.Debug|x86.ActiveCfg = Debug|Win32
		{0331D451-7C7A-4DB7-A11D-61708F2E8D05}.Debug|x86.Build.0 = Debug|Win32
		{0331D451-7C7A-4DB7-A11D-61708F2E8D05}.Release|Any CPU.ActiveCfg = Release|Win32
		{0331D451-7C7A-4DB7-A11D-61708F2E8D05}.Release|Any CPU.Build.0 = Release|Win32
		{0331D451-7C7A-4DB7-A11D-61708F2E8D05}.Release|ARM.ActiveCfg = Release|Win32
		{0331D451-7C7A-4DB7-A11D-61708F2E8D05}.Release|Mixed Platforms.ActiveCfg = Release|Win32
		{0331D451-7C7A-4DB7-A11D-61708F2E8D05}.Release|Mixed Platforms.Build.0 = Release|Win32
		{0331D451-7C7A-4DB7-A11D-61708F2E8D05}.Release|x64.ActiveCfg = Release|Win32
		{0331D451-7C7A-4DB7-A11D-61708F2E8D05}.Release|x86.ActiveCfg = Release|Win32
		{0331D451-7C7A-4DB7-A11D-61708F2E8D05}.Release|x86.Build.0 = Release|Win32
		{63088DEC-9F99-404C-B4E8-D823D2A0018F}.Debug|Any CPU.ActiveCfg = Debug|Win32
		{63088DEC-9F99-404C-B4E8-D823D2A0018F}.Debug|Any CPU.Build.0 = Debug|Win32
		{63088DEC-9F99-404C-B4E8-D823D2A0018F}.Debug|ARM.ActiveCfg = Debug|Win32
		{63088DEC-9F99-404C-B4E8-D823D2A0018F}.Debug|Mixed Platforms.ActiveCfg = Debug|Win32
		{63088DEC-9F99-404C-B4E8-D823D2A0018F}.Debug|Mixed Platforms.Build.0 = Debug|Win32
		{63088DEC-9F99-404C-B4E8-D823D2A0018F}.Debug|x64.ActiveCfg = Debug|Win32
		{63088DEC-9F99-404C-B4E8-D823D2A0018F}.Debug|x86.ActiveCfg = Debug|Win32
		{63088DEC-9F99-404C-B4E8-D823D2A0018F}.Debug|x86.Build.0 = Debug|Win32
		{63088DEC-9F99-404C-B4E8-D823D2A0018F}.Release|Any CPU.ActiveCfg = Release|Win32
		{63088DEC-9F99-404C-B4E8-D823D2A0018F}.Release|Any CPU.Build.0 = Release|Win32
		{63088DEC-9F99-404C-B4E8-D823D2A0018F}.Release|ARM.ActiveCfg = Release|Win32
		{63088DEC-9F99-404C-B4E8-D823D2A0018F}.Release|Mixed Platforms.ActiveCfg = Release|Win32
		{63088DEC-9F99-404C-B4E8-D823D2A0018F}.Release|Mixed Platforms.Build.0 = Release|Win32
		{63088DEC-9F99-404C-B4E8-D823D2A0018F}.Release|x64.ActiveCfg = Release|Win32
		{63088DEC-9F99-404C-B4E8-D823D2A0018F}.Release|x86.ActiveCfg = Release|Win32
		{63088DEC-9F99-404C-B4E8-D823D2A0018F}.Release|x86.Build.0 = Release|Win32
		{808528F3-15DC-4CC6-A15A-0F91CBDB54E6}.Debug|Any CPU.ActiveCfg = Debug|x64
		{808528F3-15DC-4CC6-A15A-0F91CBDB54E6}.Debug|Any CPU.Build.0 = Debug|x64
		{808528F3-15DC-4CC6-A15A-0F91CBDB54E6}.Debug|ARM.ActiveCfg = Debug|x64
		{808528F3-15DC-4CC6-A15A-0F91CBDB54E6}.Debug|Mixed Platforms.ActiveCfg = Debug|x64
		{808528F3-15DC-4CC6-A15A-0F91CBDB54E6}.Debug|Mixed Platforms.Build.0 = Debug|x64
		{808528F3-15DC-4CC6-A15A-0F91CBDB54E6}.Debug|x64.ActiveCfg = Debug|x64
		{808528F3-15DC-4CC6-A15A-0F91CBDB54E6}.Debug|x64.Build.0 = Debug|x64
		{808528F3-15DC-4CC6-A15A-0F91CBDB54E6}.Debug|x86.ActiveCfg = Debug|x64
		{808528F3-15DC-4CC6-A15A-0F91CBDB54E6}.Release|Any CPU.ActiveCfg = Release|x64
		{808528F3-15DC-4CC6-A15A-0F91CBDB54E6}.Release|Any CPU.Build.0 = Release|x64
		{808528F3-15DC-4CC6-A15A-0F91CBDB54E6}.Release|ARM.ActiveCfg = Release|x64
		{808528F3-15DC-4CC6-A15A-0F91CBDB54E6}.Release|Mixed Platforms.ActiveCfg = Release|x64
		{808528F3-15DC-4CC6-A15A-0F91CBDB54E6}.Release|Mixed Platforms.Build.0 = Release|x64
		{808528F3-15DC-4CC6-A15A-0F91CBDB54E6}.Release|x64.ActiveCfg = Release|x64
		{808528F3-15DC-4CC6-A15A-0F91CBDB54E6}.Release|x64.Build.0 = Release|x64
		{808528F3-15DC-4CC6-A15A-0F91CBDB54E6}.Release|x86.ActiveCfg = Release|x64
		{1B3557D4-1146-428A-AEC9-12CADF994527}.Debug|Any CPU.ActiveCfg = Debug|x64
		{1B3557D4-1146-428A-AEC9-12CADF994527}.Debug|Any CPU.Build.0 = Debug|x64
		{1B3557D4-1146-428A-AEC9-12CADF994527}.Debug|ARM.ActiveCfg = Debug|x64
		{1B3557D4-1146-428A-AEC9-12CADF994527}.Debug|Mixed Platforms.ActiveCfg = Debug|x64
		{1B3557D4-1146-428A-AEC9-12CADF994527}.Debug|Mixed Platforms.Build.0 = Debug|x64
		{1B3557D4-1146-428A-AEC9-12CADF994527}.Debug|x64.ActiveCfg = Debug|x64
		{1B3557D4-1146-428A-AEC9-12CADF994527}.Debug|x64.Build.0 = Debug|x64
		{1B3557D4-1146-428A-AEC9-12CADF994527}.Debug|x86.ActiveCfg = Debug|x64
		{1B3557D4-1146-428A-AEC9-12CADF994527}.Release|Any CPU.ActiveCfg = Release|x64
		{1B3557D4-1146-428A-AEC9-12CADF994527}.Release|Any CPU.Build.0 = Release|x64
		{1B3557D4-1146-428A-AEC9-12CADF994527}.Release|ARM.ActiveCfg = Release|x64
		{1B3557D4-1146-428A-AEC9-12CADF994527}.Release|Mixed Platforms.ActiveCfg = Release|x64
		{1B3557D4-1146-428A-AEC9-12CADF994527}.Release|Mixed Platforms.Build.0 = Release|x64
		{1B3557D4-1146-428A-AEC9-12CADF994527}.Release|x64.ActiveCfg = Release|x64
		{1B3557D4-1146-428A-AEC9-12CADF994527}.Release|x64.Build.0 = Release|x64
		{1B3557D4-1146-428A-AEC9-12CADF994527}.Release|x86.ActiveCfg = Release|x64
		{DD846D57-B93B-46C8-BFFF-AE4C11E408B3}.Debug|Any CPU.ActiveCfg = Debug|x64
		{DD846D57-B93B-46C8-BFFF-AE4C11E408B3}.Debug|Any CPU.Build.0 = Debug|x64
		{DD846D57-B93B-46C8-BFFF-AE4C11E408B3}.Debug|ARM.ActiveCfg = Debug|x64
		{DD846D57-B93B-46C8-BFFF-AE4C11E408B3}.Debug|Mixed Platforms.ActiveCfg = Debug|x64
		{DD846D57-B93B-46C8-BFFF-AE4C11E408B3}.Debug|Mixed Platforms.Build.0 = Debug|x64
		{DD846D57-B93B-46C8-BFFF-AE4C11E408B3}.Debug|x64.ActiveCfg = Debug|x64
		{DD846D57-B93B-46C8-BFFF-AE4C11E408B3}.Debug|x64.Build.0 = Debug|x64
		{DD846D57-B93B-46C8-BFFF-AE4C11E408B3}.Debug|x86.ActiveCfg = Debug|x64
		{DD846D57-B93B-46C8-BFFF-AE4C11E408B3}.Release|Any CPU.ActiveCfg = Release|x64
		{DD846D57-B93B-46C8-BFFF-AE4C11E408B3}.Release|Any CPU.Build.0 = Release|x64
		{DD846D57-B93B-46C8-BFFF-AE4C11E408B3}.Release|ARM.ActiveCfg = Release|x64
		{DD846D57-B93B-46C8-BFFF-AE4C11E408B3}.Release|Mixed Platforms.ActiveCfg = Release|x64
		{DD846D57-B93B-46C8-BFFF-AE4C11E408B3}.Release|Mixed Platforms.Build.0 = Release|x64
		{DD846D57-B93B-46C8-BFFF-AE4C11E408B3}.Release|x64.ActiveCfg = Release|x64
		{DD846D57-B93B-46C8-BFFF-AE4C11E408B3}.Release|x64.Build.0 = Release|x64
		{DD846D57-B93B-46C8-BFFF-AE4C11E408B3}.Release|x86.ActiveCfg = Release|x64
		{FA9C7678-B9D9-46BC-8921-8152FD6787CA}.Debug|Any CPU.ActiveCfg = Debug|x64
		{FA9C7678-B9D9-46BC-8921-8152FD6787CA}.Debug|Any CPU.Build.0 = Debug|x64
		{FA9C7678-B9D9-46BC-8921-8152FD6787CA}.Debug|ARM.ActiveCfg = Debug|x64
		{FA9C7678-B9D9-46BC-8921-8152FD6787CA}.Debug|Mixed Platforms.ActiveCfg = Debug|x64
		{FA9C7678-B9D9-46BC-8921-8152FD6787CA}.Debug|Mixed Platforms.Build.0 = Debug|x64
		{FA9C7678-B9D9-46BC-8921-8152FD6787CA}.Debug|x64.ActiveCfg = Debug|x64
		{FA9C7678-B9D9-46BC-8921-8152FD6787CA}.Debug|x64.Build.0 = Debug|x64
		{FA9C7678-B9D9-46BC-8921-8152FD6787CA}.Debug|x86.ActiveCfg = Debug|x64
		{FA9C7678-B9D9-46BC-8921-8152FD6787CA}.Release|Any CPU.ActiveCfg = Release|x64
		{FA9C7678-B9D9-46BC-8921-8152FD6787CA}.Release|Any CPU.Build.0 = Release|x64
		{FA9C7678-B9D9-46BC-8921-8152FD6787CA}.Release|ARM.ActiveCfg = Release|x64
		{FA9C7678-B9D9-46BC-8921-8152FD6787CA}.Release|Mixed Platforms.ActiveCfg = Release|x64
		{FA9C7678-B9D9-46BC-8921-8152FD6787CA}.Release|Mixed Platforms.Build.0 = Release|x64
		{FA9C7678-B9D9-46BC-8921-8152FD6787CA}.Release|x64.ActiveCfg = Release|x64
		{FA9C7678-B9D9-46BC-8921-8152FD6787CA}.Release|x64.Build.0 = Release|x64
		{FA9C7678-B9D9-46BC-8921-8152FD6787CA}.Release|x86.ActiveCfg = Release|x64
		{C6148839-334D-4894-BDB9-E2D57438CF8A}.Debug|Any CPU.ActiveCfg = Debug|Win32
		{C6148839-334D-4894-BDB9-E2D57438CF8A}.Debug|Any CPU.Build.0 = Debug|Win32
		{C6148839-334D-4894-BDB9-E2D57438CF8A}.Debug|ARM.ActiveCfg = Debug|Win32
		{C6148839-334D-4894-BDB9-E2D57438CF8A}.Debug|Mixed Platforms.ActiveCfg = Debug|Win32
		{C6148839-334D-4894-BDB9-E2D57438CF8A}.Debug|Mixed Platforms.Build.0 = Debug|Win32
		{C6148839-334D-4894-BDB9-E2D57438CF8A}.Debug|x64.ActiveCfg = Debug|Win32
		{C6148839-334D-4894-BDB9-E2D57438CF8A}.Debug|x86.ActiveCfg = Debug|Win32
		{C6148839-334D-4894-BDB9-E2D57438CF8A}.Debug|x86.Build.0 = Debug|Win32
		{C6148839-334D-4894-BDB9-E2D57438CF8A}.Release|Any CPU.ActiveCfg = Release|Win32
		{C6148839-334D-4894-BDB9-E2D57438CF8A}.Release|Any CPU.Build.0 = Release|Win32
		{C6148839-334D-4894-BDB9-E2D57438CF8A}.Release|ARM.ActiveCfg = Release|Win32
		{C6148839-334D-4894-BDB9-E2D57438CF8A}.Release|Mixed Platforms.ActiveCfg = Release|Win32
		{C6148839-334D-4894-BDB9-E2D57438CF8A}.Release|Mixed Platforms.Build.0 = Release|Win32
		{C6148839-334D-4894-BDB9-E2D57438CF8A}.Release|x64.ActiveCfg = Release|Win32
		{C6148839-334D-4894-BDB9-E2D57438CF8A}.Release|x86.ActiveCfg = Release|Win32
		{C6148839-334D-4894-BDB9-E2D57438CF8A}.Release|x86.Build.0 = Release|Win32
		{6D0CE6E2-BC02-4E83-8697-18B47CBEF842}.Debug|Any CPU.ActiveCfg = Debug|Any CPU
		{6D0CE6E2-BC02-4E83-8697-18B47CBEF842}.Debug|Any CPU.Build.0 = Debug|Any CPU
		{6D0CE6E2-BC02-4E83-8697-18B47CBEF842}.Debug|ARM.ActiveCfg = Debug|Any CPU
		{6D0CE6E2-BC02-4E83-8697-18B47CBEF842}.Debug|Mixed Platforms.ActiveCfg = Debug|Any CPU
		{6D0CE6E2-BC02-4E83-8697-18B47CBEF842}.Debug|Mixed Platforms.Build.0 = Debug|Any CPU
		{6D0CE6E2-BC02-4E83-8697-18B47CBEF842}.Debug|x64.ActiveCfg = Debug|Any CPU
		{6D0CE6E2-BC02-4E83-8697-18B47CBEF842}.Debug|x86.ActiveCfg = Debug|Any CPU
		{6D0CE6E2-BC02-4E83-8697-18B47CBEF842}.Release|Any CPU.ActiveCfg = Release|Any CPU
		{6D0CE6E2-BC02-4E83-8697-18B47CBEF842}.Release|Any CPU.Build.0 = Release|Any CPU
		{6D0CE6E2-BC02-4E83-8697-18B47CBEF842}.Release|ARM.ActiveCfg = Release|Any CPU
		{6D0CE6E2-BC02-4E83-8697-18B47CBEF842}.Release|Mixed Platforms.ActiveCfg = Release|Any CPU
		{6D0CE6E2-BC02-4E83-8697-18B47CBEF842}.Release|Mixed Platforms.Build.0 = Release|Any CPU
		{6D0CE6E2-BC02-4E83-8697-18B47CBEF842}.Release|x64.ActiveCfg = Release|Any CPU
		{6D0CE6E2-BC02-4E83-8697-18B47CBEF842}.Release|x86.ActiveCfg = Release|Any CPU
		{03FE7C6B-BE2C-4138-BE6A-EBA951122EC8}.Debug|Any CPU.ActiveCfg = Debug|Any CPU
		{03FE7C6B-BE2C-4138-BE6A-EBA951122EC8}.Debug|Any CPU.Build.0 = Debug|Any CPU
		{03FE7C6B-BE2C-4138-BE6A-EBA951122EC8}.Debug|ARM.ActiveCfg = Debug|ARM
		{03FE7C6B-BE2C-4138-BE6A-EBA951122EC8}.Debug|ARM.Build.0 = Debug|ARM
		{03FE7C6B-BE2C-4138-BE6A-EBA951122EC8}.Debug|Mixed Platforms.ActiveCfg = Debug|x86
		{03FE7C6B-BE2C-4138-BE6A-EBA951122EC8}.Debug|Mixed Platforms.Build.0 = Debug|x86
		{03FE7C6B-BE2C-4138-BE6A-EBA951122EC8}.Debug|x64.ActiveCfg = Debug|x64
		{03FE7C6B-BE2C-4138-BE6A-EBA951122EC8}.Debug|x64.Build.0 = Debug|x64
		{03FE7C6B-BE2C-4138-BE6A-EBA951122EC8}.Debug|x86.ActiveCfg = Debug|x86
		{03FE7C6B-BE2C-4138-BE6A-EBA951122EC8}.Debug|x86.Build.0 = Debug|x86
		{03FE7C6B-BE2C-4138-BE6A-EBA951122EC8}.Release|Any CPU.ActiveCfg = Release|Any CPU
		{03FE7C6B-BE2C-4138-BE6A-EBA951122EC8}.Release|Any CPU.Build.0 = Release|Any CPU
		{03FE7C6B-BE2C-4138-BE6A-EBA951122EC8}.Release|ARM.ActiveCfg = Release|ARM
		{03FE7C6B-BE2C-4138-BE6A-EBA951122EC8}.Release|ARM.Build.0 = Release|ARM
		{03FE7C6B-BE2C-4138-BE6A-EBA951122EC8}.Release|Mixed Platforms.ActiveCfg = Release|x86
		{03FE7C6B-BE2C-4138-BE6A-EBA951122EC8}.Release|Mixed Platforms.Build.0 = Release|x86
		{03FE7C6B-BE2C-4138-BE6A-EBA951122EC8}.Release|x64.ActiveCfg = Release|x64
		{03FE7C6B-BE2C-4138-BE6A-EBA951122EC8}.Release|x64.Build.0 = Release|x64
		{03FE7C6B-BE2C-4138-BE6A-EBA951122EC8}.Release|x86.ActiveCfg = Release|x86
		{03FE7C6B-BE2C-4138-BE6A-EBA951122EC8}.Release|x86.Build.0 = Release|x86
		{45CCAA4D-0A17-413A-AD37-B334CEE74207}.Debug|Any CPU.ActiveCfg = Debug|Any CPU
		{45CCAA4D-0A17-413A-AD37-B334CEE74207}.Debug|Any CPU.Build.0 = Debug|Any CPU
		{45CCAA4D-0A17-413A-AD37-B334CEE74207}.Debug|ARM.ActiveCfg = Debug|ARM
		{45CCAA4D-0A17-413A-AD37-B334CEE74207}.Debug|ARM.Build.0 = Debug|ARM
		{45CCAA4D-0A17-413A-AD37-B334CEE74207}.Debug|ARM.Deploy.0 = Debug|ARM
		{45CCAA4D-0A17-413A-AD37-B334CEE74207}.Debug|Mixed Platforms.ActiveCfg = Debug|x86
		{45CCAA4D-0A17-413A-AD37-B334CEE74207}.Debug|Mixed Platforms.Build.0 = Debug|x86
		{45CCAA4D-0A17-413A-AD37-B334CEE74207}.Debug|Mixed Platforms.Deploy.0 = Debug|x86
		{45CCAA4D-0A17-413A-AD37-B334CEE74207}.Debug|x64.ActiveCfg = Debug|x64
		{45CCAA4D-0A17-413A-AD37-B334CEE74207}.Debug|x64.Build.0 = Debug|x64
		{45CCAA4D-0A17-413A-AD37-B334CEE74207}.Debug|x64.Deploy.0 = Debug|x64
		{45CCAA4D-0A17-413A-AD37-B334CEE74207}.Debug|x86.ActiveCfg = Debug|x86
		{45CCAA4D-0A17-413A-AD37-B334CEE74207}.Debug|x86.Build.0 = Debug|x86
		{45CCAA4D-0A17-413A-AD37-B334CEE74207}.Debug|x86.Deploy.0 = Debug|x86
		{45CCAA4D-0A17-413A-AD37-B334CEE74207}.Release|Any CPU.ActiveCfg = Release|Any CPU
		{45CCAA4D-0A17-413A-AD37-B334CEE74207}.Release|Any CPU.Build.0 = Release|Any CPU
		{45CCAA4D-0A17-413A-AD37-B334CEE74207}.Release|ARM.ActiveCfg = Release|ARM
		{45CCAA4D-0A17-413A-AD37-B334CEE74207}.Release|ARM.Build.0 = Release|ARM
		{45CCAA4D-0A17-413A-AD37-B334CEE74207}.Release|ARM.Deploy.0 = Release|ARM
		{45CCAA4D-0A17-413A-AD37-B334CEE74207}.Release|Mixed Platforms.ActiveCfg = Release|x86
		{45CCAA4D-0A17-413A-AD37-B334CEE74207}.Release|Mixed Platforms.Build.0 = Release|x86
		{45CCAA4D-0A17-413A-AD37-B334CEE74207}.Release|Mixed Platforms.Deploy.0 = Release|x86
		{45CCAA4D-0A17-413A-AD37-B334CEE74207}.Release|x64.ActiveCfg = Release|x64
		{45CCAA4D-0A17-413A-AD37-B334CEE74207}.Release|x64.Build.0 = Release|x64
		{45CCAA4D-0A17-413A-AD37-B334CEE74207}.Release|x64.Deploy.0 = Release|x64
		{45CCAA4D-0A17-413A-AD37-B334CEE74207}.Release|x86.ActiveCfg = Release|x86
		{45CCAA4D-0A17-413A-AD37-B334CEE74207}.Release|x86.Build.0 = Release|x86
		{45CCAA4D-0A17-413A-AD37-B334CEE74207}.Release|x86.Deploy.0 = Release|x86
		{3EBDF8A1-5C43-4A82-A402-1406BF3CE83D}.Debug|Any CPU.ActiveCfg = Debug|Any CPU
		{3EBDF8A1-5C43-4A82-A402-1406BF3CE83D}.Debug|Any CPU.Build.0 = Debug|Any CPU
		{3EBDF8A1-5C43-4A82-A402-1406BF3CE83D}.Debug|Any CPU.Deploy.0 = Debug|Any CPU
		{3EBDF8A1-5C43-4A82-A402-1406BF3CE83D}.Debug|ARM.ActiveCfg = Debug|ARM
		{3EBDF8A1-5C43-4A82-A402-1406BF3CE83D}.Debug|ARM.Build.0 = Debug|ARM
		{3EBDF8A1-5C43-4A82-A402-1406BF3CE83D}.Debug|ARM.Deploy.0 = Debug|ARM
		{3EBDF8A1-5C43-4A82-A402-1406BF3CE83D}.Debug|Mixed Platforms.ActiveCfg = Debug|x86
		{3EBDF8A1-5C43-4A82-A402-1406BF3CE83D}.Debug|Mixed Platforms.Build.0 = Debug|x86
		{3EBDF8A1-5C43-4A82-A402-1406BF3CE83D}.Debug|Mixed Platforms.Deploy.0 = Debug|x86
		{3EBDF8A1-5C43-4A82-A402-1406BF3CE83D}.Debug|x64.ActiveCfg = Debug|x64
		{3EBDF8A1-5C43-4A82-A402-1406BF3CE83D}.Debug|x64.Build.0 = Debug|x64
		{3EBDF8A1-5C43-4A82-A402-1406BF3CE83D}.Debug|x64.Deploy.0 = Debug|x64
		{3EBDF8A1-5C43-4A82-A402-1406BF3CE83D}.Debug|x86.ActiveCfg = Debug|x86
		{3EBDF8A1-5C43-4A82-A402-1406BF3CE83D}.Debug|x86.Build.0 = Debug|x86
		{3EBDF8A1-5C43-4A82-A402-1406BF3CE83D}.Debug|x86.Deploy.0 = Debug|x86
		{3EBDF8A1-5C43-4A82-A402-1406BF3CE83D}.Release|Any CPU.ActiveCfg = Release|Any CPU
		{3EBDF8A1-5C43-4A82-A402-1406BF3CE83D}.Release|Any CPU.Build.0 = Release|Any CPU
		{3EBDF8A1-5C43-4A82-A402-1406BF3CE83D}.Release|Any CPU.Deploy.0 = Release|Any CPU
		{3EBDF8A1-5C43-4A82-A402-1406BF3CE83D}.Release|ARM.ActiveCfg = Release|ARM
		{3EBDF8A1-5C43-4A82-A402-1406BF3CE83D}.Release|ARM.Build.0 = Release|ARM
		{3EBDF8A1-5C43-4A82-A402-1406BF3CE83D}.Release|ARM.Deploy.0 = Release|ARM
		{3EBDF8A1-5C43-4A82-A402-1406BF3CE83D}.Release|Mixed Platforms.ActiveCfg = Release|x86
		{3EBDF8A1-5C43-4A82-A402-1406BF3CE83D}.Release|Mixed Platforms.Build.0 = Release|x86
		{3EBDF8A1-5C43-4A82-A402-1406BF3CE83D}.Release|Mixed Platforms.Deploy.0 = Release|x86
		{3EBDF8A1-5C43-4A82-A402-1406BF3CE83D}.Release|x64.ActiveCfg = Release|x64
		{3EBDF8A1-5C43-4A82-A402-1406BF3CE83D}.Release|x64.Build.0 = Release|x64
		{3EBDF8A1-5C43-4A82-A402-1406BF3CE83D}.Release|x64.Deploy.0 = Release|x64
		{3EBDF8A1-5C43-4A82-A402-1406BF3CE83D}.Release|x86.ActiveCfg = Release|x86
		{3EBDF8A1-5C43-4A82-A402-1406BF3CE83D}.Release|x86.Build.0 = Release|x86
		{3EBDF8A1-5C43-4A82-A402-1406BF3CE83D}.Release|x86.Deploy.0 = Release|x86
	EndGlobalSection
	GlobalSection(SolutionProperties) = preSolution
		HideSolutionNode = FALSE
	EndGlobalSection
	GlobalSection(NestedProjects) = preSolution
		{0331D451-7C7A-4DB7-A11D-61708F2E8D05} = {A1D10E37-DC32-4A8E-ABFF-5E5FB3A9687C}
		{63088DEC-9F99-404C-B4E8-D823D2A0018F} = {A1D10E37-DC32-4A8E-ABFF-5E5FB3A9687C}
		{808528F3-15DC-4CC6-A15A-0F91CBDB54E6} = {A1D10E37-DC32-4A8E-ABFF-5E5FB3A9687C}
		{1B3557D4-1146-428A-AEC9-12CADF994527} = {A1D10E37-DC32-4A8E-ABFF-5E5FB3A9687C}
		{DD846D57-B93B-46C8-BFFF-AE4C11E408B3} = {A1D10E37-DC32-4A8E-ABFF-5E5FB3A9687C}
		{8DC28743-3826-453A-B400-B0AE7B2C04E7} = {A1D10E37-DC32-4A8E-ABFF-5E5FB3A9687C}
	EndGlobalSection
	GlobalSection(ExtensibilityGlobals) = postSolution
		BuildVersion_UseGlobalSettings = True
	EndGlobalSection
EndGlobal
