
Microsoft Visual Studio Solution File, Format Version 12.00
# Visual Studio 2013
VisualStudioVersion = 12.0.31101.0
MinimumVisualStudioVersion = 10.0.40219.1
Project("{FAE04EC0-301F-11D3-BF4B-00C04F79EFBC}") = "DICOM", "DICOM\DICOM.csproj", "{D6E309B0-4837-459E-8C85-ABC268440D62}"
EndProject
Project("{8BC9CEB8-8B4A-11D0-8D11-00A0C91BC942}") = "libijg8.x86", "DICOM [Native]\x86\libijg8.x86.vcxproj", "{8DC28743-3826-453A-B400-B0AE7B2C04E7}"
EndProject
Project("{8BC9CEB8-8B4A-11D0-8D11-00A0C91BC942}") = "libijg12.x86", "DICOM [Native]\x86\libijg12.x86.vcxproj", "{0331D451-7C7A-4DB7-A11D-61708F2E8D05}"
EndProject
Project("{8BC9CEB8-8B4A-11D0-8D11-00A0C91BC942}") = "libijg16.x86", "DICOM [Native]\x86\libijg16.x86.vcxproj", "{63088DEC-9F99-404C-B4E8-D823D2A0018F}"
EndProject
Project("{8BC9CEB8-8B4A-11D0-8D11-00A0C91BC942}") = "libijg8.x64", "DICOM [Native]\x64\libijg8.x64.vcxproj", "{808528F3-15DC-4CC6-A15A-0F91CBDB54E6}"
EndProject
Project("{8BC9CEB8-8B4A-11D0-8D11-00A0C91BC942}") = "libijg12.x64", "DICOM [Native]\x64\libijg12.x64.vcxproj", "{1B3557D4-1146-428A-AEC9-12CADF994527}"
EndProject
Project("{8BC9CEB8-8B4A-11D0-8D11-00A0C91BC942}") = "libijg16.x64", "DICOM [Native]\x64\libijg16.x64.vcxproj", "{DD846D57-B93B-46C8-BFFF-AE4C11E408B3}"
EndProject
Project("{2150E333-8FDC-42A3-9474-1A3956D46DE8}") = "Native Dependencies", "Native Dependencies", "{A1D10E37-DC32-4A8E-ABFF-5E5FB3A9687C}"
EndProject
Project("{8BC9CEB8-8B4A-11D0-8D11-00A0C91BC942}") = "DICOM [Native64]", "DICOM [Native]\x64\DICOM [Native64].vcxproj", "{FA9C7678-B9D9-46BC-8921-8152FD6787CA}"
EndProject
Project("{8BC9CEB8-8B4A-11D0-8D11-00A0C91BC942}") = "DICOM [Native]", "DICOM [Native]\x86\DICOM [Native].vcxproj", "{C6148839-334D-4894-BDB9-E2D57438CF8A}"
EndProject
Project("{2150E333-8FDC-42A3-9474-1A3956D46DE8}") = "Documents", "Documents", "{733FD5EE-8360-4AA1-8821-80D3D87DEBDA}"
	ProjectSection(SolutionItems) = preProject
		ChangeLog.md = ChangeLog.md
		License.txt = License.txt
		README.md = README.md
		Todo.md = Todo.md
	EndProjectSection
EndProject
Project("{2150E333-8FDC-42A3-9474-1A3956D46DE8}") = "Solution Items", "Solution Items", "{1E86A172-B9C5-4BBF-BD0F-22507432C8A5}"
	ProjectSection(SolutionItems) = preProject
		fo-dicom.nuspec = fo-dicom.nuspec
		Local.testsettings = Local.testsettings
		TraceAndTestImpact.testsettings = TraceAndTestImpact.testsettings
	EndProjectSection
EndProject
Project("{FAE04EC0-301F-11D3-BF4B-00C04F79EFBC}") = "DICOM [Unit Tests]", "DICOM [Unit Tests]\DICOM [Unit Tests].csproj", "{6D0CE6E2-BC02-4E83-8697-18B47CBEF842}"
EndProject
Project("{FAE04EC0-301F-11D3-BF4B-00C04F79EFBC}") = "Store.DICOM.Dump", "Store.DICOM.Dump\Store.DICOM.Dump.csproj", "{3EBDF8A1-5C43-4A82-A402-1406BF3CE83D}"
EndProject
Project("{FAE04EC0-301F-11D3-BF4B-00C04F79EFBC}") = "Store.DICOM", "Store.Dicom\Store.DICOM.csproj", "{03FE7C6B-BE2C-4138-BE6A-EBA951122EC8}"
EndProject
Project("{2150E333-8FDC-42A3-9474-1A3956D46DE8}") = ".nuget", ".nuget", "{2E2DADF2-2279-482A-9156-36F4B2D463E3}"
	ProjectSection(SolutionItems) = preProject
		.nuget\NuGet.Config = .nuget\NuGet.Config
		.nuget\NuGet.exe = .nuget\NuGet.exe
		.nuget\NuGet.targets = .nuget\NuGet.targets
	EndProjectSection
EndProject
Project("{8BC9CEB8-8B4A-11D0-8D11-00A0C91BC942}") = "libijg8", "DICOM [Native]\Common\libijg8.vcxproj", "{F8D42452-B8C2-41AD-9C0A-2AEB2518D434}"
EndProject
Project("{8BC9CEB8-8B4A-11D0-8D11-00A0C91BC942}") = "libijg12", "DICOM [Native]\Common\libijg12.vcxproj", "{B3C673BD-6C8A-4992-94CA-01635706D20F}"
EndProject
Project("{8BC9CEB8-8B4A-11D0-8D11-00A0C91BC942}") = "libijg16", "DICOM [Native]\Common\libijg16.vcxproj", "{DBA3B79E-46EB-4769-9789-A3A912C59FAA}"
EndProject
Project("{8BC9CEB8-8B4A-11D0-8D11-00A0C91BC942}") = "DICOM.Native.Windows", "Store.DICOM.Native\DICOM.Native.Windows.vcxproj", "{010A89B2-89F8-46C6-BDE0-631E252BF984}"
EndProject
Project("{FAE04EC0-301F-11D3-BF4B-00C04F79EFBC}") = "Store.DICOM.Tests", "Store.DICOM.Tests\Store.DICOM.Tests.csproj", "{45CCAA4D-0A17-413A-AD37-B334CEE74207}"
EndProject
Project("{FAE04EC0-301F-11D3-BF4B-00C04F79EFBC}") = "Phone.DICOM", "Phone.DICOM\Phone.DICOM.csproj", "{61FDEDC8-CAE2-45EF-ACB4-85F8B43C6C84}"
EndProject
Project("{8BC9CEB8-8B4A-11D0-8D11-00A0C91BC942}") = "Phone.DICOM.Native", "Phone.DICOM.Native\Phone.DICOM.Native.vcxproj", "{658407AA-EA2B-47DA-B53F-C8AF3CFDDD9C}"
EndProject
Project("{FAE04EC0-301F-11D3-BF4B-00C04F79EFBC}") = "Phone.DICOM.Viewer", "Phone.DICOM.Viewer\Phone.DICOM.Viewer.csproj", "{C3AFCDCE-22D3-4B8E-92AE-F4D5EDCF51BE}"
EndProject
Project("{FAE04EC0-301F-11D3-BF4B-00C04F79EFBC}") = "Phone.DICOM.Tests", "Phone.DICOM.Tests\Phone.DICOM.Tests.csproj", "{D9F7EBFF-DE7A-4461-9745-80735557B7A8}"
EndProject
Project("{2150E333-8FDC-42A3-9474-1A3956D46DE8}") = "Unit Tests", "Unit Tests", "{757A77D8-72FD-4B69-8811-775865E3BBCE}"
EndProject
Project("{2150E333-8FDC-42A3-9474-1A3956D46DE8}") = "Samples", "Samples", "{C0EC072E-756A-405F-B3D7-6F5B715484E8}"
EndProject
Project("{8BC9CEB8-8B4A-11D0-8D11-00A0C91BC942}") = "libijg8wp", "DICOM [Native]\Common\libijg8wp.vcxproj", "{8E8BB230-2609-48E4-B4C2-259CE4C8459D}"
EndProject
Project("{8BC9CEB8-8B4A-11D0-8D11-00A0C91BC942}") = "libijg12wp", "DICOM [Native]\Common\libijg12wp.vcxproj", "{50F24D5E-C4E0-41B3-93A8-C6445DDF2C09}"
EndProject
Project("{8BC9CEB8-8B4A-11D0-8D11-00A0C91BC942}") = "libijg16wp", "DICOM [Native]\Common\libijg16wp.vcxproj", "{9C44208D-520A-4803-A84A-C3E51EFEAA4F}"
EndProject
Project("{2150E333-8FDC-42A3-9474-1A3956D46DE8}") = "DICOM.Native", "DICOM.Native", "{1CF1D770-2CD3-475B-9DF8-1A7BE4E11D2F}"
EndProject
Project("{8BC9CEB8-8B4A-11D0-8D11-00A0C91BC942}") = "DICOM.Native.Phone", "Store.DICOM.Native\DICOM.Native.Phone.vcxproj", "{A7C581AA-F132-4A50-9CA9-6528A54663A8}"
EndProject
Project("{8BC9CEB8-8B4A-11D0-8D11-00A0C91BC942}") = "DICOM.Native.Shared", "Store.DICOM.Native\DICOM.Native.Shared.vcxitems", "{A03D1D52-94D1-4805-8E87-6D1748F75342}"
EndProject
Global
	GlobalSection(SharedMSBuildProjectFiles) = preSolution
		Store.DICOM.Native\DICOM.Native.Shared.vcxitems*{010a89b2-89f8-46c6-bde0-631e252bf984}*SharedItemsImports = 4
		Store.DICOM.Native\DICOM.Native.Shared.vcxitems*{a7c581aa-f132-4a50-9ca9-6528a54663a8}*SharedItemsImports = 4
		Store.DICOM.Native\DICOM.Native.Shared.vcxitems*{a03d1d52-94d1-4805-8e87-6d1748f75342}*SharedItemsImports = 9
	EndGlobalSection
	GlobalSection(SolutionConfigurationPlatforms) = preSolution
		Debug|ARM = Debug|ARM
		Debug|x64 = Debug|x64
		Debug|x86 = Debug|x86
		Release|ARM = Release|ARM
		Release|x64 = Release|x64
		Release|x86 = Release|x86
	EndGlobalSection
	GlobalSection(ProjectConfigurationPlatforms) = postSolution
		{D6E309B0-4837-459E-8C85-ABC268440D62}.Debug|ARM.ActiveCfg = Debug|Any CPU
		{D6E309B0-4837-459E-8C85-ABC268440D62}.Debug|x64.ActiveCfg = Debug|Any CPU
		{D6E309B0-4837-459E-8C85-ABC268440D62}.Debug|x64.Build.0 = Debug|Any CPU
		{D6E309B0-4837-459E-8C85-ABC268440D62}.Debug|x86.ActiveCfg = Debug|Any CPU
		{D6E309B0-4837-459E-8C85-ABC268440D62}.Debug|x86.Build.0 = Debug|Any CPU
		{D6E309B0-4837-459E-8C85-ABC268440D62}.Release|ARM.ActiveCfg = Release|Any CPU
		{D6E309B0-4837-459E-8C85-ABC268440D62}.Release|x64.ActiveCfg = Release|Any CPU
		{D6E309B0-4837-459E-8C85-ABC268440D62}.Release|x64.Build.0 = Release|Any CPU
		{D6E309B0-4837-459E-8C85-ABC268440D62}.Release|x86.ActiveCfg = Release|Any CPU
		{D6E309B0-4837-459E-8C85-ABC268440D62}.Release|x86.Build.0 = Release|Any CPU
		{8DC28743-3826-453A-B400-B0AE7B2C04E7}.Debug|ARM.ActiveCfg = Debug|Win32
		{8DC28743-3826-453A-B400-B0AE7B2C04E7}.Debug|x64.ActiveCfg = Debug|Win32
		{8DC28743-3826-453A-B400-B0AE7B2C04E7}.Debug|x86.ActiveCfg = Debug|Win32
		{8DC28743-3826-453A-B400-B0AE7B2C04E7}.Debug|x86.Build.0 = Debug|Win32
		{8DC28743-3826-453A-B400-B0AE7B2C04E7}.Release|ARM.ActiveCfg = Release|Win32
		{8DC28743-3826-453A-B400-B0AE7B2C04E7}.Release|x64.ActiveCfg = Release|Win32
		{8DC28743-3826-453A-B400-B0AE7B2C04E7}.Release|x86.ActiveCfg = Release|Win32
		{8DC28743-3826-453A-B400-B0AE7B2C04E7}.Release|x86.Build.0 = Release|Win32
		{0331D451-7C7A-4DB7-A11D-61708F2E8D05}.Debug|ARM.ActiveCfg = Debug|Win32
		{0331D451-7C7A-4DB7-A11D-61708F2E8D05}.Debug|x64.ActiveCfg = Debug|Win32
		{0331D451-7C7A-4DB7-A11D-61708F2E8D05}.Debug|x86.ActiveCfg = Debug|Win32
		{0331D451-7C7A-4DB7-A11D-61708F2E8D05}.Debug|x86.Build.0 = Debug|Win32
		{0331D451-7C7A-4DB7-A11D-61708F2E8D05}.Release|ARM.ActiveCfg = Release|Win32
		{0331D451-7C7A-4DB7-A11D-61708F2E8D05}.Release|x64.ActiveCfg = Release|Win32
		{0331D451-7C7A-4DB7-A11D-61708F2E8D05}.Release|x86.ActiveCfg = Release|Win32
		{0331D451-7C7A-4DB7-A11D-61708F2E8D05}.Release|x86.Build.0 = Release|Win32
		{63088DEC-9F99-404C-B4E8-D823D2A0018F}.Debug|ARM.ActiveCfg = Debug|Win32
		{63088DEC-9F99-404C-B4E8-D823D2A0018F}.Debug|x64.ActiveCfg = Debug|Win32
		{63088DEC-9F99-404C-B4E8-D823D2A0018F}.Debug|x86.ActiveCfg = Debug|Win32
		{63088DEC-9F99-404C-B4E8-D823D2A0018F}.Debug|x86.Build.0 = Debug|Win32
		{63088DEC-9F99-404C-B4E8-D823D2A0018F}.Release|ARM.ActiveCfg = Release|Win32
		{63088DEC-9F99-404C-B4E8-D823D2A0018F}.Release|x64.ActiveCfg = Release|Win32
		{63088DEC-9F99-404C-B4E8-D823D2A0018F}.Release|x86.ActiveCfg = Release|Win32
		{63088DEC-9F99-404C-B4E8-D823D2A0018F}.Release|x86.Build.0 = Release|Win32
		{808528F3-15DC-4CC6-A15A-0F91CBDB54E6}.Debug|ARM.ActiveCfg = Debug|x64
		{808528F3-15DC-4CC6-A15A-0F91CBDB54E6}.Debug|x64.ActiveCfg = Debug|x64
		{808528F3-15DC-4CC6-A15A-0F91CBDB54E6}.Debug|x64.Build.0 = Debug|x64
		{808528F3-15DC-4CC6-A15A-0F91CBDB54E6}.Debug|x86.ActiveCfg = Debug|x64
		{808528F3-15DC-4CC6-A15A-0F91CBDB54E6}.Release|ARM.ActiveCfg = Release|x64
		{808528F3-15DC-4CC6-A15A-0F91CBDB54E6}.Release|x64.ActiveCfg = Release|x64
		{808528F3-15DC-4CC6-A15A-0F91CBDB54E6}.Release|x64.Build.0 = Release|x64
		{808528F3-15DC-4CC6-A15A-0F91CBDB54E6}.Release|x86.ActiveCfg = Release|x64
		{1B3557D4-1146-428A-AEC9-12CADF994527}.Debug|ARM.ActiveCfg = Debug|x64
		{1B3557D4-1146-428A-AEC9-12CADF994527}.Debug|x64.ActiveCfg = Debug|x64
		{1B3557D4-1146-428A-AEC9-12CADF994527}.Debug|x64.Build.0 = Debug|x64
		{1B3557D4-1146-428A-AEC9-12CADF994527}.Debug|x86.ActiveCfg = Debug|x64
		{1B3557D4-1146-428A-AEC9-12CADF994527}.Release|ARM.ActiveCfg = Release|x64
		{1B3557D4-1146-428A-AEC9-12CADF994527}.Release|x64.ActiveCfg = Release|x64
		{1B3557D4-1146-428A-AEC9-12CADF994527}.Release|x64.Build.0 = Release|x64
		{1B3557D4-1146-428A-AEC9-12CADF994527}.Release|x86.ActiveCfg = Release|x64
		{DD846D57-B93B-46C8-BFFF-AE4C11E408B3}.Debug|ARM.ActiveCfg = Debug|x64
		{DD846D57-B93B-46C8-BFFF-AE4C11E408B3}.Debug|x64.ActiveCfg = Debug|x64
		{DD846D57-B93B-46C8-BFFF-AE4C11E408B3}.Debug|x64.Build.0 = Debug|x64
		{DD846D57-B93B-46C8-BFFF-AE4C11E408B3}.Debug|x86.ActiveCfg = Debug|x64
		{DD846D57-B93B-46C8-BFFF-AE4C11E408B3}.Release|ARM.ActiveCfg = Release|x64
		{DD846D57-B93B-46C8-BFFF-AE4C11E408B3}.Release|x64.ActiveCfg = Release|x64
		{DD846D57-B93B-46C8-BFFF-AE4C11E408B3}.Release|x64.Build.0 = Release|x64
		{DD846D57-B93B-46C8-BFFF-AE4C11E408B3}.Release|x86.ActiveCfg = Release|x64
		{FA9C7678-B9D9-46BC-8921-8152FD6787CA}.Debug|ARM.ActiveCfg = Debug|x64
		{FA9C7678-B9D9-46BC-8921-8152FD6787CA}.Debug|x64.ActiveCfg = Debug|x64
		{FA9C7678-B9D9-46BC-8921-8152FD6787CA}.Debug|x64.Build.0 = Debug|x64
		{FA9C7678-B9D9-46BC-8921-8152FD6787CA}.Debug|x86.ActiveCfg = Debug|x64
		{FA9C7678-B9D9-46BC-8921-8152FD6787CA}.Release|ARM.ActiveCfg = Release|x64
		{FA9C7678-B9D9-46BC-8921-8152FD6787CA}.Release|x64.ActiveCfg = Release|x64
		{FA9C7678-B9D9-46BC-8921-8152FD6787CA}.Release|x64.Build.0 = Release|x64
		{FA9C7678-B9D9-46BC-8921-8152FD6787CA}.Release|x86.ActiveCfg = Release|x64
		{C6148839-334D-4894-BDB9-E2D57438CF8A}.Debug|ARM.ActiveCfg = Debug|Win32
		{C6148839-334D-4894-BDB9-E2D57438CF8A}.Debug|x64.ActiveCfg = Debug|Win32
		{C6148839-334D-4894-BDB9-E2D57438CF8A}.Debug|x86.ActiveCfg = Debug|Win32
		{C6148839-334D-4894-BDB9-E2D57438CF8A}.Debug|x86.Build.0 = Debug|Win32
		{C6148839-334D-4894-BDB9-E2D57438CF8A}.Release|ARM.ActiveCfg = Release|Win32
		{C6148839-334D-4894-BDB9-E2D57438CF8A}.Release|x64.ActiveCfg = Release|Win32
		{C6148839-334D-4894-BDB9-E2D57438CF8A}.Release|x86.ActiveCfg = Release|Win32
		{C6148839-334D-4894-BDB9-E2D57438CF8A}.Release|x86.Build.0 = Release|Win32
		{6D0CE6E2-BC02-4E83-8697-18B47CBEF842}.Debug|ARM.ActiveCfg = Debug|Any CPU
		{6D0CE6E2-BC02-4E83-8697-18B47CBEF842}.Debug|x64.ActiveCfg = Debug|Any CPU
		{6D0CE6E2-BC02-4E83-8697-18B47CBEF842}.Debug|x64.Build.0 = Debug|Any CPU
		{6D0CE6E2-BC02-4E83-8697-18B47CBEF842}.Debug|x86.ActiveCfg = Debug|Any CPU
		{6D0CE6E2-BC02-4E83-8697-18B47CBEF842}.Debug|x86.Build.0 = Debug|Any CPU
		{6D0CE6E2-BC02-4E83-8697-18B47CBEF842}.Release|ARM.ActiveCfg = Release|Any CPU
		{6D0CE6E2-BC02-4E83-8697-18B47CBEF842}.Release|x64.ActiveCfg = Release|Any CPU
		{6D0CE6E2-BC02-4E83-8697-18B47CBEF842}.Release|x64.Build.0 = Release|Any CPU
		{6D0CE6E2-BC02-4E83-8697-18B47CBEF842}.Release|x86.ActiveCfg = Release|Any CPU
		{6D0CE6E2-BC02-4E83-8697-18B47CBEF842}.Release|x86.Build.0 = Release|Any CPU
		{3EBDF8A1-5C43-4A82-A402-1406BF3CE83D}.Debug|ARM.ActiveCfg = Debug|ARM
		{3EBDF8A1-5C43-4A82-A402-1406BF3CE83D}.Debug|ARM.Build.0 = Debug|ARM
		{3EBDF8A1-5C43-4A82-A402-1406BF3CE83D}.Debug|ARM.Deploy.0 = Debug|ARM
		{3EBDF8A1-5C43-4A82-A402-1406BF3CE83D}.Debug|x64.ActiveCfg = Debug|x64
		{3EBDF8A1-5C43-4A82-A402-1406BF3CE83D}.Debug|x64.Build.0 = Debug|x64
		{3EBDF8A1-5C43-4A82-A402-1406BF3CE83D}.Debug|x64.Deploy.0 = Debug|x64
		{3EBDF8A1-5C43-4A82-A402-1406BF3CE83D}.Debug|x86.ActiveCfg = Debug|x86
		{3EBDF8A1-5C43-4A82-A402-1406BF3CE83D}.Debug|x86.Build.0 = Debug|x86
		{3EBDF8A1-5C43-4A82-A402-1406BF3CE83D}.Debug|x86.Deploy.0 = Debug|x86
		{3EBDF8A1-5C43-4A82-A402-1406BF3CE83D}.Release|ARM.ActiveCfg = Release|ARM
		{3EBDF8A1-5C43-4A82-A402-1406BF3CE83D}.Release|ARM.Build.0 = Release|ARM
		{3EBDF8A1-5C43-4A82-A402-1406BF3CE83D}.Release|ARM.Deploy.0 = Release|ARM
		{3EBDF8A1-5C43-4A82-A402-1406BF3CE83D}.Release|x64.ActiveCfg = Release|x64
		{3EBDF8A1-5C43-4A82-A402-1406BF3CE83D}.Release|x64.Build.0 = Release|x64
		{3EBDF8A1-5C43-4A82-A402-1406BF3CE83D}.Release|x64.Deploy.0 = Release|x64
		{3EBDF8A1-5C43-4A82-A402-1406BF3CE83D}.Release|x86.ActiveCfg = Release|x86
		{3EBDF8A1-5C43-4A82-A402-1406BF3CE83D}.Release|x86.Build.0 = Release|x86
		{3EBDF8A1-5C43-4A82-A402-1406BF3CE83D}.Release|x86.Deploy.0 = Release|x86
		{03FE7C6B-BE2C-4138-BE6A-EBA951122EC8}.Debug|ARM.ActiveCfg = Debug|ARM
		{03FE7C6B-BE2C-4138-BE6A-EBA951122EC8}.Debug|ARM.Build.0 = Debug|ARM
		{03FE7C6B-BE2C-4138-BE6A-EBA951122EC8}.Debug|x64.ActiveCfg = Debug|x64
		{03FE7C6B-BE2C-4138-BE6A-EBA951122EC8}.Debug|x64.Build.0 = Debug|x64
		{03FE7C6B-BE2C-4138-BE6A-EBA951122EC8}.Debug|x86.ActiveCfg = Debug|x86
		{03FE7C6B-BE2C-4138-BE6A-EBA951122EC8}.Debug|x86.Build.0 = Debug|x86
		{03FE7C6B-BE2C-4138-BE6A-EBA951122EC8}.Release|ARM.ActiveCfg = Release|ARM
		{03FE7C6B-BE2C-4138-BE6A-EBA951122EC8}.Release|ARM.Build.0 = Release|ARM
		{03FE7C6B-BE2C-4138-BE6A-EBA951122EC8}.Release|x64.ActiveCfg = Release|x64
		{03FE7C6B-BE2C-4138-BE6A-EBA951122EC8}.Release|x64.Build.0 = Release|x64
		{03FE7C6B-BE2C-4138-BE6A-EBA951122EC8}.Release|x86.ActiveCfg = Release|x86
		{03FE7C6B-BE2C-4138-BE6A-EBA951122EC8}.Release|x86.Build.0 = Release|x86
		{F8D42452-B8C2-41AD-9C0A-2AEB2518D434}.Debug|ARM.ActiveCfg = Debug|ARM
		{F8D42452-B8C2-41AD-9C0A-2AEB2518D434}.Debug|ARM.Build.0 = Debug|ARM
		{F8D42452-B8C2-41AD-9C0A-2AEB2518D434}.Debug|x64.ActiveCfg = Debug|x64
		{F8D42452-B8C2-41AD-9C0A-2AEB2518D434}.Debug|x64.Build.0 = Debug|x64
		{F8D42452-B8C2-41AD-9C0A-2AEB2518D434}.Debug|x86.ActiveCfg = Debug|Win32
		{F8D42452-B8C2-41AD-9C0A-2AEB2518D434}.Debug|x86.Build.0 = Debug|Win32
		{F8D42452-B8C2-41AD-9C0A-2AEB2518D434}.Release|ARM.ActiveCfg = Release|ARM
		{F8D42452-B8C2-41AD-9C0A-2AEB2518D434}.Release|ARM.Build.0 = Release|ARM
		{F8D42452-B8C2-41AD-9C0A-2AEB2518D434}.Release|x64.ActiveCfg = Release|x64
		{F8D42452-B8C2-41AD-9C0A-2AEB2518D434}.Release|x64.Build.0 = Release|x64
		{F8D42452-B8C2-41AD-9C0A-2AEB2518D434}.Release|x86.ActiveCfg = Release|Win32
		{F8D42452-B8C2-41AD-9C0A-2AEB2518D434}.Release|x86.Build.0 = Release|Win32
		{B3C673BD-6C8A-4992-94CA-01635706D20F}.Debug|ARM.ActiveCfg = Debug|ARM
		{B3C673BD-6C8A-4992-94CA-01635706D20F}.Debug|ARM.Build.0 = Debug|ARM
		{B3C673BD-6C8A-4992-94CA-01635706D20F}.Debug|x64.ActiveCfg = Debug|x64
		{B3C673BD-6C8A-4992-94CA-01635706D20F}.Debug|x64.Build.0 = Debug|x64
		{B3C673BD-6C8A-4992-94CA-01635706D20F}.Debug|x86.ActiveCfg = Debug|Win32
		{B3C673BD-6C8A-4992-94CA-01635706D20F}.Debug|x86.Build.0 = Debug|Win32
		{B3C673BD-6C8A-4992-94CA-01635706D20F}.Release|ARM.ActiveCfg = Release|ARM
		{B3C673BD-6C8A-4992-94CA-01635706D20F}.Release|ARM.Build.0 = Release|ARM
		{B3C673BD-6C8A-4992-94CA-01635706D20F}.Release|x64.ActiveCfg = Release|x64
		{B3C673BD-6C8A-4992-94CA-01635706D20F}.Release|x64.Build.0 = Release|x64
		{B3C673BD-6C8A-4992-94CA-01635706D20F}.Release|x86.ActiveCfg = Release|Win32
		{B3C673BD-6C8A-4992-94CA-01635706D20F}.Release|x86.Build.0 = Release|Win32
		{DBA3B79E-46EB-4769-9789-A3A912C59FAA}.Debug|ARM.ActiveCfg = Debug|ARM
		{DBA3B79E-46EB-4769-9789-A3A912C59FAA}.Debug|ARM.Build.0 = Debug|ARM
		{DBA3B79E-46EB-4769-9789-A3A912C59FAA}.Debug|x64.ActiveCfg = Debug|x64
		{DBA3B79E-46EB-4769-9789-A3A912C59FAA}.Debug|x64.Build.0 = Debug|x64
		{DBA3B79E-46EB-4769-9789-A3A912C59FAA}.Debug|x86.ActiveCfg = Debug|Win32
		{DBA3B79E-46EB-4769-9789-A3A912C59FAA}.Debug|x86.Build.0 = Debug|Win32
		{DBA3B79E-46EB-4769-9789-A3A912C59FAA}.Release|ARM.ActiveCfg = Release|ARM
		{DBA3B79E-46EB-4769-9789-A3A912C59FAA}.Release|ARM.Build.0 = Release|ARM
		{DBA3B79E-46EB-4769-9789-A3A912C59FAA}.Release|x64.ActiveCfg = Release|x64
		{DBA3B79E-46EB-4769-9789-A3A912C59FAA}.Release|x64.Build.0 = Release|x64
		{DBA3B79E-46EB-4769-9789-A3A912C59FAA}.Release|x86.ActiveCfg = Release|Win32
		{DBA3B79E-46EB-4769-9789-A3A912C59FAA}.Release|x86.Build.0 = Release|Win32
		{010A89B2-89F8-46C6-BDE0-631E252BF984}.Debug|ARM.ActiveCfg = Debug|ARM
		{010A89B2-89F8-46C6-BDE0-631E252BF984}.Debug|ARM.Build.0 = Debug|ARM
		{010A89B2-89F8-46C6-BDE0-631E252BF984}.Debug|x64.ActiveCfg = Debug|x64
		{010A89B2-89F8-46C6-BDE0-631E252BF984}.Debug|x64.Build.0 = Debug|x64
		{010A89B2-89F8-46C6-BDE0-631E252BF984}.Debug|x86.ActiveCfg = Debug|Win32
		{010A89B2-89F8-46C6-BDE0-631E252BF984}.Debug|x86.Build.0 = Debug|Win32
		{010A89B2-89F8-46C6-BDE0-631E252BF984}.Release|ARM.ActiveCfg = Release|ARM
		{010A89B2-89F8-46C6-BDE0-631E252BF984}.Release|ARM.Build.0 = Release|ARM
		{010A89B2-89F8-46C6-BDE0-631E252BF984}.Release|x64.ActiveCfg = Release|x64
		{010A89B2-89F8-46C6-BDE0-631E252BF984}.Release|x64.Build.0 = Release|x64
		{010A89B2-89F8-46C6-BDE0-631E252BF984}.Release|x86.ActiveCfg = Release|Win32
		{010A89B2-89F8-46C6-BDE0-631E252BF984}.Release|x86.Build.0 = Release|Win32
		{45CCAA4D-0A17-413A-AD37-B334CEE74207}.Debug|ARM.ActiveCfg = Debug|ARM
		{45CCAA4D-0A17-413A-AD37-B334CEE74207}.Debug|ARM.Build.0 = Debug|ARM
		{45CCAA4D-0A17-413A-AD37-B334CEE74207}.Debug|x64.ActiveCfg = Debug|x64
		{45CCAA4D-0A17-413A-AD37-B334CEE74207}.Debug|x64.Build.0 = Debug|x64
		{45CCAA4D-0A17-413A-AD37-B334CEE74207}.Debug|x86.ActiveCfg = Debug|x86
		{45CCAA4D-0A17-413A-AD37-B334CEE74207}.Debug|x86.Build.0 = Debug|x86
		{45CCAA4D-0A17-413A-AD37-B334CEE74207}.Release|ARM.ActiveCfg = Release|ARM
		{45CCAA4D-0A17-413A-AD37-B334CEE74207}.Release|ARM.Build.0 = Release|ARM
		{45CCAA4D-0A17-413A-AD37-B334CEE74207}.Release|x64.ActiveCfg = Release|x64
		{45CCAA4D-0A17-413A-AD37-B334CEE74207}.Release|x64.Build.0 = Release|x64
		{45CCAA4D-0A17-413A-AD37-B334CEE74207}.Release|x86.ActiveCfg = Release|x86
		{45CCAA4D-0A17-413A-AD37-B334CEE74207}.Release|x86.Build.0 = Release|x86
		{61FDEDC8-CAE2-45EF-ACB4-85F8B43C6C84}.Debug|ARM.ActiveCfg = Debug|ARM
		{61FDEDC8-CAE2-45EF-ACB4-85F8B43C6C84}.Debug|ARM.Build.0 = Debug|ARM
		{61FDEDC8-CAE2-45EF-ACB4-85F8B43C6C84}.Debug|x64.ActiveCfg = Debug|x86
		{61FDEDC8-CAE2-45EF-ACB4-85F8B43C6C84}.Debug|x86.ActiveCfg = Debug|x86
		{61FDEDC8-CAE2-45EF-ACB4-85F8B43C6C84}.Debug|x86.Build.0 = Debug|x86
		{61FDEDC8-CAE2-45EF-ACB4-85F8B43C6C84}.Release|ARM.ActiveCfg = Release|ARM
		{61FDEDC8-CAE2-45EF-ACB4-85F8B43C6C84}.Release|ARM.Build.0 = Release|ARM
		{61FDEDC8-CAE2-45EF-ACB4-85F8B43C6C84}.Release|x64.ActiveCfg = Release|x86
		{61FDEDC8-CAE2-45EF-ACB4-85F8B43C6C84}.Release|x86.ActiveCfg = Release|x86
		{61FDEDC8-CAE2-45EF-ACB4-85F8B43C6C84}.Release|x86.Build.0 = Release|x86
		{658407AA-EA2B-47DA-B53F-C8AF3CFDDD9C}.Debug|ARM.ActiveCfg = Debug|ARM
		{658407AA-EA2B-47DA-B53F-C8AF3CFDDD9C}.Debug|ARM.Build.0 = Debug|ARM
		{658407AA-EA2B-47DA-B53F-C8AF3CFDDD9C}.Debug|x64.ActiveCfg = Debug|Win32
		{658407AA-EA2B-47DA-B53F-C8AF3CFDDD9C}.Debug|x86.ActiveCfg = Debug|Win32
		{658407AA-EA2B-47DA-B53F-C8AF3CFDDD9C}.Debug|x86.Build.0 = Debug|Win32
		{658407AA-EA2B-47DA-B53F-C8AF3CFDDD9C}.Release|ARM.ActiveCfg = Release|ARM
		{658407AA-EA2B-47DA-B53F-C8AF3CFDDD9C}.Release|ARM.Build.0 = Release|ARM
		{658407AA-EA2B-47DA-B53F-C8AF3CFDDD9C}.Release|x64.ActiveCfg = Release|Win32
		{658407AA-EA2B-47DA-B53F-C8AF3CFDDD9C}.Release|x86.ActiveCfg = Release|Win32
		{658407AA-EA2B-47DA-B53F-C8AF3CFDDD9C}.Release|x86.Build.0 = Release|Win32
		{C3AFCDCE-22D3-4B8E-92AE-F4D5EDCF51BE}.Debug|ARM.ActiveCfg = Debug|ARM
		{C3AFCDCE-22D3-4B8E-92AE-F4D5EDCF51BE}.Debug|ARM.Build.0 = Debug|ARM
		{C3AFCDCE-22D3-4B8E-92AE-F4D5EDCF51BE}.Debug|ARM.Deploy.0 = Debug|ARM
		{C3AFCDCE-22D3-4B8E-92AE-F4D5EDCF51BE}.Debug|x64.ActiveCfg = Debug|x86
		{C3AFCDCE-22D3-4B8E-92AE-F4D5EDCF51BE}.Debug|x86.ActiveCfg = Debug|x86
		{C3AFCDCE-22D3-4B8E-92AE-F4D5EDCF51BE}.Debug|x86.Build.0 = Debug|x86
		{C3AFCDCE-22D3-4B8E-92AE-F4D5EDCF51BE}.Debug|x86.Deploy.0 = Debug|x86
		{C3AFCDCE-22D3-4B8E-92AE-F4D5EDCF51BE}.Release|ARM.ActiveCfg = Release|ARM
		{C3AFCDCE-22D3-4B8E-92AE-F4D5EDCF51BE}.Release|ARM.Build.0 = Release|ARM
		{C3AFCDCE-22D3-4B8E-92AE-F4D5EDCF51BE}.Release|ARM.Deploy.0 = Release|ARM
		{C3AFCDCE-22D3-4B8E-92AE-F4D5EDCF51BE}.Release|x64.ActiveCfg = Release|x86
		{C3AFCDCE-22D3-4B8E-92AE-F4D5EDCF51BE}.Release|x86.ActiveCfg = Release|x86
		{C3AFCDCE-22D3-4B8E-92AE-F4D5EDCF51BE}.Release|x86.Build.0 = Release|x86
		{C3AFCDCE-22D3-4B8E-92AE-F4D5EDCF51BE}.Release|x86.Deploy.0 = Release|x86
		{D9F7EBFF-DE7A-4461-9745-80735557B7A8}.Debug|ARM.ActiveCfg = Debug|ARM
		{D9F7EBFF-DE7A-4461-9745-80735557B7A8}.Debug|ARM.Build.0 = Debug|ARM
		{D9F7EBFF-DE7A-4461-9745-80735557B7A8}.Debug|x64.ActiveCfg = Debug|x86
		{D9F7EBFF-DE7A-4461-9745-80735557B7A8}.Debug|x86.ActiveCfg = Debug|x86
		{D9F7EBFF-DE7A-4461-9745-80735557B7A8}.Debug|x86.Build.0 = Debug|x86
		{D9F7EBFF-DE7A-4461-9745-80735557B7A8}.Release|ARM.ActiveCfg = Release|ARM
		{D9F7EBFF-DE7A-4461-9745-80735557B7A8}.Release|ARM.Build.0 = Release|ARM
		{D9F7EBFF-DE7A-4461-9745-80735557B7A8}.Release|x64.ActiveCfg = Release|x86
		{D9F7EBFF-DE7A-4461-9745-80735557B7A8}.Release|x86.ActiveCfg = Release|x86
		{D9F7EBFF-DE7A-4461-9745-80735557B7A8}.Release|x86.Build.0 = Release|x86
		{8E8BB230-2609-48E4-B4C2-259CE4C8459D}.Debug|ARM.ActiveCfg = Debug|ARM
		{8E8BB230-2609-48E4-B4C2-259CE4C8459D}.Debug|ARM.Build.0 = Debug|ARM
		{8E8BB230-2609-48E4-B4C2-259CE4C8459D}.Debug|x64.ActiveCfg = Debug|x64
		{8E8BB230-2609-48E4-B4C2-259CE4C8459D}.Debug|x64.Build.0 = Debug|x64
		{8E8BB230-2609-48E4-B4C2-259CE4C8459D}.Debug|x86.ActiveCfg = Debug|Win32
		{8E8BB230-2609-48E4-B4C2-259CE4C8459D}.Debug|x86.Build.0 = Debug|Win32
		{8E8BB230-2609-48E4-B4C2-259CE4C8459D}.Release|ARM.ActiveCfg = Release|ARM
		{8E8BB230-2609-48E4-B4C2-259CE4C8459D}.Release|ARM.Build.0 = Release|ARM
		{8E8BB230-2609-48E4-B4C2-259CE4C8459D}.Release|x64.ActiveCfg = Release|x64
		{8E8BB230-2609-48E4-B4C2-259CE4C8459D}.Release|x64.Build.0 = Release|x64
		{8E8BB230-2609-48E4-B4C2-259CE4C8459D}.Release|x86.ActiveCfg = Release|Win32
		{8E8BB230-2609-48E4-B4C2-259CE4C8459D}.Release|x86.Build.0 = Release|Win32
		{50F24D5E-C4E0-41B3-93A8-C6445DDF2C09}.Debug|ARM.ActiveCfg = Debug|ARM
		{50F24D5E-C4E0-41B3-93A8-C6445DDF2C09}.Debug|ARM.Build.0 = Debug|ARM
		{50F24D5E-C4E0-41B3-93A8-C6445DDF2C09}.Debug|x64.ActiveCfg = Debug|x64
		{50F24D5E-C4E0-41B3-93A8-C6445DDF2C09}.Debug|x64.Build.0 = Debug|x64
		{50F24D5E-C4E0-41B3-93A8-C6445DDF2C09}.Debug|x86.ActiveCfg = Debug|Win32
		{50F24D5E-C4E0-41B3-93A8-C6445DDF2C09}.Debug|x86.Build.0 = Debug|Win32
		{50F24D5E-C4E0-41B3-93A8-C6445DDF2C09}.Release|ARM.ActiveCfg = Release|ARM
		{50F24D5E-C4E0-41B3-93A8-C6445DDF2C09}.Release|ARM.Build.0 = Release|ARM
		{50F24D5E-C4E0-41B3-93A8-C6445DDF2C09}.Release|x64.ActiveCfg = Release|x64
		{50F24D5E-C4E0-41B3-93A8-C6445DDF2C09}.Release|x64.Build.0 = Release|x64
		{50F24D5E-C4E0-41B3-93A8-C6445DDF2C09}.Release|x86.ActiveCfg = Release|Win32
		{50F24D5E-C4E0-41B3-93A8-C6445DDF2C09}.Release|x86.Build.0 = Release|Win32
		{9C44208D-520A-4803-A84A-C3E51EFEAA4F}.Debug|ARM.ActiveCfg = Debug|ARM
		{9C44208D-520A-4803-A84A-C3E51EFEAA4F}.Debug|ARM.Build.0 = Debug|ARM
		{9C44208D-520A-4803-A84A-C3E51EFEAA4F}.Debug|x64.ActiveCfg = Debug|x64
		{9C44208D-520A-4803-A84A-C3E51EFEAA4F}.Debug|x64.Build.0 = Debug|x64
		{9C44208D-520A-4803-A84A-C3E51EFEAA4F}.Debug|x86.ActiveCfg = Debug|Win32
		{9C44208D-520A-4803-A84A-C3E51EFEAA4F}.Debug|x86.Build.0 = Debug|Win32
		{9C44208D-520A-4803-A84A-C3E51EFEAA4F}.Release|ARM.ActiveCfg = Release|ARM
		{9C44208D-520A-4803-A84A-C3E51EFEAA4F}.Release|ARM.Build.0 = Release|ARM
		{9C44208D-520A-4803-A84A-C3E51EFEAA4F}.Release|x64.ActiveCfg = Release|x64
		{9C44208D-520A-4803-A84A-C3E51EFEAA4F}.Release|x64.Build.0 = Release|x64
		{9C44208D-520A-4803-A84A-C3E51EFEAA4F}.Release|x86.ActiveCfg = Release|Win32
		{9C44208D-520A-4803-A84A-C3E51EFEAA4F}.Release|x86.Build.0 = Release|Win32
		{A7C581AA-F132-4A50-9CA9-6528A54663A8}.Debug|ARM.ActiveCfg = Debug|ARM
		{A7C581AA-F132-4A50-9CA9-6528A54663A8}.Debug|ARM.Build.0 = Debug|ARM
		{A7C581AA-F132-4A50-9CA9-6528A54663A8}.Debug|x64.ActiveCfg = Debug|Win32
		{A7C581AA-F132-4A50-9CA9-6528A54663A8}.Debug|x86.ActiveCfg = Debug|Win32
		{A7C581AA-F132-4A50-9CA9-6528A54663A8}.Debug|x86.Build.0 = Debug|Win32
		{A7C581AA-F132-4A50-9CA9-6528A54663A8}.Release|ARM.ActiveCfg = Release|ARM
		{A7C581AA-F132-4A50-9CA9-6528A54663A8}.Release|ARM.Build.0 = Release|ARM
		{A7C581AA-F132-4A50-9CA9-6528A54663A8}.Release|x64.ActiveCfg = Release|Win32
		{A7C581AA-F132-4A50-9CA9-6528A54663A8}.Release|x86.ActiveCfg = Release|Win32
		{A7C581AA-F132-4A50-9CA9-6528A54663A8}.Release|x86.Build.0 = Release|Win32
	EndGlobalSection
	GlobalSection(SolutionProperties) = preSolution
		HideSolutionNode = FALSE
	EndGlobalSection
	GlobalSection(NestedProjects) = preSolution
		{8DC28743-3826-453A-B400-B0AE7B2C04E7} = {A1D10E37-DC32-4A8E-ABFF-5E5FB3A9687C}
		{0331D451-7C7A-4DB7-A11D-61708F2E8D05} = {A1D10E37-DC32-4A8E-ABFF-5E5FB3A9687C}
		{63088DEC-9F99-404C-B4E8-D823D2A0018F} = {A1D10E37-DC32-4A8E-ABFF-5E5FB3A9687C}
		{808528F3-15DC-4CC6-A15A-0F91CBDB54E6} = {A1D10E37-DC32-4A8E-ABFF-5E5FB3A9687C}
		{1B3557D4-1146-428A-AEC9-12CADF994527} = {A1D10E37-DC32-4A8E-ABFF-5E5FB3A9687C}
		{DD846D57-B93B-46C8-BFFF-AE4C11E408B3} = {A1D10E37-DC32-4A8E-ABFF-5E5FB3A9687C}
		{6D0CE6E2-BC02-4E83-8697-18B47CBEF842} = {757A77D8-72FD-4B69-8811-775865E3BBCE}
		{3EBDF8A1-5C43-4A82-A402-1406BF3CE83D} = {C0EC072E-756A-405F-B3D7-6F5B715484E8}
		{F8D42452-B8C2-41AD-9C0A-2AEB2518D434} = {A1D10E37-DC32-4A8E-ABFF-5E5FB3A9687C}
		{B3C673BD-6C8A-4992-94CA-01635706D20F} = {A1D10E37-DC32-4A8E-ABFF-5E5FB3A9687C}
		{DBA3B79E-46EB-4769-9789-A3A912C59FAA} = {A1D10E37-DC32-4A8E-ABFF-5E5FB3A9687C}
		{010A89B2-89F8-46C6-BDE0-631E252BF984} = {1CF1D770-2CD3-475B-9DF8-1A7BE4E11D2F}
		{45CCAA4D-0A17-413A-AD37-B334CEE74207} = {757A77D8-72FD-4B69-8811-775865E3BBCE}
		{C3AFCDCE-22D3-4B8E-92AE-F4D5EDCF51BE} = {C0EC072E-756A-405F-B3D7-6F5B715484E8}
		{D9F7EBFF-DE7A-4461-9745-80735557B7A8} = {757A77D8-72FD-4B69-8811-775865E3BBCE}
		{8E8BB230-2609-48E4-B4C2-259CE4C8459D} = {A1D10E37-DC32-4A8E-ABFF-5E5FB3A9687C}
		{50F24D5E-C4E0-41B3-93A8-C6445DDF2C09} = {A1D10E37-DC32-4A8E-ABFF-5E5FB3A9687C}
		{9C44208D-520A-4803-A84A-C3E51EFEAA4F} = {A1D10E37-DC32-4A8E-ABFF-5E5FB3A9687C}
		{A7C581AA-F132-4A50-9CA9-6528A54663A8} = {1CF1D770-2CD3-475B-9DF8-1A7BE4E11D2F}
		{A03D1D52-94D1-4805-8E87-6D1748F75342} = {1CF1D770-2CD3-475B-9DF8-1A7BE4E11D2F}
	EndGlobalSection
	GlobalSection(ExtensibilityGlobals) = postSolution
		BuildVersion_UseGlobalSettings = True
	EndGlobalSection
	GlobalSection(TestCaseManagementSettings) = postSolution
		CategoryFile = DICOM.vsmdi
	EndGlobalSection
EndGlobal
