<?xml version="1.0" encoding="utf-8"?>
<Project ToolsVersion="4.0" xmlns="http://schemas.microsoft.com/developer/msbuild/2003">
  <ItemGroup>
    <Filter Include="Source Files">
      <UniqueIdentifier>{4FC737F1-C7A5-4376-A066-2A32D752A2FF}</UniqueIdentifier>
      <Extensions>cpp;c;cc;cxx;def;odl;idl;hpj;bat;asm;asmx</Extensions>
    </Filter>
    <Filter Include="Header Files">
      <UniqueIdentifier>{93995380-89BD-4b04-88EB-625FBE52EBFB}</UniqueIdentifier>
      <Extensions>h;hpp;hxx;hm;inl;inc;xsd</Extensions>
    </Filter>
    <Filter Include="Resource Files">
      <UniqueIdentifier>{67DA6AB6-F800-4c08-8B7A-83BB121AAD01}</UniqueIdentifier>
      <Extensions>rc;ico;cur;bmp;dlg;rc2;rct;bin;rgs;gif;jpg;jpeg;jpe;resx;tiff;tif;png;wav</Extensions>
    </Filter>
  </ItemGroup>
  <ItemGroup>
    <ClCompile Include="..\libijg12\jaricom.c">
      <Filter>Source Files</Filter>
    </ClCompile>
    <ClCompile Include="..\libijg12\jcapimin.c">
      <Filter>Source Files</Filter>
    </ClCompile>
    <ClCompile Include="..\libijg12\jcapistd.c">
      <Filter>Source Files</Filter>
    </ClCompile>
    <ClCompile Include="..\libijg12\jcarith.c">
      <Filter>Source Files</Filter>
    </ClCompile>
    <ClCompile Include="..\libijg12\jccoefct.c">
      <Filter>Source Files</Filter>
    </ClCompile>
    <ClCompile Include="..\libijg12\jccolor.c">
      <Filter>Source Files</Filter>
    </ClCompile>
    <ClCompile Include="..\libijg12\jcdctmgr.c">
      <Filter>Source Files</Filter>
    </ClCompile>
    <ClCompile Include="..\libijg12\jcdiffct.c">
      <Filter>Source Files</Filter>
    </ClCompile>
    <ClCompile Include="..\libijg12\jchuff.c">
      <Filter>Source Files</Filter>
    </ClCompile>
    <ClCompile Include="..\libijg12\jcinit.c">
      <Filter>Source Files</Filter>
    </ClCompile>
    <ClCompile Include="..\libijg12\jclhuff.c">
      <Filter>Source Files</Filter>
    </ClCompile>
    <ClCompile Include="..\libijg12\jclossls.c">
      <Filter>Source Files</Filter>
    </ClCompile>
    <ClCompile Include="..\libijg12\jclossy.c">
      <Filter>Source Files</Filter>
    </ClCompile>
    <ClCompile Include="..\libijg12\jcmainct.c">
      <Filter>Source Files</Filter>
    </ClCompile>
    <ClCompile Include="..\libijg12\jcmarker.c">
      <Filter>Source Files</Filter>
    </ClCompile>
    <ClCompile Include="..\libijg12\jcmaster.c">
      <Filter>Source Files</Filter>
    </ClCompile>
    <ClCompile Include="..\libijg12\jcodec.c">
      <Filter>Source Files</Filter>
    </ClCompile>
    <ClCompile Include="..\libijg12\jcomapi.c">
      <Filter>Source Files</Filter>
    </ClCompile>
    <ClCompile Include="..\libijg12\jcparam.c">
      <Filter>Source Files</Filter>
    </ClCompile>
    <ClCompile Include="..\libijg12\jcphuff.c">
      <Filter>Source Files</Filter>
    </ClCompile>
    <ClCompile Include="..\libijg12\jcpred.c">
      <Filter>Source Files</Filter>
    </ClCompile>
    <ClCompile Include="..\libijg12\jcprepct.c">
      <Filter>Source Files</Filter>
    </ClCompile>
    <ClCompile Include="..\libijg12\jcsample.c">
      <Filter>Source Files</Filter>
    </ClCompile>
    <ClCompile Include="..\libijg12\jcscale.c">
      <Filter>Source Files</Filter>
    </ClCompile>
    <ClCompile Include="..\libijg12\jcshuff.c">
      <Filter>Source Files</Filter>
    </ClCompile>
    <ClCompile Include="..\libijg12\jctrans.c">
      <Filter>Source Files</Filter>
    </ClCompile>
    <ClCompile Include="..\libijg12\jdapimin.c">
      <Filter>Source Files</Filter>
    </ClCompile>
    <ClCompile Include="..\libijg12\jdapistd.c">
      <Filter>Source Files</Filter>
    </ClCompile>
    <ClCompile Include="..\libijg12\jdarith.c">
      <Filter>Source Files</Filter>
    </ClCompile>
    <ClCompile Include="..\libijg12\jdatadst.c">
      <Filter>Source Files</Filter>
    </ClCompile>
    <ClCompile Include="..\libijg12\jdatasrc.c">
      <Filter>Source Files</Filter>
    </ClCompile>
    <ClCompile Include="..\libijg12\jdcoefct.c">
      <Filter>Source Files</Filter>
    </ClCompile>
    <ClCompile Include="..\libijg12\jdcolor.c">
      <Filter>Source Files</Filter>
    </ClCompile>
    <ClCompile Include="..\libijg12\jddctmgr.c">
      <Filter>Source Files</Filter>
    </ClCompile>
    <ClCompile Include="..\libijg12\jddiffct.c">
      <Filter>Source Files</Filter>
    </ClCompile>
    <ClCompile Include="..\libijg12\jdhuff.c">
      <Filter>Source Files</Filter>
    </ClCompile>
    <ClCompile Include="..\libijg12\jdinput.c">
      <Filter>Source Files</Filter>
    </ClCompile>
    <ClCompile Include="..\libijg12\jdlhuff.c">
      <Filter>Source Files</Filter>
    </ClCompile>
    <ClCompile Include="..\libijg12\jdlossls.c">
      <Filter>Source Files</Filter>
    </ClCompile>
    <ClCompile Include="..\libijg12\jdlossy.c">
      <Filter>Source Files</Filter>
    </ClCompile>
    <ClCompile Include="..\libijg12\jdmainct.c">
      <Filter>Source Files</Filter>
    </ClCompile>
    <ClCompile Include="..\libijg12\jdmarker.c">
      <Filter>Source Files</Filter>
    </ClCompile>
    <ClCompile Include="..\libijg12\jdmaster.c">
      <Filter>Source Files</Filter>
    </ClCompile>
    <ClCompile Include="..\libijg12\jdmerge.c">
      <Filter>Source Files</Filter>
    </ClCompile>
    <ClCompile Include="..\libijg12\jdphuff.c">
      <Filter>Source Files</Filter>
    </ClCompile>
    <ClCompile Include="..\libijg12\jdpostct.c">
      <Filter>Source Files</Filter>
    </ClCompile>
    <ClCompile Include="..\libijg12\jdpred.c">
      <Filter>Source Files</Filter>
    </ClCompile>
    <ClCompile Include="..\libijg12\jdsample.c">
      <Filter>Source Files</Filter>
    </ClCompile>
    <ClCompile Include="..\libijg12\jdscale.c">
      <Filter>Source Files</Filter>
    </ClCompile>
    <ClCompile Include="..\libijg12\jdshuff.c">
      <Filter>Source Files</Filter>
    </ClCompile>
    <ClCompile Include="..\libijg12\jdtrans.c">
      <Filter>Source Files</Filter>
    </ClCompile>
    <ClCompile Include="..\libijg12\jerror.c">
      <Filter>Source Files</Filter>
    </ClCompile>
    <ClCompile Include="..\libijg12\jfdctflt.c">
      <Filter>Source Files</Filter>
    </ClCompile>
    <ClCompile Include="..\libijg12\jfdctfst.c">
      <Filter>Source Files</Filter>
    </ClCompile>
    <ClCompile Include="..\libijg12\jfdctint.c">
      <Filter>Source Files</Filter>
    </ClCompile>
    <ClCompile Include="..\libijg12\jidctflt.c">
      <Filter>Source Files</Filter>
    </ClCompile>
    <ClCompile Include="..\libijg12\jidctfst.c">
      <Filter>Source Files</Filter>
    </ClCompile>
    <ClCompile Include="..\libijg12\jidctint.c">
      <Filter>Source Files</Filter>
    </ClCompile>
    <ClCompile Include="..\libijg12\jidctred.c">
      <Filter>Source Files</Filter>
    </ClCompile>
    <ClCompile Include="..\libijg12\jmemmgr.c">
      <Filter>Source Files</Filter>
    </ClCompile>
    <ClCompile Include="..\libijg12\jmemnobs.c">
      <Filter>Source Files</Filter>
    </ClCompile>
    <ClCompile Include="..\libijg12\jquant1.c">
      <Filter>Source Files</Filter>
    </ClCompile>
    <ClCompile Include="..\libijg12\jquant2.c">
      <Filter>Source Files</Filter>
    </ClCompile>
    <ClCompile Include="..\libijg12\jutils.c">
      <Filter>Source Files</Filter>
    </ClCompile>
  </ItemGroup>
  <ItemGroup>
    <ClInclude Include="..\libijg12\cfwin32.h">
      <Filter>Header Files</Filter>
    </ClInclude>
    <ClInclude Include="..\libijg12\jchuff12.h">
      <Filter>Header Files</Filter>
    </ClInclude>
    <ClInclude Include="..\libijg12\jconfig12.h">
      <Filter>Header Files</Filter>
    </ClInclude>
    <ClInclude Include="..\libijg12\jdct12.h">
      <Filter>Header Files</Filter>
    </ClInclude>
    <ClInclude Include="..\libijg12\jdhuff12.h">
      <Filter>Header Files</Filter>
    </ClInclude>
    <ClInclude Include="..\libijg12\jerror12.h">
      <Filter>Header Files</Filter>
    </ClInclude>
    <ClInclude Include="..\libijg12\jinclude12.h">
      <Filter>Header Files</Filter>
    </ClInclude>
    <ClInclude Include="..\libijg12\jlossls12.h">
      <Filter>Header Files</Filter>
    </ClInclude>
    <ClInclude Include="..\libijg12\jlossy12.h">
      <Filter>Header Files</Filter>
    </ClInclude>
    <ClInclude Include="..\libijg12\jmemsys12.h">
      <Filter>Header Files</Filter>
    </ClInclude>
    <ClInclude Include="..\libijg12\jmorecfg12.h">
      <Filter>Header Files</Filter>
    </ClInclude>
    <ClInclude Include="..\libijg12\jpegint12.h">
      <Filter>Header Files</Filter>
    </ClInclude>
    <ClInclude Include="..\libijg12\jpeglib12.h">
      <Filter>Header Files</Filter>
    </ClInclude>
    <ClInclude Include="..\libijg12\jversion12.h">
      <Filter>Header Files</Filter>
    </ClInclude>
  </ItemGroup>
</Project>