<?xml version="1.0" encoding="utf-8"?>
<Project ToolsVersion="4.0" xmlns="http://schemas.microsoft.com/developer/msbuild/2003">
  <ItemGroup>
    <Filter Include="Source Files">
      <UniqueIdentifier>{4FC737F1-C7A5-4376-A066-2A32D752A2FF}</UniqueIdentifier>
      <Extensions>cpp;c;cc;cxx;def;odl;idl;hpj;bat;asm;asmx</Extensions>
    </Filter>
    <Filter Include="Header Files">
      <UniqueIdentifier>{93995380-89BD-4b04-88EB-625FBE52EBFB}</UniqueIdentifier>
      <Extensions>h;hpp;hxx;hm;inl;inc;xsd</Extensions>
    </Filter>
    <Filter Include="Resource Files">
      <UniqueIdentifier>{67DA6AB6-F800-4c08-8B7A-83BB121AAD01}</UniqueIdentifier>
      <Extensions>rc;ico;cur;bmp;dlg;rc2;rct;bin;rgs;gif;jpg;jpeg;jpe;resx;tiff;tif;png;wav</Extensions>
    </Filter>
  </ItemGroup>
  <ItemGroup>
    <ClCompile Include="..\libijg8\jaricom.c">
      <Filter>Source Files</Filter>
    </ClCompile>
    <ClCompile Include="..\libijg8\jcapimin.c">
      <Filter>Source Files</Filter>
    </ClCompile>
    <ClCompile Include="..\libijg8\jcapistd.c">
      <Filter>Source Files</Filter>
    </ClCompile>
    <ClCompile Include="..\libijg8\jcarith.c">
      <Filter>Source Files</Filter>
    </ClCompile>
    <ClCompile Include="..\libijg8\jccoefct.c">
      <Filter>Source Files</Filter>
    </ClCompile>
    <ClCompile Include="..\libijg8\jccolor.c">
      <Filter>Source Files</Filter>
    </ClCompile>
    <ClCompile Include="..\libijg8\jcdctmgr.c">
      <Filter>Source Files</Filter>
    </ClCompile>
    <ClCompile Include="..\libijg8\jcdiffct.c">
      <Filter>Source Files</Filter>
    </ClCompile>
    <ClCompile Include="..\libijg8\jchuff.c">
      <Filter>Source Files</Filter>
    </ClCompile>
    <ClCompile Include="..\libijg8\jcinit.c">
      <Filter>Source Files</Filter>
    </ClCompile>
    <ClCompile Include="..\libijg8\jclhuff.c">
      <Filter>Source Files</Filter>
    </ClCompile>
    <ClCompile Include="..\libijg8\jclossls.c">
      <Filter>Source Files</Filter>
    </ClCompile>
    <ClCompile Include="..\libijg8\jclossy.c">
      <Filter>Source Files</Filter>
    </ClCompile>
    <ClCompile Include="..\libijg8\jcmainct.c">
      <Filter>Source Files</Filter>
    </ClCompile>
    <ClCompile Include="..\libijg8\jcmarker.c">
      <Filter>Source Files</Filter>
    </ClCompile>
    <ClCompile Include="..\libijg8\jcmaster.c">
      <Filter>Source Files</Filter>
    </ClCompile>
    <ClCompile Include="..\libijg8\jcodec.c">
      <Filter>Source Files</Filter>
    </ClCompile>
    <ClCompile Include="..\libijg8\jcomapi.c">
      <Filter>Source Files</Filter>
    </ClCompile>
    <ClCompile Include="..\libijg8\jcparam.c">
      <Filter>Source Files</Filter>
    </ClCompile>
    <ClCompile Include="..\libijg8\jcphuff.c">
      <Filter>Source Files</Filter>
    </ClCompile>
    <ClCompile Include="..\libijg8\jcpred.c">
      <Filter>Source Files</Filter>
    </ClCompile>
    <ClCompile Include="..\libijg8\jcprepct.c">
      <Filter>Source Files</Filter>
    </ClCompile>
    <ClCompile Include="..\libijg8\jcsample.c">
      <Filter>Source Files</Filter>
    </ClCompile>
    <ClCompile Include="..\libijg8\jcscale.c">
      <Filter>Source Files</Filter>
    </ClCompile>
    <ClCompile Include="..\libijg8\jcshuff.c">
      <Filter>Source Files</Filter>
    </ClCompile>
    <ClCompile Include="..\libijg8\jctrans.c">
      <Filter>Source Files</Filter>
    </ClCompile>
    <ClCompile Include="..\libijg8\jdapimin.c">
      <Filter>Source Files</Filter>
    </ClCompile>
    <ClCompile Include="..\libijg8\jdapistd.c">
      <Filter>Source Files</Filter>
    </ClCompile>
    <ClCompile Include="..\libijg8\jdarith.c">
      <Filter>Source Files</Filter>
    </ClCompile>
    <ClCompile Include="..\libijg8\jdatadst.c">
      <Filter>Source Files</Filter>
    </ClCompile>
    <ClCompile Include="..\libijg8\jdatasrc.c">
      <Filter>Source Files</Filter>
    </ClCompile>
    <ClCompile Include="..\libijg8\jdcoefct.c">
      <Filter>Source Files</Filter>
    </ClCompile>
    <ClCompile Include="..\libijg8\jdcolor.c">
      <Filter>Source Files</Filter>
    </ClCompile>
    <ClCompile Include="..\libijg8\jddctmgr.c">
      <Filter>Source Files</Filter>
    </ClCompile>
    <ClCompile Include="..\libijg8\jddiffct.c">
      <Filter>Source Files</Filter>
    </ClCompile>
    <ClCompile Include="..\libijg8\jdhuff.c">
      <Filter>Source Files</Filter>
    </ClCompile>
    <ClCompile Include="..\libijg8\jdinput.c">
      <Filter>Source Files</Filter>
    </ClCompile>
    <ClCompile Include="..\libijg8\jdlhuff.c">
      <Filter>Source Files</Filter>
    </ClCompile>
    <ClCompile Include="..\libijg8\jdlossls.c">
      <Filter>Source Files</Filter>
    </ClCompile>
    <ClCompile Include="..\libijg8\jdlossy.c">
      <Filter>Source Files</Filter>
    </ClCompile>
    <ClCompile Include="..\libijg8\jdmainct.c">
      <Filter>Source Files</Filter>
    </ClCompile>
    <ClCompile Include="..\libijg8\jdmarker.c">
      <Filter>Source Files</Filter>
    </ClCompile>
    <ClCompile Include="..\libijg8\jdmaster.c">
      <Filter>Source Files</Filter>
    </ClCompile>
    <ClCompile Include="..\libijg8\jdmerge.c">
      <Filter>Source Files</Filter>
    </ClCompile>
    <ClCompile Include="..\libijg8\jdphuff.c">
      <Filter>Source Files</Filter>
    </ClCompile>
    <ClCompile Include="..\libijg8\jdpostct.c">
      <Filter>Source Files</Filter>
    </ClCompile>
    <ClCompile Include="..\libijg8\jdpred.c">
      <Filter>Source Files</Filter>
    </ClCompile>
    <ClCompile Include="..\libijg8\jdsample.c">
      <Filter>Source Files</Filter>
    </ClCompile>
    <ClCompile Include="..\libijg8\jdscale.c">
      <Filter>Source Files</Filter>
    </ClCompile>
    <ClCompile Include="..\libijg8\jdshuff.c">
      <Filter>Source Files</Filter>
    </ClCompile>
    <ClCompile Include="..\libijg8\jdtrans.c">
      <Filter>Source Files</Filter>
    </ClCompile>
    <ClCompile Include="..\libijg8\jerror.c">
      <Filter>Source Files</Filter>
    </ClCompile>
    <ClCompile Include="..\libijg8\jfdctflt.c">
      <Filter>Source Files</Filter>
    </ClCompile>
    <ClCompile Include="..\libijg8\jfdctfst.c">
      <Filter>Source Files</Filter>
    </ClCompile>
    <ClCompile Include="..\libijg8\jfdctint.c">
      <Filter>Source Files</Filter>
    </ClCompile>
    <ClCompile Include="..\libijg8\jidctflt.c">
      <Filter>Source Files</Filter>
    </ClCompile>
    <ClCompile Include="..\libijg8\jidctfst.c">
      <Filter>Source Files</Filter>
    </ClCompile>
    <ClCompile Include="..\libijg8\jidctint.c">
      <Filter>Source Files</Filter>
    </ClCompile>
    <ClCompile Include="..\libijg8\jidctred.c">
      <Filter>Source Files</Filter>
    </ClCompile>
    <ClCompile Include="..\libijg8\jmemmgr.c">
      <Filter>Source Files</Filter>
    </ClCompile>
    <ClCompile Include="..\libijg8\jmemnobs.c">
      <Filter>Source Files</Filter>
    </ClCompile>
    <ClCompile Include="..\libijg8\jquant1.c">
      <Filter>Source Files</Filter>
    </ClCompile>
    <ClCompile Include="..\libijg8\jquant2.c">
      <Filter>Source Files</Filter>
    </ClCompile>
    <ClCompile Include="..\libijg8\jutils.c">
      <Filter>Source Files</Filter>
    </ClCompile>
  </ItemGroup>
  <ItemGroup>
    <ClInclude Include="..\libijg8\cfwin32.h">
      <Filter>Header Files</Filter>
    </ClInclude>
    <ClInclude Include="..\libijg8\jchuff8.h">
      <Filter>Header Files</Filter>
    </ClInclude>
    <ClInclude Include="..\libijg8\jconfig8.h">
      <Filter>Header Files</Filter>
    </ClInclude>
    <ClInclude Include="..\libijg8\jdct8.h">
      <Filter>Header Files</Filter>
    </ClInclude>
    <ClInclude Include="..\libijg8\jdhuff8.h">
      <Filter>Header Files</Filter>
    </ClInclude>
    <ClInclude Include="..\libijg8\jerror8.h">
      <Filter>Header Files</Filter>
    </ClInclude>
    <ClInclude Include="..\libijg8\jinclude8.h">
      <Filter>Header Files</Filter>
    </ClInclude>
    <ClInclude Include="..\libijg8\jlossls8.h">
      <Filter>Header Files</Filter>
    </ClInclude>
    <ClInclude Include="..\libijg8\jlossy8.h">
      <Filter>Header Files</Filter>
    </ClInclude>
    <ClInclude Include="..\libijg8\jmemsys8.h">
      <Filter>Header Files</Filter>
    </ClInclude>
    <ClInclude Include="..\libijg8\jmorecfg8.h">
      <Filter>Header Files</Filter>
    </ClInclude>
    <ClInclude Include="..\libijg8\jpegint8.h">
      <Filter>Header Files</Filter>
    </ClInclude>
    <ClInclude Include="..\libijg8\jpeglib8.h">
      <Filter>Header Files</Filter>
    </ClInclude>
    <ClInclude Include="..\libijg8\jversion8.h">
      <Filter>Header Files</Filter>
    </ClInclude>
  </ItemGroup>
</Project>