<?xml version="1.0" encoding="utf-8"?>
<Project ToolsVersion="4.0" xmlns="http://schemas.microsoft.com/developer/msbuild/2003">
  <ItemGroup>
    <Filter Include="Source Files">
      <UniqueIdentifier>{83f4cab4-72aa-4de3-acd3-cf50bd806565}</UniqueIdentifier>
    </Filter>
    <Filter Include="Header Files">
      <UniqueIdentifier>{9e30e799-7a6b-4de8-83c0-0538ac032162}</UniqueIdentifier>
    </Filter>
    <Filter Include="Header Files\OpenJPEG">
      <UniqueIdentifier>{d242bc34-8ace-4c71-b018-0911462de255}</UniqueIdentifier>
    </Filter>
    <Filter Include="Source Files\OpenJPEG">
      <UniqueIdentifier>{afb07189-6c2e-4e8d-9c75-f9d39642e784}</UniqueIdentifier>
    </Filter>
    <Filter Include="Header Files\CharLS">
      <UniqueIdentifier>{a63a8461-e2e5-4f01-9aa8-ad41394964fe}</UniqueIdentifier>
    </Filter>
    <Filter Include="Source Files\CharLS">
      <UniqueIdentifier>{0d5d3647-83bc-45f6-949e-5ef91e1af3b1}</UniqueIdentifier>
    </Filter>
  </ItemGroup>
  <ItemGroup>
    <ClCompile Include="..\Dicom.Imaging.Codec.Jpeg2000.cpp">
      <Filter>Source Files</Filter>
    </ClCompile>
    <ClCompile Include="..\OpenJPEG\bio.c">
      <Filter>Source Files\OpenJPEG</Filter>
    </ClCompile>
    <ClCompile Include="..\OpenJPEG\cio.c">
      <Filter>Source Files\OpenJPEG</Filter>
    </ClCompile>
    <ClCompile Include="..\OpenJPEG\dwt.c">
      <Filter>Source Files\OpenJPEG</Filter>
    </ClCompile>
    <ClCompile Include="..\OpenJPEG\event.c">
      <Filter>Source Files\OpenJPEG</Filter>
    </ClCompile>
    <ClCompile Include="..\OpenJPEG\image.c">
      <Filter>Source Files\OpenJPEG</Filter>
    </ClCompile>
    <ClCompile Include="..\OpenJPEG\j2k.c">
      <Filter>Source Files\OpenJPEG</Filter>
    </ClCompile>
    <ClCompile Include="..\OpenJPEG\j2k_lib.c">
      <Filter>Source Files\OpenJPEG</Filter>
    </ClCompile>
    <ClCompile Include="..\OpenJPEG\jp2.c">
      <Filter>Source Files\OpenJPEG</Filter>
    </ClCompile>
    <ClCompile Include="..\OpenJPEG\jpt.c">
      <Filter>Source Files\OpenJPEG</Filter>
    </ClCompile>
    <ClCompile Include="..\OpenJPEG\mct.c">
      <Filter>Source Files\OpenJPEG</Filter>
    </ClCompile>
    <ClCompile Include="..\OpenJPEG\mqc.c">
      <Filter>Source Files\OpenJPEG</Filter>
    </ClCompile>
    <ClCompile Include="..\OpenJPEG\openjpeg.c">
      <Filter>Source Files\OpenJPEG</Filter>
    </ClCompile>
    <ClCompile Include="..\OpenJPEG\pi.c">
      <Filter>Source Files\OpenJPEG</Filter>
    </ClCompile>
    <ClCompile Include="..\OpenJPEG\raw.c">
      <Filter>Source Files\OpenJPEG</Filter>
    </ClCompile>
    <ClCompile Include="..\OpenJPEG\t1.c">
      <Filter>Source Files\OpenJPEG</Filter>
    </ClCompile>
    <ClCompile Include="..\OpenJPEG\t2.c">
      <Filter>Source Files\OpenJPEG</Filter>
    </ClCompile>
    <ClCompile Include="..\OpenJPEG\tcd.c">
      <Filter>Source Files\OpenJPEG</Filter>
    </ClCompile>
    <ClCompile Include="..\OpenJPEG\tgt.c">
      <Filter>Source Files\OpenJPEG</Filter>
    </ClCompile>
    <ClCompile Include="..\CharLS\header.cpp">
      <Filter>Source Files\CharLS</Filter>
    </ClCompile>
    <ClCompile Include="..\CharLS\interface.cpp">
      <Filter>Source Files\CharLS</Filter>
    </ClCompile>
    <ClCompile Include="..\CharLS\jpegls.cpp">
      <Filter>Source Files\CharLS</Filter>
    </ClCompile>
    <ClCompile Include="..\CharLS\stdafx.cpp">
      <Filter>Source Files\CharLS</Filter>
    </ClCompile>
    <ClCompile Include="..\Dicom.Imaging.Codec.Jpeg.cpp">
      <Filter>Source Files</Filter>
    </ClCompile>
    <ClCompile Include="..\Dicom.Imaging.Codec.JpegLS.cpp">
      <Filter>Source Files</Filter>
    </ClCompile>
    <ClCompile Include="..\DicomNativeExt.cpp">
      <Filter>Source Files</Filter>
    </ClCompile>
    <ClCompile Include="..\Dicom.Imaging.Codec.Jpeg_8.cpp">
      <Filter>Source Files</Filter>
    </ClCompile>
    <ClCompile Include="..\Dicom.Imaging.Codec.Jpeg_12.cpp">
      <Filter>Source Files</Filter>
    </ClCompile>
    <ClCompile Include="..\Dicom.Imaging.Codec.Jpeg_16.cpp">
      <Filter>Source Files</Filter>
    </ClCompile>
    <ClCompile Include="..\Dicom.Imaging.Codec.Rle.cpp">
      <Filter>Source Files</Filter>
    </ClCompile>
    <ClCompile Include="..\OpenJPEG\cidx_manager.c">
      <Filter>Source Files\OpenJPEG</Filter>
    </ClCompile>
    <ClCompile Include="..\OpenJPEG\phix_manager.c">
      <Filter>Source Files\OpenJPEG</Filter>
    </ClCompile>
    <ClCompile Include="..\OpenJPEG\ppix_manager.c">
      <Filter>Source Files\OpenJPEG</Filter>
    </ClCompile>
    <ClCompile Include="..\OpenJPEG\thix_manager.c">
      <Filter>Source Files\OpenJPEG</Filter>
    </ClCompile>
    <ClCompile Include="..\OpenJPEG\tpix_manager.c">
      <Filter>Source Files\OpenJPEG</Filter>
    </ClCompile>
    <ClCompile Include="..\AssemblyInfo.cpp">
      <Filter>Source Files</Filter>
    </ClCompile>
  </ItemGroup>
  <ItemGroup>
    <ClInclude Include="..\Dicom.Imaging.Codec.Jpeg2000.h">
      <Filter>Header Files</Filter>
    </ClInclude>
    <ClInclude Include="..\OpenJPEG\bio.h">
      <Filter>Header Files\OpenJPEG</Filter>
    </ClInclude>
    <ClInclude Include="..\OpenJPEG\cio.h">
      <Filter>Header Files\OpenJPEG</Filter>
    </ClInclude>
    <ClInclude Include="..\OpenJPEG\dwt.h">
      <Filter>Header Files\OpenJPEG</Filter>
    </ClInclude>
    <ClInclude Include="..\OpenJPEG\event.h">
      <Filter>Header Files\OpenJPEG</Filter>
    </ClInclude>
    <ClInclude Include="..\OpenJPEG\fix.h">
      <Filter>Header Files\OpenJPEG</Filter>
    </ClInclude>
    <ClInclude Include="..\OpenJPEG\image.h">
      <Filter>Header Files\OpenJPEG</Filter>
    </ClInclude>
    <ClInclude Include="..\OpenJPEG\int.h">
      <Filter>Header Files\OpenJPEG</Filter>
    </ClInclude>
    <ClInclude Include="..\OpenJPEG\j2k.h">
      <Filter>Header Files\OpenJPEG</Filter>
    </ClInclude>
    <ClInclude Include="..\OpenJPEG\j2k_lib.h">
      <Filter>Header Files\OpenJPEG</Filter>
    </ClInclude>
    <ClInclude Include="..\OpenJPEG\jp2.h">
      <Filter>Header Files\OpenJPEG</Filter>
    </ClInclude>
    <ClInclude Include="..\OpenJPEG\jpt.h">
      <Filter>Header Files\OpenJPEG</Filter>
    </ClInclude>
    <ClInclude Include="..\OpenJPEG\mct.h">
      <Filter>Header Files\OpenJPEG</Filter>
    </ClInclude>
    <ClInclude Include="..\OpenJPEG\mqc.h">
      <Filter>Header Files\OpenJPEG</Filter>
    </ClInclude>
    <ClInclude Include="..\OpenJPEG\openjpeg.h">
      <Filter>Header Files\OpenJPEG</Filter>
    </ClInclude>
    <ClInclude Include="..\OpenJPEG\opj_includes.h">
      <Filter>Header Files\OpenJPEG</Filter>
    </ClInclude>
    <ClInclude Include="..\OpenJPEG\opj_malloc.h">
      <Filter>Header Files\OpenJPEG</Filter>
    </ClInclude>
    <ClInclude Include="..\OpenJPEG\pi.h">
      <Filter>Header Files\OpenJPEG</Filter>
    </ClInclude>
    <ClInclude Include="..\OpenJPEG\raw.h">
      <Filter>Header Files\OpenJPEG</Filter>
    </ClInclude>
    <ClInclude Include="..\OpenJPEG\t1.h">
      <Filter>Header Files\OpenJPEG</Filter>
    </ClInclude>
    <ClInclude Include="..\OpenJPEG\t1_luts.h">
      <Filter>Header Files\OpenJPEG</Filter>
    </ClInclude>
    <ClInclude Include="..\OpenJPEG\t2.h">
      <Filter>Header Files\OpenJPEG</Filter>
    </ClInclude>
    <ClInclude Include="..\OpenJPEG\tcd.h">
      <Filter>Header Files\OpenJPEG</Filter>
    </ClInclude>
    <ClInclude Include="..\OpenJPEG\tgt.h">
      <Filter>Header Files\OpenJPEG</Filter>
    </ClInclude>
    <ClInclude Include="..\CharLS\colortransform.h">
      <Filter>Header Files\CharLS</Filter>
    </ClInclude>
    <ClInclude Include="..\CharLS\config.h">
      <Filter>Header Files\CharLS</Filter>
    </ClInclude>
    <ClInclude Include="..\CharLS\context.h">
      <Filter>Header Files\CharLS</Filter>
    </ClInclude>
    <ClInclude Include="..\CharLS\contextrunmode.h">
      <Filter>Header Files\CharLS</Filter>
    </ClInclude>
    <ClInclude Include="..\CharLS\decoderstrategy.h">
      <Filter>Header Files\CharLS</Filter>
    </ClInclude>
    <ClInclude Include="..\CharLS\defaulttraits.h">
      <Filter>Header Files\CharLS</Filter>
    </ClInclude>
    <ClInclude Include="..\CharLS\encoderstrategy.h">
      <Filter>Header Files\CharLS</Filter>
    </ClInclude>
    <ClInclude Include="..\CharLS\header.h">
      <Filter>Header Files\CharLS</Filter>
    </ClInclude>
    <ClInclude Include="..\CharLS\interface.h">
      <Filter>Header Files\CharLS</Filter>
    </ClInclude>
    <ClInclude Include="..\CharLS\lookuptable.h">
      <Filter>Header Files\CharLS</Filter>
    </ClInclude>
    <ClInclude Include="..\CharLS\losslesstraits.h">
      <Filter>Header Files\CharLS</Filter>
    </ClInclude>
    <ClInclude Include="..\CharLS\processline.h">
      <Filter>Header Files\CharLS</Filter>
    </ClInclude>
    <ClInclude Include="..\CharLS\scan.h">
      <Filter>Header Files\CharLS</Filter>
    </ClInclude>
    <ClInclude Include="..\CharLS\util.h">
      <Filter>Header Files\CharLS</Filter>
    </ClInclude>
    <ClInclude Include="..\Dicom.Imaging.Codec.Jpeg.h">
      <Filter>Header Files</Filter>
    </ClInclude>
    <ClInclude Include="..\Dicom.Imaging.Codec.JpegLS.h">
      <Filter>Header Files</Filter>
    </ClInclude>
    <ClInclude Include="..\Dicom.Imaging.Codec.Rle.h">
      <Filter>Header Files</Filter>
    </ClInclude>
    <ClInclude Include="..\OpenJPEG\opj_config.h">
      <Filter>Header Files\OpenJPEG</Filter>
    </ClInclude>
    <ClInclude Include="..\OpenJPEG\cidx_manager.h">
      <Filter>Header Files\OpenJPEG</Filter>
    </ClInclude>
    <ClInclude Include="..\OpenJPEG\indexbox_manager.h">
      <Filter>Header Files</Filter>
    </ClInclude>
  </ItemGroup>
  <ItemGroup>
    <None Include="..\Dicom.Imaging.Codec.Jpeg.i">
      <Filter>Header Files</Filter>
    </None>
  </ItemGroup>
</Project>