<?xml version="1.0" encoding="utf-8"?>
<Project ToolsVersion="4.0" xmlns="http://schemas.microsoft.com/developer/msbuild/2003">
  <ItemGroup>
    <Filter Include="Resources">
      <UniqueIdentifier>5fd0e509-b6ae-4f29-bd2a-4d2cc10f3aa0</UniqueIdentifier>
      <Extensions>rc;ico;cur;bmp;dlg;rc2;rct;bin;rgs;gif;jpg;jpeg;jpe;resx;tiff;tif;png;wav;mfcribbon-ms</Extensions>
    </Filter>
    <Filter Include="Header Files">
      <UniqueIdentifier>{02013204-ad90-4bc9-8f36-63602f65578c}</UniqueIdentifier>
    </Filter>
    <Filter Include="Source Files">
      <UniqueIdentifier>{bcdeb223-9ca7-418d-b20e-527852761893}</UniqueIdentifier>
    </Filter>
    <Filter Include="Source Files\CharLS">
      <UniqueIdentifier>{8e2cd49e-eeea-4f6a-819e-772973acfd32}</UniqueIdentifier>
    </Filter>
    <Filter Include="Header Files\CharLS">
      <UniqueIdentifier>{ec50b632-fa69-4000-9bb8-6f494729d114}</UniqueIdentifier>
    </Filter>
    <Filter Include="Source Files\OpenJPEG">
      <UniqueIdentifier>{7bb748ec-3766-4fd1-a961-cded86844b51}</UniqueIdentifier>
    </Filter>
    <Filter Include="Header Files\OpenJPEG">
      <UniqueIdentifier>{1a56adb3-3957-4ff8-8653-62e649e59d69}</UniqueIdentifier>
    </Filter>
  </ItemGroup>
  <ItemGroup>
    <ClCompile Include="..\Store.DICOM.Native\Dicom.Imaging.Codec.InMemoryRandomAccessStreamFactory.cpp">
      <Filter>Source Files</Filter>
    </ClCompile>
    <ClCompile Include="..\Store.DICOM.Native\Dicom.Imaging.Codec.Jpeg2000.cpp">
      <Filter>Source Files</Filter>
    </ClCompile>
    <ClCompile Include="..\Store.DICOM.Native\Dicom.Imaging.Codec.Jpeg2000Parameters.cpp">
      <Filter>Source Files</Filter>
    </ClCompile>
    <ClCompile Include="..\Store.DICOM.Native\Dicom.Imaging.Codec.Jpeg_12.cpp">
      <Filter>Source Files</Filter>
    </ClCompile>
    <ClCompile Include="..\Store.DICOM.Native\Dicom.Imaging.Codec.Jpeg_16.cpp">
      <Filter>Source Files</Filter>
    </ClCompile>
    <ClCompile Include="..\Store.DICOM.Native\Dicom.Imaging.Codec.Jpeg_8.cpp">
      <Filter>Source Files</Filter>
    </ClCompile>
    <ClCompile Include="..\Store.DICOM.Native\Dicom.Imaging.Codec.JpegLS.cpp">
      <Filter>Source Files</Filter>
    </ClCompile>
    <ClCompile Include="..\Store.DICOM.Native\Dicom.Imaging.Codec.JpegLSParameters.cpp">
      <Filter>Source Files</Filter>
    </ClCompile>
    <ClCompile Include="..\Store.DICOM.Native\Dicom.Imaging.Codec.JpegParameters.cpp">
      <Filter>Source Files</Filter>
    </ClCompile>
    <ClCompile Include="..\Store.DICOM.Native\Dicom.Imaging.Codec.PixelData.cpp">
      <Filter>Source Files</Filter>
    </ClCompile>
    <ClCompile Include="..\Store.DICOM.Native\Dicom.Imaging.Codec.Rle.cpp">
      <Filter>Source Files</Filter>
    </ClCompile>
    <ClCompile Include="..\DICOM [Native]\CharLS\header.cpp">
      <Filter>Source Files\CharLS</Filter>
    </ClCompile>
    <ClCompile Include="..\DICOM [Native]\CharLS\interface.cpp">
      <Filter>Source Files\CharLS</Filter>
    </ClCompile>
    <ClCompile Include="..\DICOM [Native]\CharLS\jpegls.cpp">
      <Filter>Source Files\CharLS</Filter>
    </ClCompile>
    <ClCompile Include="..\DICOM [Native]\CharLS\stdafx.cpp">
      <Filter>Source Files\CharLS</Filter>
    </ClCompile>
    <ClCompile Include="..\DICOM [Native]\OpenJPEG\bio.c">
      <Filter>Source Files\OpenJPEG</Filter>
    </ClCompile>
    <ClCompile Include="..\DICOM [Native]\OpenJPEG\cidx_manager.c">
      <Filter>Source Files\OpenJPEG</Filter>
    </ClCompile>
    <ClCompile Include="..\DICOM [Native]\OpenJPEG\cio.c">
      <Filter>Source Files\OpenJPEG</Filter>
    </ClCompile>
    <ClCompile Include="..\DICOM [Native]\OpenJPEG\dwt.c">
      <Filter>Source Files\OpenJPEG</Filter>
    </ClCompile>
    <ClCompile Include="..\DICOM [Native]\OpenJPEG\event.c">
      <Filter>Source Files\OpenJPEG</Filter>
    </ClCompile>
    <ClCompile Include="..\DICOM [Native]\OpenJPEG\image.c">
      <Filter>Source Files\OpenJPEG</Filter>
    </ClCompile>
    <ClCompile Include="..\DICOM [Native]\OpenJPEG\j2k.c">
      <Filter>Source Files\OpenJPEG</Filter>
    </ClCompile>
    <ClCompile Include="..\DICOM [Native]\OpenJPEG\j2k_lib.c">
      <Filter>Source Files\OpenJPEG</Filter>
    </ClCompile>
    <ClCompile Include="..\DICOM [Native]\OpenJPEG\jp2.c">
      <Filter>Source Files\OpenJPEG</Filter>
    </ClCompile>
    <ClCompile Include="..\DICOM [Native]\OpenJPEG\jpt.c">
      <Filter>Source Files\OpenJPEG</Filter>
    </ClCompile>
    <ClCompile Include="..\DICOM [Native]\OpenJPEG\mct.c">
      <Filter>Source Files\OpenJPEG</Filter>
    </ClCompile>
    <ClCompile Include="..\DICOM [Native]\OpenJPEG\mqc.c">
      <Filter>Source Files\OpenJPEG</Filter>
    </ClCompile>
    <ClCompile Include="..\DICOM [Native]\OpenJPEG\openjpeg.c">
      <Filter>Source Files\OpenJPEG</Filter>
    </ClCompile>
    <ClCompile Include="..\DICOM [Native]\OpenJPEG\phix_manager.c">
      <Filter>Source Files\OpenJPEG</Filter>
    </ClCompile>
    <ClCompile Include="..\DICOM [Native]\OpenJPEG\pi.c">
      <Filter>Source Files\OpenJPEG</Filter>
    </ClCompile>
    <ClCompile Include="..\DICOM [Native]\OpenJPEG\ppix_manager.c">
      <Filter>Source Files\OpenJPEG</Filter>
    </ClCompile>
    <ClCompile Include="..\DICOM [Native]\OpenJPEG\raw.c">
      <Filter>Source Files\OpenJPEG</Filter>
    </ClCompile>
    <ClCompile Include="..\DICOM [Native]\OpenJPEG\t1.c">
      <Filter>Source Files\OpenJPEG</Filter>
    </ClCompile>
    <ClCompile Include="..\DICOM [Native]\OpenJPEG\t2.c">
      <Filter>Source Files\OpenJPEG</Filter>
    </ClCompile>
    <ClCompile Include="..\DICOM [Native]\OpenJPEG\tcd.c">
      <Filter>Source Files\OpenJPEG</Filter>
    </ClCompile>
    <ClCompile Include="..\DICOM [Native]\OpenJPEG\tgt.c">
      <Filter>Source Files\OpenJPEG</Filter>
    </ClCompile>
    <ClCompile Include="..\DICOM [Native]\OpenJPEG\thix_manager.c">
      <Filter>Source Files\OpenJPEG</Filter>
    </ClCompile>
    <ClCompile Include="..\DICOM [Native]\OpenJPEG\tpix_manager.c">
      <Filter>Source Files\OpenJPEG</Filter>
    </ClCompile>
  </ItemGroup>
  <ItemGroup>
    <ClInclude Include="..\DICOM [Native]\CharLS\colortransform.h">
      <Filter>Header Files\CharLS</Filter>
    </ClInclude>
    <ClInclude Include="..\DICOM [Native]\CharLS\config.h">
      <Filter>Header Files\CharLS</Filter>
    </ClInclude>
    <ClInclude Include="..\DICOM [Native]\CharLS\context.h">
      <Filter>Header Files\CharLS</Filter>
    </ClInclude>
    <ClInclude Include="..\DICOM [Native]\CharLS\contextrunmode.h">
      <Filter>Header Files\CharLS</Filter>
    </ClInclude>
    <ClInclude Include="..\DICOM [Native]\CharLS\decoderstrategy.h">
      <Filter>Header Files\CharLS</Filter>
    </ClInclude>
    <ClInclude Include="..\DICOM [Native]\CharLS\defaulttraits.h">
      <Filter>Header Files\CharLS</Filter>
    </ClInclude>
    <ClInclude Include="..\DICOM [Native]\CharLS\encoderstrategy.h">
      <Filter>Header Files\CharLS</Filter>
    </ClInclude>
    <ClInclude Include="..\DICOM [Native]\CharLS\header.h">
      <Filter>Header Files\CharLS</Filter>
    </ClInclude>
    <ClInclude Include="..\DICOM [Native]\CharLS\interface.h">
      <Filter>Header Files\CharLS</Filter>
    </ClInclude>
    <ClInclude Include="..\DICOM [Native]\CharLS\lookuptable.h">
      <Filter>Header Files\CharLS</Filter>
    </ClInclude>
    <ClInclude Include="..\DICOM [Native]\CharLS\losslesstraits.h">
      <Filter>Header Files\CharLS</Filter>
    </ClInclude>
    <ClInclude Include="..\DICOM [Native]\CharLS\processline.h">
      <Filter>Header Files\CharLS</Filter>
    </ClInclude>
    <ClInclude Include="..\DICOM [Native]\CharLS\scan.h">
      <Filter>Header Files\CharLS</Filter>
    </ClInclude>
    <ClInclude Include="..\DICOM [Native]\CharLS\util.h">
      <Filter>Header Files\CharLS</Filter>
    </ClInclude>
    <ClInclude Include="..\DICOM [Native]\OpenJPEG\bio.h">
      <Filter>Header Files\OpenJPEG</Filter>
    </ClInclude>
    <ClInclude Include="..\DICOM [Native]\OpenJPEG\cidx_manager.h">
      <Filter>Header Files\OpenJPEG</Filter>
    </ClInclude>
    <ClInclude Include="..\DICOM [Native]\OpenJPEG\cio.h">
      <Filter>Header Files\OpenJPEG</Filter>
    </ClInclude>
    <ClInclude Include="..\DICOM [Native]\OpenJPEG\dwt.h">
      <Filter>Header Files\OpenJPEG</Filter>
    </ClInclude>
    <ClInclude Include="..\DICOM [Native]\OpenJPEG\event.h">
      <Filter>Header Files\OpenJPEG</Filter>
    </ClInclude>
    <ClInclude Include="..\DICOM [Native]\OpenJPEG\fix.h">
      <Filter>Header Files\OpenJPEG</Filter>
    </ClInclude>
    <ClInclude Include="..\DICOM [Native]\OpenJPEG\image.h">
      <Filter>Header Files\OpenJPEG</Filter>
    </ClInclude>
    <ClInclude Include="..\DICOM [Native]\OpenJPEG\indexbox_manager.h">
      <Filter>Header Files\OpenJPEG</Filter>
    </ClInclude>
    <ClInclude Include="..\DICOM [Native]\OpenJPEG\int.h">
      <Filter>Header Files\OpenJPEG</Filter>
    </ClInclude>
    <ClInclude Include="..\DICOM [Native]\OpenJPEG\j2k.h">
      <Filter>Header Files\OpenJPEG</Filter>
    </ClInclude>
    <ClInclude Include="..\DICOM [Native]\OpenJPEG\j2k_lib.h">
      <Filter>Header Files\OpenJPEG</Filter>
    </ClInclude>
    <ClInclude Include="..\DICOM [Native]\OpenJPEG\jp2.h">
      <Filter>Header Files\OpenJPEG</Filter>
    </ClInclude>
    <ClInclude Include="..\DICOM [Native]\OpenJPEG\jpt.h">
      <Filter>Header Files\OpenJPEG</Filter>
    </ClInclude>
    <ClInclude Include="..\DICOM [Native]\OpenJPEG\mct.h">
      <Filter>Header Files\OpenJPEG</Filter>
    </ClInclude>
    <ClInclude Include="..\DICOM [Native]\OpenJPEG\mqc.h">
      <Filter>Header Files\OpenJPEG</Filter>
    </ClInclude>
    <ClInclude Include="..\DICOM [Native]\OpenJPEG\openjpeg.h">
      <Filter>Header Files\OpenJPEG</Filter>
    </ClInclude>
    <ClInclude Include="..\DICOM [Native]\OpenJPEG\opj_config.h">
      <Filter>Header Files\OpenJPEG</Filter>
    </ClInclude>
    <ClInclude Include="..\DICOM [Native]\OpenJPEG\opj_includes.h">
      <Filter>Header Files\OpenJPEG</Filter>
    </ClInclude>
    <ClInclude Include="..\DICOM [Native]\OpenJPEG\opj_malloc.h">
      <Filter>Header Files\OpenJPEG</Filter>
    </ClInclude>
    <ClInclude Include="..\DICOM [Native]\OpenJPEG\pi.h">
      <Filter>Header Files\OpenJPEG</Filter>
    </ClInclude>
    <ClInclude Include="..\DICOM [Native]\OpenJPEG\raw.h">
      <Filter>Header Files\OpenJPEG</Filter>
    </ClInclude>
    <ClInclude Include="..\DICOM [Native]\OpenJPEG\t1.h">
      <Filter>Header Files\OpenJPEG</Filter>
    </ClInclude>
    <ClInclude Include="..\DICOM [Native]\OpenJPEG\t1_luts.h">
      <Filter>Header Files\OpenJPEG</Filter>
    </ClInclude>
    <ClInclude Include="..\DICOM [Native]\OpenJPEG\t2.h">
      <Filter>Header Files\OpenJPEG</Filter>
    </ClInclude>
    <ClInclude Include="..\DICOM [Native]\OpenJPEG\tcd.h">
      <Filter>Header Files\OpenJPEG</Filter>
    </ClInclude>
    <ClInclude Include="..\DICOM [Native]\OpenJPEG\tgt.h">
      <Filter>Header Files\OpenJPEG</Filter>
    </ClInclude>
    <ClInclude Include="..\Store.DICOM.Native\Dicom.Imaging.Codec.ArrayCopy.h">
      <Filter>Header Files</Filter>
    </ClInclude>
    <ClInclude Include="..\Store.DICOM.Native\Dicom.Imaging.Codec.InMemoryRandomAccessStreamFactory.h">
      <Filter>Header Files</Filter>
    </ClInclude>
    <ClInclude Include="..\Store.DICOM.Native\Dicom.Imaging.Codec.Jpeg.h">
      <Filter>Header Files</Filter>
    </ClInclude>
    <ClInclude Include="..\Store.DICOM.Native\Dicom.Imaging.Codec.Jpeg2000.h">
      <Filter>Header Files</Filter>
    </ClInclude>
    <ClInclude Include="..\Store.DICOM.Native\Dicom.Imaging.Codec.Jpeg2000Parameters.h">
      <Filter>Header Files</Filter>
    </ClInclude>
    <ClInclude Include="..\Store.DICOM.Native\Dicom.Imaging.Codec.JpegLS.h">
      <Filter>Header Files</Filter>
    </ClInclude>
    <ClInclude Include="..\Store.DICOM.Native\Dicom.Imaging.Codec.JpegLSParameters.h">
      <Filter>Header Files</Filter>
    </ClInclude>
    <ClInclude Include="..\Store.DICOM.Native\Dicom.Imaging.Codec.JpegParameters.h">
      <Filter>Header Files</Filter>
    </ClInclude>
    <ClInclude Include="..\Store.DICOM.Native\Dicom.Imaging.Codec.PixelData.h">
      <Filter>Header Files</Filter>
    </ClInclude>
    <ClInclude Include="..\Store.DICOM.Native\Dicom.Imaging.Codec.Rle.h">
      <Filter>Header Files</Filter>
    </ClInclude>
  </ItemGroup>
  <ItemGroup>
    <None Include="..\Store.DICOM.Native\Dicom.Imaging.Codec.Jpeg.i">
      <Filter>Header Files</Filter>
    </None>
  </ItemGroup>
</Project>