<?xml version="1.0" encoding="utf-8"?>
<Project ToolsVersion="14.0" xmlns="http://schemas.microsoft.com/developer/msbuild/2003">
  <ItemGroup>
    <Filter Include="Resources">
      <UniqueIdentifier>a0acd5a0-9b4b-4d4f-b910-ac730d9e726a</UniqueIdentifier>
      <Extensions>rc;ico;cur;bmp;dlg;rc2;rct;bin;rgs;gif;jpg;jpeg;jpe;resx;tga;tiff;tif;png;wav;mfcribbon-ms</Extensions>
    </Filter>
    <Filter Include="Header Files">
      <UniqueIdentifier>{fa1cfbcc-74fb-40b8-9793-c6b8a91a191e}</UniqueIdentifier>
    </Filter>
    <Filter Include="Source Files">
      <UniqueIdentifier>{7db610bd-f6b5-4d94-9850-76bb7db981d3}</UniqueIdentifier>
    </Filter>
    <Filter Include="Source Files\CharLS">
      <UniqueIdentifier>{732e3bec-7523-4832-ac96-bf00e5a85be6}</UniqueIdentifier>
    </Filter>
    <Filter Include="Source Files\OpenJPEG">
      <UniqueIdentifier>{4a2cd039-e6b3-45ac-b3be-6fb6ea3684a8}</UniqueIdentifier>
    </Filter>
    <Filter Include="Header Files\OpenJPEG">
      <UniqueIdentifier>{ddc83d34-e0ca-4875-a8ab-f2d0b347f8d3}</UniqueIdentifier>
    </Filter>
    <Filter Include="Header Files\CharLS">
      <UniqueIdentifier>{915980b1-8e3f-49bf-8dae-e915fc454aef}</UniqueIdentifier>
    </Filter>
  </ItemGroup>
  <ItemGroup>
    <ClCompile Include="Dicom.Imaging.Codec.Jpeg_8.cpp">
      <Filter>Source Files</Filter>
    </ClCompile>
    <ClCompile Include="Dicom.Imaging.Codec.Jpeg_12.cpp">
      <Filter>Source Files</Filter>
    </ClCompile>
    <ClCompile Include="Dicom.Imaging.Codec.Jpeg_16.cpp">
      <Filter>Source Files</Filter>
    </ClCompile>
    <ClCompile Include="Dicom.Imaging.Codec.Jpeg2000.cpp">
      <Filter>Source Files</Filter>
    </ClCompile>
    <ClCompile Include="Dicom.Imaging.Codec.Jpeg2000Parameters.cpp">
      <Filter>Source Files</Filter>
    </ClCompile>
    <ClCompile Include="Dicom.Imaging.Codec.JpegLS.cpp">
      <Filter>Source Files</Filter>
    </ClCompile>
    <ClCompile Include="Dicom.Imaging.Codec.JpegLsParameters.cpp">
      <Filter>Source Files</Filter>
    </ClCompile>
    <ClCompile Include="Dicom.Imaging.Codec.JpegParameters.cpp">
      <Filter>Source Files</Filter>
    </ClCompile>
    <ClCompile Include="Dicom.Imaging.Codec.PixelData.cpp">
      <Filter>Source Files</Filter>
    </ClCompile>
    <ClCompile Include="Dicom.Imaging.Codec.Rle.cpp">
      <Filter>Source Files</Filter>
    </ClCompile>
    <ClCompile Include="..\OpenJPEG\bio.c">
      <Filter>Source Files\OpenJPEG</Filter>
    </ClCompile>
    <ClCompile Include="..\OpenJPEG\cidx_manager.c">
      <Filter>Source Files\OpenJPEG</Filter>
    </ClCompile>
    <ClCompile Include="..\OpenJPEG\cio.c">
      <Filter>Source Files\OpenJPEG</Filter>
    </ClCompile>
    <ClCompile Include="..\OpenJPEG\dwt.c">
      <Filter>Source Files\OpenJPEG</Filter>
    </ClCompile>
    <ClCompile Include="..\OpenJPEG\event.c">
      <Filter>Source Files\OpenJPEG</Filter>
    </ClCompile>
    <ClCompile Include="..\OpenJPEG\image.c">
      <Filter>Source Files\OpenJPEG</Filter>
    </ClCompile>
    <ClCompile Include="..\OpenJPEG\j2k.c">
      <Filter>Source Files\OpenJPEG</Filter>
    </ClCompile>
    <ClCompile Include="..\OpenJPEG\j2k_lib.c">
      <Filter>Source Files\OpenJPEG</Filter>
    </ClCompile>
    <ClCompile Include="..\OpenJPEG\jp2.c">
      <Filter>Source Files\OpenJPEG</Filter>
    </ClCompile>
    <ClCompile Include="..\OpenJPEG\jpt.c">
      <Filter>Source Files\OpenJPEG</Filter>
    </ClCompile>
    <ClCompile Include="..\OpenJPEG\mct.c">
      <Filter>Source Files\OpenJPEG</Filter>
    </ClCompile>
    <ClCompile Include="..\OpenJPEG\mqc.c">
      <Filter>Source Files\OpenJPEG</Filter>
    </ClCompile>
    <ClCompile Include="..\OpenJPEG\openjpeg.c">
      <Filter>Source Files\OpenJPEG</Filter>
    </ClCompile>
    <ClCompile Include="..\OpenJPEG\phix_manager.c">
      <Filter>Source Files\OpenJPEG</Filter>
    </ClCompile>
    <ClCompile Include="..\OpenJPEG\pi.c">
      <Filter>Source Files\OpenJPEG</Filter>
    </ClCompile>
    <ClCompile Include="..\OpenJPEG\ppix_manager.c">
      <Filter>Source Files\OpenJPEG</Filter>
    </ClCompile>
    <ClCompile Include="..\OpenJPEG\raw.c">
      <Filter>Source Files\OpenJPEG</Filter>
    </ClCompile>
    <ClCompile Include="..\OpenJPEG\t1.c">
      <Filter>Source Files\OpenJPEG</Filter>
    </ClCompile>
    <ClCompile Include="..\OpenJPEG\t1_generate_luts.c">
      <Filter>Source Files\OpenJPEG</Filter>
    </ClCompile>
    <ClCompile Include="..\OpenJPEG\t2.c">
      <Filter>Source Files\OpenJPEG</Filter>
    </ClCompile>
    <ClCompile Include="..\OpenJPEG\tcd.c">
      <Filter>Source Files\OpenJPEG</Filter>
    </ClCompile>
    <ClCompile Include="..\OpenJPEG\tgt.c">
      <Filter>Source Files\OpenJPEG</Filter>
    </ClCompile>
    <ClCompile Include="..\OpenJPEG\thix_manager.c">
      <Filter>Source Files\OpenJPEG</Filter>
    </ClCompile>
    <ClCompile Include="..\OpenJPEG\tpix_manager.c">
      <Filter>Source Files\OpenJPEG</Filter>
    </ClCompile>
    <ClCompile Include="..\CharLS\interface.cpp">
      <Filter>Source Files\CharLS</Filter>
    </ClCompile>
    <ClCompile Include="..\CharLS\jpegls.cpp">
      <Filter>Source Files\CharLS</Filter>
    </ClCompile>
    <ClCompile Include="..\CharLS\jpegmarkersegment.cpp">
      <Filter>Source Files\CharLS</Filter>
    </ClCompile>
    <ClCompile Include="..\CharLS\jpegstreamreader.cpp">
      <Filter>Source Files\CharLS</Filter>
    </ClCompile>
    <ClCompile Include="..\CharLS\jpegstreamwriter.cpp">
      <Filter>Source Files\CharLS</Filter>
    </ClCompile>
  </ItemGroup>
  <ItemGroup>
    <ClInclude Include="..\OpenJPEG\bio.h">
      <Filter>Header Files\OpenJPEG</Filter>
    </ClInclude>
    <ClInclude Include="..\OpenJPEG\cidx_manager.h">
      <Filter>Header Files\OpenJPEG</Filter>
    </ClInclude>
    <ClInclude Include="..\OpenJPEG\cio.h">
      <Filter>Header Files\OpenJPEG</Filter>
    </ClInclude>
    <ClInclude Include="..\OpenJPEG\dwt.h">
      <Filter>Header Files\OpenJPEG</Filter>
    </ClInclude>
    <ClInclude Include="..\OpenJPEG\event.h">
      <Filter>Header Files\OpenJPEG</Filter>
    </ClInclude>
    <ClInclude Include="..\OpenJPEG\fix.h">
      <Filter>Header Files\OpenJPEG</Filter>
    </ClInclude>
    <ClInclude Include="..\OpenJPEG\image.h">
      <Filter>Header Files\OpenJPEG</Filter>
    </ClInclude>
    <ClInclude Include="..\OpenJPEG\indexbox_manager.h">
      <Filter>Header Files\OpenJPEG</Filter>
    </ClInclude>
    <ClInclude Include="..\OpenJPEG\int.h">
      <Filter>Header Files\OpenJPEG</Filter>
    </ClInclude>
    <ClInclude Include="..\OpenJPEG\j2k.h">
      <Filter>Header Files\OpenJPEG</Filter>
    </ClInclude>
    <ClInclude Include="..\OpenJPEG\j2k_lib.h">
      <Filter>Header Files\OpenJPEG</Filter>
    </ClInclude>
    <ClInclude Include="..\OpenJPEG\jp2.h">
      <Filter>Header Files\OpenJPEG</Filter>
    </ClInclude>
    <ClInclude Include="..\OpenJPEG\jpt.h">
      <Filter>Header Files\OpenJPEG</Filter>
    </ClInclude>
    <ClInclude Include="..\OpenJPEG\mct.h">
      <Filter>Header Files\OpenJPEG</Filter>
    </ClInclude>
    <ClInclude Include="..\OpenJPEG\mqc.h">
      <Filter>Header Files\OpenJPEG</Filter>
    </ClInclude>
    <ClInclude Include="..\OpenJPEG\openjpeg.h">
      <Filter>Header Files\OpenJPEG</Filter>
    </ClInclude>
    <ClInclude Include="..\OpenJPEG\opj_config.h">
      <Filter>Header Files\OpenJPEG</Filter>
    </ClInclude>
    <ClInclude Include="..\OpenJPEG\opj_includes.h">
      <Filter>Header Files\OpenJPEG</Filter>
    </ClInclude>
    <ClInclude Include="..\OpenJPEG\opj_malloc.h">
      <Filter>Header Files\OpenJPEG</Filter>
    </ClInclude>
    <ClInclude Include="..\OpenJPEG\pi.h">
      <Filter>Header Files\OpenJPEG</Filter>
    </ClInclude>
    <ClInclude Include="..\OpenJPEG\raw.h">
      <Filter>Header Files\OpenJPEG</Filter>
    </ClInclude>
    <ClInclude Include="..\OpenJPEG\t1.h">
      <Filter>Header Files\OpenJPEG</Filter>
    </ClInclude>
    <ClInclude Include="..\OpenJPEG\t1_luts.h">
      <Filter>Header Files\OpenJPEG</Filter>
    </ClInclude>
    <ClInclude Include="..\OpenJPEG\t2.h">
      <Filter>Header Files\OpenJPEG</Filter>
    </ClInclude>
    <ClInclude Include="..\OpenJPEG\tcd.h">
      <Filter>Header Files\OpenJPEG</Filter>
    </ClInclude>
    <ClInclude Include="..\OpenJPEG\tgt.h">
      <Filter>Header Files\OpenJPEG</Filter>
    </ClInclude>
    <ClInclude Include="..\CharLS\charls.h">
      <Filter>Header Files\CharLS</Filter>
    </ClInclude>
    <ClInclude Include="..\CharLS\colortransform.h">
      <Filter>Header Files\CharLS</Filter>
    </ClInclude>
    <ClInclude Include="..\CharLS\context.h">
      <Filter>Header Files\CharLS</Filter>
    </ClInclude>
    <ClInclude Include="..\CharLS\contextrunmode.h">
      <Filter>Header Files\CharLS</Filter>
    </ClInclude>
    <ClInclude Include="..\CharLS\decoderstrategy.h">
      <Filter>Header Files\CharLS</Filter>
    </ClInclude>
    <ClInclude Include="..\CharLS\defaulttraits.h">
      <Filter>Header Files\CharLS</Filter>
    </ClInclude>
    <ClInclude Include="..\CharLS\encoderstrategy.h">
      <Filter>Header Files\CharLS</Filter>
    </ClInclude>
    <ClInclude Include="..\CharLS\jlscodecfactory.h">
      <Filter>Header Files\CharLS</Filter>
    </ClInclude>
    <ClInclude Include="..\CharLS\jpegimagedatasegment.h">
      <Filter>Header Files\CharLS</Filter>
    </ClInclude>
    <ClInclude Include="..\CharLS\jpegmarkercode.h">
      <Filter>Header Files\CharLS</Filter>
    </ClInclude>
    <ClInclude Include="..\CharLS\jpegmarkersegment.h">
      <Filter>Header Files\CharLS</Filter>
    </ClInclude>
    <ClInclude Include="..\CharLS\jpegsegment.h">
      <Filter>Header Files\CharLS</Filter>
    </ClInclude>
    <ClInclude Include="..\CharLS\jpegstreamreader.h">
      <Filter>Header Files\CharLS</Filter>
    </ClInclude>
    <ClInclude Include="..\CharLS\jpegstreamwriter.h">
      <Filter>Header Files\CharLS</Filter>
    </ClInclude>
    <ClInclude Include="..\CharLS\lookuptable.h">
      <Filter>Header Files\CharLS</Filter>
    </ClInclude>
    <ClInclude Include="..\CharLS\losslesstraits.h">
      <Filter>Header Files\CharLS</Filter>
    </ClInclude>
    <ClInclude Include="..\CharLS\processline.h">
      <Filter>Header Files\CharLS</Filter>
    </ClInclude>
    <ClInclude Include="..\CharLS\publictypes.h">
      <Filter>Header Files\CharLS</Filter>
    </ClInclude>
    <ClInclude Include="..\CharLS\scan.h">
      <Filter>Header Files\CharLS</Filter>
    </ClInclude>
    <ClInclude Include="..\CharLS\util.h">
      <Filter>Header Files\CharLS</Filter>
    </ClInclude>
    <ClInclude Include="Dicom.Imaging.Codec.ArrayCopy.h">
      <Filter>Header Files</Filter>
    </ClInclude>
    <ClInclude Include="Dicom.Imaging.Codec.Jpeg.h">
      <Filter>Header Files</Filter>
    </ClInclude>
    <ClInclude Include="Dicom.Imaging.Codec.Jpeg2000.h">
      <Filter>Header Files</Filter>
    </ClInclude>
    <ClInclude Include="Dicom.Imaging.Codec.Jpeg2000Parameters.h">
      <Filter>Header Files</Filter>
    </ClInclude>
    <ClInclude Include="Dicom.Imaging.Codec.JpegLS.h">
      <Filter>Header Files</Filter>
    </ClInclude>
    <ClInclude Include="Dicom.Imaging.Codec.JpegLsParameters.h">
      <Filter>Header Files</Filter>
    </ClInclude>
    <ClInclude Include="Dicom.Imaging.Codec.JpegParameters.h">
      <Filter>Header Files</Filter>
    </ClInclude>
    <ClInclude Include="Dicom.Imaging.Codec.PixelData.h">
      <Filter>Header Files</Filter>
    </ClInclude>
    <ClInclude Include="Dicom.Imaging.Codec.Rle.h">
      <Filter>Header Files</Filter>
    </ClInclude>
  </ItemGroup>
  <ItemGroup>
    <None Include="Dicom.Imaging.Codec.Jpeg.i">
      <Filter>Header Files</Filter>
    </None>
  </ItemGroup>
</Project>